// !$*UTF8*$!
{
	archiveVersion = 1;
	classes = {
	};
	objectVersion = 56;
	objects = {

/* Begin PBXBuildFile section */
		BA065ED32BD521CC0005EE39 /* TabBarDelegate.swift in Sources */ = {isa = PBXBuildFile; fileRef = BA065ED22BD521CC0005EE39 /* TabBarDelegate.swift */; };
		BA065EDC2BD524CB0005EE39 /* CalendarFlowCoordinator.swift in Sources */ = {isa = PBXBuildFile; fileRef = BA065EDB2BD524CB0005EE39 /* CalendarFlowCoordinator.swift */; };
		BA065EDE2BD528910005EE39 /* CalendarViewController.swift in Sources */ = {isa = PBXBuildFile; fileRef = BA065EDD2BD528910005EE39 /* CalendarViewController.swift */; };
		BA065EE12BD528BE0005EE39 /* WishlistViewController.swift in Sources */ = {isa = PBXBuildFile; fileRef = BA065EE02BD528BE0005EE39 /* WishlistViewController.swift */; };
		BA065EE42BD528D10005EE39 /* MainViewController.swift in Sources */ = {isa = PBXBuildFile; fileRef = BA065EE32BD528D10005EE39 /* MainViewController.swift */; };
		BA065EE72BD528E00005EE39 /* AlbumViewController.swift in Sources */ = {isa = PBXBuildFile; fileRef = BA065EE62BD528E00005EE39 /* AlbumViewController.swift */; };
		BA065EEA2BD528F00005EE39 /* ProfileViewController.swift in Sources */ = {isa = PBXBuildFile; fileRef = BA065EE92BD528F00005EE39 /* ProfileViewController.swift */; };
		BA065EEC2BD529C20005EE39 /* WishlistCoordinator.swift in Sources */ = {isa = PBXBuildFile; fileRef = BA065EEB2BD529C20005EE39 /* WishlistCoordinator.swift */; };
		BA065EEE2BD529D70005EE39 /* MainCoordinator.swift in Sources */ = {isa = PBXBuildFile; fileRef = BA065EED2BD529D70005EE39 /* MainCoordinator.swift */; };
		BA065EF02BD529EA0005EE39 /* AlbumCoordinator.swift in Sources */ = {isa = PBXBuildFile; fileRef = BA065EEF2BD529EA0005EE39 /* AlbumCoordinator.swift */; };
		BA065EF22BD52A050005EE39 /* ProfileCoordinator.swift in Sources */ = {isa = PBXBuildFile; fileRef = BA065EF12BD52A050005EE39 /* ProfileCoordinator.swift */; };
		BA065EF42BD52F5A0005EE39 /* TabBarFlowCoordinator.swift in Sources */ = {isa = PBXBuildFile; fileRef = BA065EF32BD52F5A0005EE39 /* TabBarFlowCoordinator.swift */; };
		BA065EF62BD530B10005EE39 /* TabBarViewController.swift in Sources */ = {isa = PBXBuildFile; fileRef = BA065EF52BD530B10005EE39 /* TabBarViewController.swift */; };
		BA0F4D322BCC2F7E00C02D07 /* RegistrationView.swift in Sources */ = {isa = PBXBuildFile; fileRef = BA0F4D312BCC2F7E00C02D07 /* RegistrationView.swift */; };
		BA0F4D342BCC459E00C02D07 /* SignInView.swift in Sources */ = {isa = PBXBuildFile; fileRef = BA0F4D332BCC459E00C02D07 /* SignInView.swift */; };
		BA0FDECA2BC9C82B0010D0FA /* AuthView.swift in Sources */ = {isa = PBXBuildFile; fileRef = BA0FDEC92BC9C82B0010D0FA /* AuthView.swift */; };
		BA0FDECC2BC9CB180010D0FA /* UIViewExtensions.swift in Sources */ = {isa = PBXBuildFile; fileRef = BA0FDECB2BC9CB180010D0FA /* UIViewExtensions.swift */; };
		BA0FDECE2BC9D48F0010D0FA /* BackgroundView.swift in Sources */ = {isa = PBXBuildFile; fileRef = BA0FDECD2BC9D48F0010D0FA /* BackgroundView.swift */; };
		BA20452C2BF9347000C0B3BD /* ProfileView.swift in Sources */ = {isa = PBXBuildFile; fileRef = BA20452B2BF9347000C0B3BD /* ProfileView.swift */; };
		BA20452F2BFA2EFB00C0B3BD /* FirestoreServiceProtocol.swift in Sources */ = {isa = PBXBuildFile; fileRef = BA20452E2BFA2EFB00C0B3BD /* FirestoreServiceProtocol.swift */; };
		BA2045322BFA493B00C0B3BD /* UserModel.swift in Sources */ = {isa = PBXBuildFile; fileRef = BA2045312BFA493B00C0B3BD /* UserModel.swift */; };
		BA2045342BFA4AA100C0B3BD /* FirestoreService.swift in Sources */ = {isa = PBXBuildFile; fileRef = BA2045332BFA4AA100C0B3BD /* FirestoreService.swift */; };
		BA2045362BFA4FB100C0B3BD /* StorageServiceProtocol.swift in Sources */ = {isa = PBXBuildFile; fileRef = BA2045352BFA4FB100C0B3BD /* StorageServiceProtocol.swift */; };
		BA2045382BFA503700C0B3BD /* StorageService.swift in Sources */ = {isa = PBXBuildFile; fileRef = BA2045372BFA503700C0B3BD /* StorageService.swift */; };
		BA20453B2BFA53DB00C0B3BD /* FirebaseStorage in Frameworks */ = {isa = PBXBuildFile; productRef = BA20453A2BFA53DB00C0B3BD /* FirebaseStorage */; };
		BA21E4BF2BCE86F800F9916F /* Localizable.strings in Resources */ = {isa = PBXBuildFile; fileRef = BA21E4BD2BCE86F800F9916F /* Localizable.strings */; };
		BA21E4C22BCE87AE00F9916F /* GeneratedStrings.swift in Sources */ = {isa = PBXBuildFile; fileRef = BA21E4C12BCE87AE00F9916F /* GeneratedStrings.swift */; };
		BA3B4C852BD7D89F0009E006 /* SystemImages.swift in Sources */ = {isa = PBXBuildFile; fileRef = BA3B4C842BD7D89F0009E006 /* SystemImages.swift */; };
		BA4FBE632BC568020066CFE7 /* UIViewControllerExtensions.swift in Sources */ = {isa = PBXBuildFile; fileRef = BA4FBE622BC568020066CFE7 /* UIViewControllerExtensions.swift */; };
		BA52E09A2C05038400B7A0BC /* FSCalendar in Frameworks */ = {isa = PBXBuildFile; productRef = BA52E0992C05038400B7A0BC /* FSCalendar */; };
		BA52E09C2C05040900B7A0BC /* CalendarView.swift in Sources */ = {isa = PBXBuildFile; fileRef = BA52E09B2C05040900B7A0BC /* CalendarView.swift */; };
		BA52E09E2C05043100B7A0BC /* CalendarViewModel.swift in Sources */ = {isa = PBXBuildFile; fileRef = BA52E09D2C05043100B7A0BC /* CalendarViewModel.swift */; };
		BA52E0A02C0607F500B7A0BC /* CalendarDataSource.swift in Sources */ = {isa = PBXBuildFile; fileRef = BA52E09F2C0607F500B7A0BC /* CalendarDataSource.swift */; };
		BA52E0A32C060D1100B7A0BC /* CalendarTableViewDataSource.swift in Sources */ = {isa = PBXBuildFile; fileRef = BA52E0A22C060D1100B7A0BC /* CalendarTableViewDataSource.swift */; };
		BA52E0A52C060D5700B7A0BC /* CalendarTableViewCell.swift in Sources */ = {isa = PBXBuildFile; fileRef = BA52E0A42C060D5700B7A0BC /* CalendarTableViewCell.swift */; };
		BA52E0A72C060F4400B7A0BC /* EventModel.swift in Sources */ = {isa = PBXBuildFile; fileRef = BA52E0A62C060F4400B7A0BC /* EventModel.swift */; };
		BA52E0AA2C06316D00B7A0BC /* EventCoreData+CoreDataClass.swift in Sources */ = {isa = PBXBuildFile; fileRef = BA52E0A82C06316D00B7A0BC /* EventCoreData+CoreDataClass.swift */; };
		BA52E0AB2C06316D00B7A0BC /* EventCoreData+CoreDataProperties.swift in Sources */ = {isa = PBXBuildFile; fileRef = BA52E0A92C06316D00B7A0BC /* EventCoreData+CoreDataProperties.swift */; };
		BA52E0AE2C0631ED00B7A0BC /* AddEventView.swift in Sources */ = {isa = PBXBuildFile; fileRef = BA52E0AD2C0631ED00B7A0BC /* AddEventView.swift */; };
		BA52E0B02C0631F900B7A0BC /* AddEventViewController.swift in Sources */ = {isa = PBXBuildFile; fileRef = BA52E0AF2C0631F900B7A0BC /* AddEventViewController.swift */; };
		BA52E0B22C06322400B7A0BC /* AddEventViewModel.swift in Sources */ = {isa = PBXBuildFile; fileRef = BA52E0B12C06322400B7A0BC /* AddEventViewModel.swift */; };
		BA52E0B82C0682EF00B7A0BC /* DateExtensions.swift in Sources */ = {isa = PBXBuildFile; fileRef = BA52E0B72C0682EF00B7A0BC /* DateExtensions.swift */; };
		BA52E0BA2C07A1B200B7A0BC /* AlbumView.swift in Sources */ = {isa = PBXBuildFile; fileRef = BA52E0B92C07A1B200B7A0BC /* AlbumView.swift */; };
		BA52E0BC2C07A24600B7A0BC /* AlbumViewModel.swift in Sources */ = {isa = PBXBuildFile; fileRef = BA52E0BB2C07A24600B7A0BC /* AlbumViewModel.swift */; };
		BA52E0BF2C07A6F400B7A0BC /* AlbumCollectionViewCell.swift in Sources */ = {isa = PBXBuildFile; fileRef = BA52E0BE2C07A6F400B7A0BC /* AlbumCollectionViewCell.swift */; };
		BA52E0C12C07A70900B7A0BC /* AlbumCollectionViewDataSource.swift in Sources */ = {isa = PBXBuildFile; fileRef = BA52E0C02C07A70900B7A0BC /* AlbumCollectionViewDataSource.swift */; };
		BA52E0C42C07B42800B7A0BC /* PhotoDetailViewController.swift in Sources */ = {isa = PBXBuildFile; fileRef = BA52E0C32C07B42800B7A0BC /* PhotoDetailViewController.swift */; };
		BA52E0C72C089B6F00B7A0BC /* AddPhotoView.swift in Sources */ = {isa = PBXBuildFile; fileRef = BA52E0C62C089B6F00B7A0BC /* AddPhotoView.swift */; };
		BA52E0C92C089B9300B7A0BC /* AddPhotoViewController.swift in Sources */ = {isa = PBXBuildFile; fileRef = BA52E0C82C089B9300B7A0BC /* AddPhotoViewController.swift */; };
		BA52E0CB2C089BAB00B7A0BC /* AddPhotoViewModel.swift in Sources */ = {isa = PBXBuildFile; fileRef = BA52E0CA2C089BAB00B7A0BC /* AddPhotoViewModel.swift */; };
		BA52E0CD2C08A0C200B7A0BC /* PhotoModel.swift in Sources */ = {isa = PBXBuildFile; fileRef = BA52E0CC2C08A0C200B7A0BC /* PhotoModel.swift */; };
		BA52E0D02C08A1AA00B7A0BC /* PhotoCoreData+CoreDataClass.swift in Sources */ = {isa = PBXBuildFile; fileRef = BA52E0CE2C08A1AA00B7A0BC /* PhotoCoreData+CoreDataClass.swift */; };
		BA52E0D12C08A1AA00B7A0BC /* PhotoCoreData+CoreDataProperties.swift in Sources */ = {isa = PBXBuildFile; fileRef = BA52E0CF2C08A1AA00B7A0BC /* PhotoCoreData+CoreDataProperties.swift */; };
		BA52E0D42C08AA6800B7A0BC /* Displayable.swift in Sources */ = {isa = PBXBuildFile; fileRef = BA52E0D32C08AA6800B7A0BC /* Displayable.swift */; };
		BA52E0D62C08ADBA00B7A0BC /* AlbumCollectionViewHeader.swift in Sources */ = {isa = PBXBuildFile; fileRef = BA52E0D52C08ADBA00B7A0BC /* AlbumCollectionViewHeader.swift */; };
		BA52E0D82C091BAD00B7A0BC /* MainView.swift in Sources */ = {isa = PBXBuildFile; fileRef = BA52E0D72C091BAD00B7A0BC /* MainView.swift */; };
		BA52E0DA2C091BC100B7A0BC /* MainViewModel.swift in Sources */ = {isa = PBXBuildFile; fileRef = BA52E0D92C091BC100B7A0BC /* MainViewModel.swift */; };
		BA52E0DC2C09263B00B7A0BC /* CounterModel.swift in Sources */ = {isa = PBXBuildFile; fileRef = BA52E0DB2C09263B00B7A0BC /* CounterModel.swift */; };
		BA52E0DE2C0939DC00B7A0BC /* StringExtensions.swift in Sources */ = {isa = PBXBuildFile; fileRef = BA52E0DD2C0939DC00B7A0BC /* StringExtensions.swift */; };
		BA52E0E12C093D7100B7A0BC /* CounterCoreData+CoreDataClass.swift in Sources */ = {isa = PBXBuildFile; fileRef = BA52E0DF2C093D7100B7A0BC /* CounterCoreData+CoreDataClass.swift */; };
		BA52E0E22C093D7100B7A0BC /* CounterCoreData+CoreDataProperties.swift in Sources */ = {isa = PBXBuildFile; fileRef = BA52E0E02C093D7100B7A0BC /* CounterCoreData+CoreDataProperties.swift */; };
		BA52E0E52C09C73100B7A0BC /* AddCounterView.swift in Sources */ = {isa = PBXBuildFile; fileRef = BA52E0E42C09C73100B7A0BC /* AddCounterView.swift */; };
		BA52E0E72C09C73E00B7A0BC /* AddCounterViewController.swift in Sources */ = {isa = PBXBuildFile; fileRef = BA52E0E62C09C73E00B7A0BC /* AddCounterViewController.swift */; };
		BA52E0E92C09C74900B7A0BC /* AddCounterViewModel.swift in Sources */ = {isa = PBXBuildFile; fileRef = BA52E0E82C09C74900B7A0BC /* AddCounterViewModel.swift */; };
		BA52E0EB2C09E01400B7A0BC /* StartView.swift in Sources */ = {isa = PBXBuildFile; fileRef = BA52E0EA2C09E01400B7A0BC /* StartView.swift */; };
		BA52E0ED2C0A693600B7A0BC /* IntExtensions.swift in Sources */ = {isa = PBXBuildFile; fileRef = BA52E0EC2C0A693600B7A0BC /* IntExtensions.swift */; };
		BA52E0EF2C0A906C00B7A0BC /* NetworkServiceProtocol.swift in Sources */ = {isa = PBXBuildFile; fileRef = BA52E0EE2C0A906C00B7A0BC /* NetworkServiceProtocol.swift */; };
		BA52E0F12C0A91B300B7A0BC /* ActivityModel.swift in Sources */ = {isa = PBXBuildFile; fileRef = BA52E0F02C0A91B300B7A0BC /* ActivityModel.swift */; };
		BA52E0F32C0A921700B7A0BC /* NetworkService.swift in Sources */ = {isa = PBXBuildFile; fileRef = BA52E0F22C0A921700B7A0BC /* NetworkService.swift */; };
		BA52E0F62C0A940D00B7A0BC /* Moya in Frameworks */ = {isa = PBXBuildFile; productRef = BA52E0F52C0A940D00B7A0BC /* Moya */; };
		BA52E0F82C0A967600B7A0BC /* ApiTarget.swift in Sources */ = {isa = PBXBuildFile; fileRef = BA52E0F72C0A967600B7A0BC /* ApiTarget.swift */; };
		BA52E0FB2C0A9F7F00B7A0BC /* ActivityView.swift in Sources */ = {isa = PBXBuildFile; fileRef = BA52E0FA2C0A9F7F00B7A0BC /* ActivityView.swift */; };
		BA52E0FD2C0AAFC300B7A0BC /* ActivityResponseModel.swift in Sources */ = {isa = PBXBuildFile; fileRef = BA52E0FC2C0AAFC300B7A0BC /* ActivityResponseModel.swift */; };
		BA7ABE822BB57F34009ED03E /* FirebaseAnalytics in Frameworks */ = {isa = PBXBuildFile; productRef = BA7ABE812BB57F34009ED03E /* FirebaseAnalytics */; };
		BA7ABE842BB57F34009ED03E /* FirebaseAuth in Frameworks */ = {isa = PBXBuildFile; productRef = BA7ABE832BB57F34009ED03E /* FirebaseAuth */; };
		BA7ABE862BB57F34009ED03E /* FirebaseDatabase in Frameworks */ = {isa = PBXBuildFile; productRef = BA7ABE852BB57F34009ED03E /* FirebaseDatabase */; };
		BA7ABE882BB57F34009ED03E /* FirebaseFirestore in Frameworks */ = {isa = PBXBuildFile; productRef = BA7ABE872BB57F34009ED03E /* FirebaseFirestore */; };
		BA7ABE8B2BB58088009ED03E /* Alamofire in Frameworks */ = {isa = PBXBuildFile; productRef = BA7ABE8A2BB58088009ED03E /* Alamofire */; };
		BA7ABE8D2BB58088009ED03E /* AlamofireDynamic in Frameworks */ = {isa = PBXBuildFile; productRef = BA7ABE8C2BB58088009ED03E /* AlamofireDynamic */; };
		BA8F13222BB573D6001F5526 /* SnapKit in Frameworks */ = {isa = PBXBuildFile; productRef = BA8F13212BB573D6001F5526 /* SnapKit */; };
		BA8F13242BB573D6001F5526 /* SnapKit-Dynamic in Frameworks */ = {isa = PBXBuildFile; productRef = BA8F13232BB573D6001F5526 /* SnapKit-Dynamic */; };
		BA8F13282BB57A35001F5526 /* GoogleService-Info.plist in Resources */ = {isa = PBXBuildFile; fileRef = BA8F13272BB57A35001F5526 /* GoogleService-Info.plist */; };
		BA95BB452BD7140A00B458B4 /* ProfileViewModel.swift in Sources */ = {isa = PBXBuildFile; fileRef = BA95BB442BD7140A00B458B4 /* ProfileViewModel.swift */; };
		BABB7A9E2BB85AC600BAC60C /* RegistrationFlowCoordinator.swift in Sources */ = {isa = PBXBuildFile; fileRef = BABB7A9D2BB85AC600BAC60C /* RegistrationFlowCoordinator.swift */; };
		BABB7AA02BB85AE400BAC60C /* RegistrationViewController.swift in Sources */ = {isa = PBXBuildFile; fileRef = BABB7A9F2BB85AE400BAC60C /* RegistrationViewController.swift */; };
		BABB7AA22BB85AF300BAC60C /* RegistrationViewModel.swift in Sources */ = {isa = PBXBuildFile; fileRef = BABB7AA12BB85AF300BAC60C /* RegistrationViewModel.swift */; };
		BADB26FA2BB36E2500AC96BA /* AppDelegate.swift in Sources */ = {isa = PBXBuildFile; fileRef = BADB26F92BB36E2500AC96BA /* AppDelegate.swift */; };
		BADB26FC2BB36E2500AC96BA /* SceneDelegate.swift in Sources */ = {isa = PBXBuildFile; fileRef = BADB26FB2BB36E2500AC96BA /* SceneDelegate.swift */; };
		BADB26FE2BB36E2500AC96BA /* AuthViewController.swift in Sources */ = {isa = PBXBuildFile; fileRef = BADB26FD2BB36E2500AC96BA /* AuthViewController.swift */; };
		BADB27032BB36E2600AC96BA /* Assets.xcassets in Resources */ = {isa = PBXBuildFile; fileRef = BADB27022BB36E2600AC96BA /* Assets.xcassets */; };
		BADB27062BB36E2600AC96BA /* Base in Resources */ = {isa = PBXBuildFile; fileRef = BADB27052BB36E2600AC96BA /* Base */; };
		BADDEEC32BFB8EC100288585 /* CoreData.xcdatamodeld in Sources */ = {isa = PBXBuildFile; fileRef = BADDEEC12BFB8EC100288585 /* CoreData.xcdatamodeld */; };
		BADDEEC62BFB8F0500288585 /* UserCoreData+CoreDataClass.swift in Sources */ = {isa = PBXBuildFile; fileRef = BADDEEC42BFB8F0500288585 /* UserCoreData+CoreDataClass.swift */; };
		BADDEEC72BFB8F0500288585 /* UserCoreData+CoreDataProperties.swift in Sources */ = {isa = PBXBuildFile; fileRef = BADDEEC52BFB8F0500288585 /* UserCoreData+CoreDataProperties.swift */; };
		BADDEEC92BFB8F5D00288585 /* CoreDataServiceProtocol.swift in Sources */ = {isa = PBXBuildFile; fileRef = BADDEEC82BFB8F5D00288585 /* CoreDataServiceProtocol.swift */; };
		BADDEECB2BFB8FD400288585 /* CoreDataService.swift in Sources */ = {isa = PBXBuildFile; fileRef = BADDEECA2BFB8FD400288585 /* CoreDataService.swift */; };
		BADDEECE2BFCEDF500288585 /* SettingsViewController.swift in Sources */ = {isa = PBXBuildFile; fileRef = BADDEECD2BFCEDF500288585 /* SettingsViewController.swift */; };
		BADDEED02BFCEE0400288585 /* SettingsView.swift in Sources */ = {isa = PBXBuildFile; fileRef = BADDEECF2BFCEE0400288585 /* SettingsView.swift */; };
		BADDEED22BFCEE1000288585 /* SettingsViewModel.swift in Sources */ = {isa = PBXBuildFile; fileRef = BADDEED12BFCEE1000288585 /* SettingsViewModel.swift */; };
		BADDEED52BFD08E100288585 /* SettingsSwitchTableViewCell.swift in Sources */ = {isa = PBXBuildFile; fileRef = BADDEED42BFD08E100288585 /* SettingsSwitchTableViewCell.swift */; };
		BADDEED72BFD0F9700288585 /* SettingsModel.swift in Sources */ = {isa = PBXBuildFile; fileRef = BADDEED62BFD0F9700288585 /* SettingsModel.swift */; };
		BADDEED92BFD12BB00288585 /* SettingsTableViewDataSource.swift in Sources */ = {isa = PBXBuildFile; fileRef = BADDEED82BFD12BB00288585 /* SettingsTableViewDataSource.swift */; };
		BADDEEE12BFE778500288585 /* SettingsTableViewCell.swift in Sources */ = {isa = PBXBuildFile; fileRef = BADDEEE02BFE778500288585 /* SettingsTableViewCell.swift */; };
		BADDEEE42BFFE27A00288585 /* Theme.swift in Sources */ = {isa = PBXBuildFile; fileRef = BADDEEE32BFFE27A00288585 /* Theme.swift */; };
		BADDEEE62BFFE3BA00288585 /* ThemeService.swift in Sources */ = {isa = PBXBuildFile; fileRef = BADDEEE52BFFE3B900288585 /* ThemeService.swift */; };
		BADDEEE92C00B01200288585 /* EditProfileView.swift in Sources */ = {isa = PBXBuildFile; fileRef = BADDEEE82C00B01200288585 /* EditProfileView.swift */; };
		BADDEEEB2C00B02300288585 /* EditProfileViewModel.swift in Sources */ = {isa = PBXBuildFile; fileRef = BADDEEEA2C00B02300288585 /* EditProfileViewModel.swift */; };
		BADDEEED2C00B03800288585 /* EditProfileViewController.swift in Sources */ = {isa = PBXBuildFile; fileRef = BADDEEEC2C00B03800288585 /* EditProfileViewController.swift */; };
		BADDEEF02C00B7F000288585 /* SettingsFlowCoordinator.swift in Sources */ = {isa = PBXBuildFile; fileRef = BADDEEEF2C00B7F000288585 /* SettingsFlowCoordinator.swift */; };
		BADDEEF22C01467400288585 /* AlertFactory.swift in Sources */ = {isa = PBXBuildFile; fileRef = BADDEEF12C01467400288585 /* AlertFactory.swift */; };
		BADDEEF42C02336A00288585 /* WishlistView.swift in Sources */ = {isa = PBXBuildFile; fileRef = BADDEEF32C02336A00288585 /* WishlistView.swift */; };
		BADDEEF62C02337800288585 /* WishlistViewModel.swift in Sources */ = {isa = PBXBuildFile; fileRef = BADDEEF52C02337800288585 /* WishlistViewModel.swift */; };
		BADDEEF92C02378D00288585 /* WishlistTableViewCell.swift in Sources */ = {isa = PBXBuildFile; fileRef = BADDEEF82C02378D00288585 /* WishlistTableViewCell.swift */; };
		BADDEEFB2C0237A900288585 /* WishlistTableViewDataSource.swift in Sources */ = {isa = PBXBuildFile; fileRef = BADDEEFA2C0237A900288585 /* WishlistTableViewDataSource.swift */; };
		BADDEEFD2C0237C500288585 /* WishListModel.swift in Sources */ = {isa = PBXBuildFile; fileRef = BADDEEFC2C0237C500288585 /* WishListModel.swift */; };
		BADDEF002C02636C00288585 /* AddWishView.swift in Sources */ = {isa = PBXBuildFile; fileRef = BADDEEFF2C02636C00288585 /* AddWishView.swift */; };
		BADDEF022C02637800288585 /* AddWishViewController.swift in Sources */ = {isa = PBXBuildFile; fileRef = BADDEF012C02637800288585 /* AddWishViewController.swift */; };
		BADDEF042C02649E00288585 /* AddWishViewModel.swift in Sources */ = {isa = PBXBuildFile; fileRef = BADDEF032C02649E00288585 /* AddWishViewModel.swift */; };
		BADDEF072C0289C000288585 /* WishCoreData+CoreDataClass.swift in Sources */ = {isa = PBXBuildFile; fileRef = BADDEF052C0289C000288585 /* WishCoreData+CoreDataClass.swift */; };
		BADDEF082C0289C000288585 /* WishCoreData+CoreDataProperties.swift in Sources */ = {isa = PBXBuildFile; fileRef = BADDEF062C0289C000288585 /* WishCoreData+CoreDataProperties.swift */; };
		BAE90FA32BB964B200526899 /* ValidationService.swift in Sources */ = {isa = PBXBuildFile; fileRef = BAE90FA22BB964B200526899 /* ValidationService.swift */; };
		BAE90FA52BB9712600526899 /* AuthService.swift in Sources */ = {isa = PBXBuildFile; fileRef = BAE90FA42BB9712600526899 /* AuthService.swift */; };
		BAE90FA92BBA9AF800526899 /* SignInFlowCoordinator.swift in Sources */ = {isa = PBXBuildFile; fileRef = BAE90FA82BBA9AF800526899 /* SignInFlowCoordinator.swift */; };
		BAE90FAB2BBA9B0F00526899 /* SignInViewController.swift in Sources */ = {isa = PBXBuildFile; fileRef = BAE90FAA2BBA9B0F00526899 /* SignInViewController.swift */; };
		BAE90FAD2BBA9B2300526899 /* SignInViewModel.swift in Sources */ = {isa = PBXBuildFile; fileRef = BAE90FAC2BBA9B2300526899 /* SignInViewModel.swift */; };
		BAF7C0352BB7401C00581F33 /* CoordinatorProtocol.swift in Sources */ = {isa = PBXBuildFile; fileRef = BAF7C0342BB7401C00581F33 /* CoordinatorProtocol.swift */; };
		BAF7C0372BB740BA00581F33 /* Coordinator.swift in Sources */ = {isa = PBXBuildFile; fileRef = BAF7C0362BB740BA00581F33 /* Coordinator.swift */; };
		BAF7C0392BB7427200581F33 /* FlowController.swift in Sources */ = {isa = PBXBuildFile; fileRef = BAF7C0382BB7427200581F33 /* FlowController.swift */; };
		BAF7C03B2BB742BF00581F33 /* FlowControllerWithValue.swift in Sources */ = {isa = PBXBuildFile; fileRef = BAF7C03A2BB742BF00581F33 /* FlowControllerWithValue.swift */; };
		BAF7C03E2BB7433000581F33 /* RouterProtocol.swift in Sources */ = {isa = PBXBuildFile; fileRef = BAF7C03D2BB7433000581F33 /* RouterProtocol.swift */; };
		BAF7C0402BB7437F00581F33 /* Router.swift in Sources */ = {isa = PBXBuildFile; fileRef = BAF7C03F2BB7437F00581F33 /* Router.swift */; };
		BAF7C0442BB7466600581F33 /* ModuleFactoryProtocol.swift in Sources */ = {isa = PBXBuildFile; fileRef = BAF7C0432BB7466600581F33 /* ModuleFactoryProtocol.swift */; };
		BAF7C0492BB7475900581F33 /* AuthFlowCoordinator.swift in Sources */ = {isa = PBXBuildFile; fileRef = BAF7C0482BB7475900581F33 /* AuthFlowCoordinator.swift */; };
		BAF7C04B2BB747AA00581F33 /* CoordinatorFactoryProtocol.swift in Sources */ = {isa = PBXBuildFile; fileRef = BAF7C04A2BB747AA00581F33 /* CoordinatorFactoryProtocol.swift */; };
		BAF7C04D2BB7481200581F33 /* AppCoordinator.swift in Sources */ = {isa = PBXBuildFile; fileRef = BAF7C04C2BB7481200581F33 /* AppCoordinator.swift */; };
		BAF7C04F2BB750F900581F33 /* ModuleFactory.swift in Sources */ = {isa = PBXBuildFile; fileRef = BAF7C04E2BB750F900581F33 /* ModuleFactory.swift */; };
		BAF7C0512BB7514900581F33 /* CoordinatorFactory.swift in Sources */ = {isa = PBXBuildFile; fileRef = BAF7C0502BB7514900581F33 /* CoordinatorFactory.swift */; };
/* End PBXBuildFile section */

/* Begin PBXFileReference section */
		BA065ED22BD521CC0005EE39 /* TabBarDelegate.swift */ = {isa = PBXFileReference; lastKnownFileType = sourcecode.swift; path = TabBarDelegate.swift; sourceTree = "<group>"; };
		BA065EDB2BD524CB0005EE39 /* CalendarFlowCoordinator.swift */ = {isa = PBXFileReference; lastKnownFileType = sourcecode.swift; path = CalendarFlowCoordinator.swift; sourceTree = "<group>"; };
		BA065EDD2BD528910005EE39 /* CalendarViewController.swift */ = {isa = PBXFileReference; lastKnownFileType = sourcecode.swift; path = CalendarViewController.swift; sourceTree = "<group>"; };
		BA065EE02BD528BE0005EE39 /* WishlistViewController.swift */ = {isa = PBXFileReference; lastKnownFileType = sourcecode.swift; path = WishlistViewController.swift; sourceTree = "<group>"; };
		BA065EE32BD528D10005EE39 /* MainViewController.swift */ = {isa = PBXFileReference; lastKnownFileType = sourcecode.swift; path = MainViewController.swift; sourceTree = "<group>"; };
		BA065EE62BD528E00005EE39 /* AlbumViewController.swift */ = {isa = PBXFileReference; lastKnownFileType = sourcecode.swift; path = AlbumViewController.swift; sourceTree = "<group>"; };
		BA065EE92BD528F00005EE39 /* ProfileViewController.swift */ = {isa = PBXFileReference; lastKnownFileType = sourcecode.swift; path = ProfileViewController.swift; sourceTree = "<group>"; };
		BA065EEB2BD529C20005EE39 /* WishlistCoordinator.swift */ = {isa = PBXFileReference; lastKnownFileType = sourcecode.swift; path = WishlistCoordinator.swift; sourceTree = "<group>"; };
		BA065EED2BD529D70005EE39 /* MainCoordinator.swift */ = {isa = PBXFileReference; lastKnownFileType = sourcecode.swift; path = MainCoordinator.swift; sourceTree = "<group>"; };
		BA065EEF2BD529EA0005EE39 /* AlbumCoordinator.swift */ = {isa = PBXFileReference; lastKnownFileType = sourcecode.swift; path = AlbumCoordinator.swift; sourceTree = "<group>"; };
		BA065EF12BD52A050005EE39 /* ProfileCoordinator.swift */ = {isa = PBXFileReference; lastKnownFileType = sourcecode.swift; path = ProfileCoordinator.swift; sourceTree = "<group>"; };
		BA065EF32BD52F5A0005EE39 /* TabBarFlowCoordinator.swift */ = {isa = PBXFileReference; lastKnownFileType = sourcecode.swift; path = TabBarFlowCoordinator.swift; sourceTree = "<group>"; };
		BA065EF52BD530B10005EE39 /* TabBarViewController.swift */ = {isa = PBXFileReference; lastKnownFileType = sourcecode.swift; path = TabBarViewController.swift; sourceTree = "<group>"; };
		BA0F4D312BCC2F7E00C02D07 /* RegistrationView.swift */ = {isa = PBXFileReference; lastKnownFileType = sourcecode.swift; path = RegistrationView.swift; sourceTree = "<group>"; };
		BA0F4D332BCC459E00C02D07 /* SignInView.swift */ = {isa = PBXFileReference; lastKnownFileType = sourcecode.swift; path = SignInView.swift; sourceTree = "<group>"; };
		BA0FDEC92BC9C82B0010D0FA /* AuthView.swift */ = {isa = PBXFileReference; lastKnownFileType = sourcecode.swift; path = AuthView.swift; sourceTree = "<group>"; };
		BA0FDECB2BC9CB180010D0FA /* UIViewExtensions.swift */ = {isa = PBXFileReference; lastKnownFileType = sourcecode.swift; path = UIViewExtensions.swift; sourceTree = "<group>"; };
		BA0FDECD2BC9D48F0010D0FA /* BackgroundView.swift */ = {isa = PBXFileReference; lastKnownFileType = sourcecode.swift; path = BackgroundView.swift; sourceTree = "<group>"; };
		BA20452B2BF9347000C0B3BD /* ProfileView.swift */ = {isa = PBXFileReference; lastKnownFileType = sourcecode.swift; path = ProfileView.swift; sourceTree = "<group>"; };
		BA20452E2BFA2EFB00C0B3BD /* FirestoreServiceProtocol.swift */ = {isa = PBXFileReference; lastKnownFileType = sourcecode.swift; path = FirestoreServiceProtocol.swift; sourceTree = "<group>"; };
		BA2045312BFA493B00C0B3BD /* UserModel.swift */ = {isa = PBXFileReference; lastKnownFileType = sourcecode.swift; path = UserModel.swift; sourceTree = "<group>"; };
		BA2045332BFA4AA100C0B3BD /* FirestoreService.swift */ = {isa = PBXFileReference; lastKnownFileType = sourcecode.swift; path = FirestoreService.swift; sourceTree = "<group>"; };
		BA2045352BFA4FB100C0B3BD /* StorageServiceProtocol.swift */ = {isa = PBXFileReference; lastKnownFileType = sourcecode.swift; path = StorageServiceProtocol.swift; sourceTree = "<group>"; };
		BA2045372BFA503700C0B3BD /* StorageService.swift */ = {isa = PBXFileReference; lastKnownFileType = sourcecode.swift; path = StorageService.swift; sourceTree = "<group>"; };
		BA21E4BE2BCE86F800F9916F /* en */ = {isa = PBXFileReference; lastKnownFileType = text.plist.strings; name = en; path = en.lproj/Localizable.strings; sourceTree = "<group>"; };
		BA21E4C12BCE87AE00F9916F /* GeneratedStrings.swift */ = {isa = PBXFileReference; fileEncoding = 4; lastKnownFileType = sourcecode.swift; path = GeneratedStrings.swift; sourceTree = "<group>"; };
		BA21E4C32BCE883F00F9916F /* ru */ = {isa = PBXFileReference; lastKnownFileType = text.plist.strings; name = ru; path = ru.lproj/Localizable.strings; sourceTree = "<group>"; };
		BA3B4C842BD7D89F0009E006 /* SystemImages.swift */ = {isa = PBXFileReference; lastKnownFileType = sourcecode.swift; path = SystemImages.swift; sourceTree = "<group>"; };
		BA4FBE622BC568020066CFE7 /* UIViewControllerExtensions.swift */ = {isa = PBXFileReference; lastKnownFileType = sourcecode.swift; path = UIViewControllerExtensions.swift; sourceTree = "<group>"; };
		BA52E09B2C05040900B7A0BC /* CalendarView.swift */ = {isa = PBXFileReference; lastKnownFileType = sourcecode.swift; path = CalendarView.swift; sourceTree = "<group>"; };
		BA52E09D2C05043100B7A0BC /* CalendarViewModel.swift */ = {isa = PBXFileReference; lastKnownFileType = sourcecode.swift; path = CalendarViewModel.swift; sourceTree = "<group>"; };
		BA52E09F2C0607F500B7A0BC /* CalendarDataSource.swift */ = {isa = PBXFileReference; lastKnownFileType = sourcecode.swift; path = CalendarDataSource.swift; sourceTree = "<group>"; };
		BA52E0A22C060D1100B7A0BC /* CalendarTableViewDataSource.swift */ = {isa = PBXFileReference; lastKnownFileType = sourcecode.swift; path = CalendarTableViewDataSource.swift; sourceTree = "<group>"; };
		BA52E0A42C060D5700B7A0BC /* CalendarTableViewCell.swift */ = {isa = PBXFileReference; lastKnownFileType = sourcecode.swift; path = CalendarTableViewCell.swift; sourceTree = "<group>"; };
		BA52E0A62C060F4400B7A0BC /* EventModel.swift */ = {isa = PBXFileReference; lastKnownFileType = sourcecode.swift; path = EventModel.swift; sourceTree = "<group>"; };
		BA52E0A82C06316D00B7A0BC /* EventCoreData+CoreDataClass.swift */ = {isa = PBXFileReference; lastKnownFileType = sourcecode.swift; path = "EventCoreData+CoreDataClass.swift"; sourceTree = "<group>"; };
		BA52E0A92C06316D00B7A0BC /* EventCoreData+CoreDataProperties.swift */ = {isa = PBXFileReference; lastKnownFileType = sourcecode.swift; path = "EventCoreData+CoreDataProperties.swift"; sourceTree = "<group>"; };
		BA52E0AD2C0631ED00B7A0BC /* AddEventView.swift */ = {isa = PBXFileReference; lastKnownFileType = sourcecode.swift; path = AddEventView.swift; sourceTree = "<group>"; };
		BA52E0AF2C0631F900B7A0BC /* AddEventViewController.swift */ = {isa = PBXFileReference; lastKnownFileType = sourcecode.swift; path = AddEventViewController.swift; sourceTree = "<group>"; };
		BA52E0B12C06322400B7A0BC /* AddEventViewModel.swift */ = {isa = PBXFileReference; lastKnownFileType = sourcecode.swift; path = AddEventViewModel.swift; sourceTree = "<group>"; };
		BA52E0B72C0682EF00B7A0BC /* DateExtensions.swift */ = {isa = PBXFileReference; lastKnownFileType = sourcecode.swift; path = DateExtensions.swift; sourceTree = "<group>"; };
		BA52E0B92C07A1B200B7A0BC /* AlbumView.swift */ = {isa = PBXFileReference; lastKnownFileType = sourcecode.swift; path = AlbumView.swift; sourceTree = "<group>"; };
		BA52E0BB2C07A24600B7A0BC /* AlbumViewModel.swift */ = {isa = PBXFileReference; lastKnownFileType = sourcecode.swift; path = AlbumViewModel.swift; sourceTree = "<group>"; };
		BA52E0BE2C07A6F400B7A0BC /* AlbumCollectionViewCell.swift */ = {isa = PBXFileReference; lastKnownFileType = sourcecode.swift; path = AlbumCollectionViewCell.swift; sourceTree = "<group>"; };
		BA52E0C02C07A70900B7A0BC /* AlbumCollectionViewDataSource.swift */ = {isa = PBXFileReference; lastKnownFileType = sourcecode.swift; path = AlbumCollectionViewDataSource.swift; sourceTree = "<group>"; };
		BA52E0C32C07B42800B7A0BC /* PhotoDetailViewController.swift */ = {isa = PBXFileReference; lastKnownFileType = sourcecode.swift; path = PhotoDetailViewController.swift; sourceTree = "<group>"; };
		BA52E0C62C089B6F00B7A0BC /* AddPhotoView.swift */ = {isa = PBXFileReference; lastKnownFileType = sourcecode.swift; path = AddPhotoView.swift; sourceTree = "<group>"; };
		BA52E0C82C089B9300B7A0BC /* AddPhotoViewController.swift */ = {isa = PBXFileReference; lastKnownFileType = sourcecode.swift; path = AddPhotoViewController.swift; sourceTree = "<group>"; };
		BA52E0CA2C089BAB00B7A0BC /* AddPhotoViewModel.swift */ = {isa = PBXFileReference; lastKnownFileType = sourcecode.swift; path = AddPhotoViewModel.swift; sourceTree = "<group>"; };
		BA52E0CC2C08A0C200B7A0BC /* PhotoModel.swift */ = {isa = PBXFileReference; lastKnownFileType = sourcecode.swift; path = PhotoModel.swift; sourceTree = "<group>"; };
		BA52E0CE2C08A1AA00B7A0BC /* PhotoCoreData+CoreDataClass.swift */ = {isa = PBXFileReference; lastKnownFileType = sourcecode.swift; path = "PhotoCoreData+CoreDataClass.swift"; sourceTree = "<group>"; };
		BA52E0CF2C08A1AA00B7A0BC /* PhotoCoreData+CoreDataProperties.swift */ = {isa = PBXFileReference; lastKnownFileType = sourcecode.swift; path = "PhotoCoreData+CoreDataProperties.swift"; sourceTree = "<group>"; };
		BA52E0D32C08AA6800B7A0BC /* Displayable.swift */ = {isa = PBXFileReference; lastKnownFileType = sourcecode.swift; path = Displayable.swift; sourceTree = "<group>"; };
		BA52E0D52C08ADBA00B7A0BC /* AlbumCollectionViewHeader.swift */ = {isa = PBXFileReference; lastKnownFileType = sourcecode.swift; path = AlbumCollectionViewHeader.swift; sourceTree = "<group>"; };
		BA52E0D72C091BAD00B7A0BC /* MainView.swift */ = {isa = PBXFileReference; lastKnownFileType = sourcecode.swift; path = MainView.swift; sourceTree = "<group>"; };
		BA52E0D92C091BC100B7A0BC /* MainViewModel.swift */ = {isa = PBXFileReference; lastKnownFileType = sourcecode.swift; path = MainViewModel.swift; sourceTree = "<group>"; };
		BA52E0DB2C09263B00B7A0BC /* CounterModel.swift */ = {isa = PBXFileReference; lastKnownFileType = sourcecode.swift; path = CounterModel.swift; sourceTree = "<group>"; };
		BA52E0DD2C0939DC00B7A0BC /* StringExtensions.swift */ = {isa = PBXFileReference; lastKnownFileType = sourcecode.swift; path = StringExtensions.swift; sourceTree = "<group>"; };
		BA52E0DF2C093D7100B7A0BC /* CounterCoreData+CoreDataClass.swift */ = {isa = PBXFileReference; lastKnownFileType = sourcecode.swift; path = "CounterCoreData+CoreDataClass.swift"; sourceTree = "<group>"; };
		BA52E0E02C093D7100B7A0BC /* CounterCoreData+CoreDataProperties.swift */ = {isa = PBXFileReference; lastKnownFileType = sourcecode.swift; path = "CounterCoreData+CoreDataProperties.swift"; sourceTree = "<group>"; };
		BA52E0E42C09C73100B7A0BC /* AddCounterView.swift */ = {isa = PBXFileReference; lastKnownFileType = sourcecode.swift; path = AddCounterView.swift; sourceTree = "<group>"; };
		BA52E0E62C09C73E00B7A0BC /* AddCounterViewController.swift */ = {isa = PBXFileReference; lastKnownFileType = sourcecode.swift; path = AddCounterViewController.swift; sourceTree = "<group>"; };
		BA52E0E82C09C74900B7A0BC /* AddCounterViewModel.swift */ = {isa = PBXFileReference; lastKnownFileType = sourcecode.swift; path = AddCounterViewModel.swift; sourceTree = "<group>"; };
		BA52E0EA2C09E01400B7A0BC /* StartView.swift */ = {isa = PBXFileReference; lastKnownFileType = sourcecode.swift; path = StartView.swift; sourceTree = "<group>"; };
		BA52E0EC2C0A693600B7A0BC /* IntExtensions.swift */ = {isa = PBXFileReference; lastKnownFileType = sourcecode.swift; path = IntExtensions.swift; sourceTree = "<group>"; };
		BA52E0EE2C0A906C00B7A0BC /* NetworkServiceProtocol.swift */ = {isa = PBXFileReference; lastKnownFileType = sourcecode.swift; path = NetworkServiceProtocol.swift; sourceTree = "<group>"; };
		BA52E0F02C0A91B300B7A0BC /* ActivityModel.swift */ = {isa = PBXFileReference; lastKnownFileType = sourcecode.swift; path = ActivityModel.swift; sourceTree = "<group>"; };
		BA52E0F22C0A921700B7A0BC /* NetworkService.swift */ = {isa = PBXFileReference; lastKnownFileType = sourcecode.swift; path = NetworkService.swift; sourceTree = "<group>"; };
		BA52E0F72C0A967600B7A0BC /* ApiTarget.swift */ = {isa = PBXFileReference; lastKnownFileType = sourcecode.swift; path = ApiTarget.swift; sourceTree = "<group>"; };
		BA52E0FA2C0A9F7F00B7A0BC /* ActivityView.swift */ = {isa = PBXFileReference; lastKnownFileType = sourcecode.swift; path = ActivityView.swift; sourceTree = "<group>"; };
		BA52E0FC2C0AAFC300B7A0BC /* ActivityResponseModel.swift */ = {isa = PBXFileReference; lastKnownFileType = sourcecode.swift; path = ActivityResponseModel.swift; sourceTree = "<group>"; };
		BA8F13272BB57A35001F5526 /* GoogleService-Info.plist */ = {isa = PBXFileReference; fileEncoding = 4; lastKnownFileType = text.plist.xml; path = "GoogleService-Info.plist"; sourceTree = "<group>"; };
		BA95BB442BD7140A00B458B4 /* ProfileViewModel.swift */ = {isa = PBXFileReference; lastKnownFileType = sourcecode.swift; path = ProfileViewModel.swift; sourceTree = "<group>"; };
		BABB7A9D2BB85AC600BAC60C /* RegistrationFlowCoordinator.swift */ = {isa = PBXFileReference; lastKnownFileType = sourcecode.swift; path = RegistrationFlowCoordinator.swift; sourceTree = "<group>"; };
		BABB7A9F2BB85AE400BAC60C /* RegistrationViewController.swift */ = {isa = PBXFileReference; lastKnownFileType = sourcecode.swift; path = RegistrationViewController.swift; sourceTree = "<group>"; };
		BABB7AA12BB85AF300BAC60C /* RegistrationViewModel.swift */ = {isa = PBXFileReference; lastKnownFileType = sourcecode.swift; path = RegistrationViewModel.swift; sourceTree = "<group>"; };
		BADB26F62BB36E2500AC96BA /* LoveCalendar.app */ = {isa = PBXFileReference; explicitFileType = wrapper.application; includeInIndex = 0; path = LoveCalendar.app; sourceTree = BUILT_PRODUCTS_DIR; };
		BADB26F92BB36E2500AC96BA /* AppDelegate.swift */ = {isa = PBXFileReference; lastKnownFileType = sourcecode.swift; path = AppDelegate.swift; sourceTree = "<group>"; };
		BADB26FB2BB36E2500AC96BA /* SceneDelegate.swift */ = {isa = PBXFileReference; lastKnownFileType = sourcecode.swift; path = SceneDelegate.swift; sourceTree = "<group>"; };
		BADB26FD2BB36E2500AC96BA /* AuthViewController.swift */ = {isa = PBXFileReference; lastKnownFileType = sourcecode.swift; path = AuthViewController.swift; sourceTree = "<group>"; };
		BADB27022BB36E2600AC96BA /* Assets.xcassets */ = {isa = PBXFileReference; lastKnownFileType = folder.assetcatalog; path = Assets.xcassets; sourceTree = "<group>"; };
		BADB27052BB36E2600AC96BA /* Base */ = {isa = PBXFileReference; lastKnownFileType = file.storyboard; name = Base; path = Base.lproj/LaunchScreen.storyboard; sourceTree = "<group>"; };
		BADB27072BB36E2600AC96BA /* Info.plist */ = {isa = PBXFileReference; lastKnownFileType = text.plist.xml; path = Info.plist; sourceTree = "<group>"; };
		BADDEEC22BFB8EC100288585 /* CoreData.xcdatamodel */ = {isa = PBXFileReference; lastKnownFileType = wrapper.xcdatamodel; path = CoreData.xcdatamodel; sourceTree = "<group>"; };
		BADDEEC42BFB8F0500288585 /* UserCoreData+CoreDataClass.swift */ = {isa = PBXFileReference; lastKnownFileType = sourcecode.swift; path = "UserCoreData+CoreDataClass.swift"; sourceTree = "<group>"; };
		BADDEEC52BFB8F0500288585 /* UserCoreData+CoreDataProperties.swift */ = {isa = PBXFileReference; lastKnownFileType = sourcecode.swift; path = "UserCoreData+CoreDataProperties.swift"; sourceTree = "<group>"; };
		BADDEEC82BFB8F5D00288585 /* CoreDataServiceProtocol.swift */ = {isa = PBXFileReference; lastKnownFileType = sourcecode.swift; path = CoreDataServiceProtocol.swift; sourceTree = "<group>"; };
		BADDEECA2BFB8FD400288585 /* CoreDataService.swift */ = {isa = PBXFileReference; lastKnownFileType = sourcecode.swift; path = CoreDataService.swift; sourceTree = "<group>"; };
		BADDEECD2BFCEDF500288585 /* SettingsViewController.swift */ = {isa = PBXFileReference; lastKnownFileType = sourcecode.swift; path = SettingsViewController.swift; sourceTree = "<group>"; };
		BADDEECF2BFCEE0400288585 /* SettingsView.swift */ = {isa = PBXFileReference; lastKnownFileType = sourcecode.swift; path = SettingsView.swift; sourceTree = "<group>"; };
		BADDEED12BFCEE1000288585 /* SettingsViewModel.swift */ = {isa = PBXFileReference; lastKnownFileType = sourcecode.swift; path = SettingsViewModel.swift; sourceTree = "<group>"; };
		BADDEED42BFD08E100288585 /* SettingsSwitchTableViewCell.swift */ = {isa = PBXFileReference; lastKnownFileType = sourcecode.swift; path = SettingsSwitchTableViewCell.swift; sourceTree = "<group>"; };
		BADDEED62BFD0F9700288585 /* SettingsModel.swift */ = {isa = PBXFileReference; lastKnownFileType = sourcecode.swift; path = SettingsModel.swift; sourceTree = "<group>"; };
		BADDEED82BFD12BB00288585 /* SettingsTableViewDataSource.swift */ = {isa = PBXFileReference; lastKnownFileType = sourcecode.swift; path = SettingsTableViewDataSource.swift; sourceTree = "<group>"; };
		BADDEEE02BFE778500288585 /* SettingsTableViewCell.swift */ = {isa = PBXFileReference; lastKnownFileType = sourcecode.swift; path = SettingsTableViewCell.swift; sourceTree = "<group>"; };
		BADDEEE32BFFE27A00288585 /* Theme.swift */ = {isa = PBXFileReference; lastKnownFileType = sourcecode.swift; path = Theme.swift; sourceTree = "<group>"; };
		BADDEEE52BFFE3B900288585 /* ThemeService.swift */ = {isa = PBXFileReference; lastKnownFileType = sourcecode.swift; path = ThemeService.swift; sourceTree = "<group>"; };
		BADDEEE82C00B01200288585 /* EditProfileView.swift */ = {isa = PBXFileReference; lastKnownFileType = sourcecode.swift; path = EditProfileView.swift; sourceTree = "<group>"; };
		BADDEEEA2C00B02300288585 /* EditProfileViewModel.swift */ = {isa = PBXFileReference; lastKnownFileType = sourcecode.swift; path = EditProfileViewModel.swift; sourceTree = "<group>"; };
		BADDEEEC2C00B03800288585 /* EditProfileViewController.swift */ = {isa = PBXFileReference; lastKnownFileType = sourcecode.swift; path = EditProfileViewController.swift; sourceTree = "<group>"; };
		BADDEEEF2C00B7F000288585 /* SettingsFlowCoordinator.swift */ = {isa = PBXFileReference; lastKnownFileType = sourcecode.swift; path = SettingsFlowCoordinator.swift; sourceTree = "<group>"; };
		BADDEEF12C01467400288585 /* AlertFactory.swift */ = {isa = PBXFileReference; lastKnownFileType = sourcecode.swift; path = AlertFactory.swift; sourceTree = "<group>"; };
		BADDEEF32C02336A00288585 /* WishlistView.swift */ = {isa = PBXFileReference; lastKnownFileType = sourcecode.swift; path = WishlistView.swift; sourceTree = "<group>"; };
		BADDEEF52C02337800288585 /* WishlistViewModel.swift */ = {isa = PBXFileReference; lastKnownFileType = sourcecode.swift; path = WishlistViewModel.swift; sourceTree = "<group>"; };
		BADDEEF82C02378D00288585 /* WishlistTableViewCell.swift */ = {isa = PBXFileReference; lastKnownFileType = sourcecode.swift; path = WishlistTableViewCell.swift; sourceTree = "<group>"; };
		BADDEEFA2C0237A900288585 /* WishlistTableViewDataSource.swift */ = {isa = PBXFileReference; lastKnownFileType = sourcecode.swift; path = WishlistTableViewDataSource.swift; sourceTree = "<group>"; };
		BADDEEFC2C0237C500288585 /* WishListModel.swift */ = {isa = PBXFileReference; lastKnownFileType = sourcecode.swift; path = WishListModel.swift; sourceTree = "<group>"; };
		BADDEEFF2C02636C00288585 /* AddWishView.swift */ = {isa = PBXFileReference; lastKnownFileType = sourcecode.swift; path = AddWishView.swift; sourceTree = "<group>"; };
		BADDEF012C02637800288585 /* AddWishViewController.swift */ = {isa = PBXFileReference; lastKnownFileType = sourcecode.swift; path = AddWishViewController.swift; sourceTree = "<group>"; };
		BADDEF032C02649E00288585 /* AddWishViewModel.swift */ = {isa = PBXFileReference; lastKnownFileType = sourcecode.swift; path = AddWishViewModel.swift; sourceTree = "<group>"; };
		BADDEF052C0289C000288585 /* WishCoreData+CoreDataClass.swift */ = {isa = PBXFileReference; lastKnownFileType = sourcecode.swift; path = "WishCoreData+CoreDataClass.swift"; sourceTree = "<group>"; };
		BADDEF062C0289C000288585 /* WishCoreData+CoreDataProperties.swift */ = {isa = PBXFileReference; lastKnownFileType = sourcecode.swift; path = "WishCoreData+CoreDataProperties.swift"; sourceTree = "<group>"; };
		BAE90FA22BB964B200526899 /* ValidationService.swift */ = {isa = PBXFileReference; lastKnownFileType = sourcecode.swift; path = ValidationService.swift; sourceTree = "<group>"; };
		BAE90FA42BB9712600526899 /* AuthService.swift */ = {isa = PBXFileReference; lastKnownFileType = sourcecode.swift; path = AuthService.swift; sourceTree = "<group>"; };
		BAE90FA82BBA9AF800526899 /* SignInFlowCoordinator.swift */ = {isa = PBXFileReference; lastKnownFileType = sourcecode.swift; path = SignInFlowCoordinator.swift; sourceTree = "<group>"; };
		BAE90FAA2BBA9B0F00526899 /* SignInViewController.swift */ = {isa = PBXFileReference; lastKnownFileType = sourcecode.swift; path = SignInViewController.swift; sourceTree = "<group>"; };
		BAE90FAC2BBA9B2300526899 /* SignInViewModel.swift */ = {isa = PBXFileReference; lastKnownFileType = sourcecode.swift; path = SignInViewModel.swift; sourceTree = "<group>"; };
		BAF7C0342BB7401C00581F33 /* CoordinatorProtocol.swift */ = {isa = PBXFileReference; lastKnownFileType = sourcecode.swift; path = CoordinatorProtocol.swift; sourceTree = "<group>"; };
		BAF7C0362BB740BA00581F33 /* Coordinator.swift */ = {isa = PBXFileReference; lastKnownFileType = sourcecode.swift; path = Coordinator.swift; sourceTree = "<group>"; };
		BAF7C0382BB7427200581F33 /* FlowController.swift */ = {isa = PBXFileReference; lastKnownFileType = sourcecode.swift; path = FlowController.swift; sourceTree = "<group>"; };
		BAF7C03A2BB742BF00581F33 /* FlowControllerWithValue.swift */ = {isa = PBXFileReference; lastKnownFileType = sourcecode.swift; path = FlowControllerWithValue.swift; sourceTree = "<group>"; };
		BAF7C03D2BB7433000581F33 /* RouterProtocol.swift */ = {isa = PBXFileReference; lastKnownFileType = sourcecode.swift; path = RouterProtocol.swift; sourceTree = "<group>"; };
		BAF7C03F2BB7437F00581F33 /* Router.swift */ = {isa = PBXFileReference; lastKnownFileType = sourcecode.swift; path = Router.swift; sourceTree = "<group>"; };
		BAF7C0432BB7466600581F33 /* ModuleFactoryProtocol.swift */ = {isa = PBXFileReference; lastKnownFileType = sourcecode.swift; path = ModuleFactoryProtocol.swift; sourceTree = "<group>"; };
		BAF7C0482BB7475900581F33 /* AuthFlowCoordinator.swift */ = {isa = PBXFileReference; lastKnownFileType = sourcecode.swift; path = AuthFlowCoordinator.swift; sourceTree = "<group>"; };
		BAF7C04A2BB747AA00581F33 /* CoordinatorFactoryProtocol.swift */ = {isa = PBXFileReference; lastKnownFileType = sourcecode.swift; path = CoordinatorFactoryProtocol.swift; sourceTree = "<group>"; };
		BAF7C04C2BB7481200581F33 /* AppCoordinator.swift */ = {isa = PBXFileReference; lastKnownFileType = sourcecode.swift; path = AppCoordinator.swift; sourceTree = "<group>"; };
		BAF7C04E2BB750F900581F33 /* ModuleFactory.swift */ = {isa = PBXFileReference; lastKnownFileType = sourcecode.swift; path = ModuleFactory.swift; sourceTree = "<group>"; };
		BAF7C0502BB7514900581F33 /* CoordinatorFactory.swift */ = {isa = PBXFileReference; lastKnownFileType = sourcecode.swift; path = CoordinatorFactory.swift; sourceTree = "<group>"; };
/* End PBXFileReference section */

/* Begin PBXFrameworksBuildPhase section */
		BADB26F32BB36E2500AC96BA /* Frameworks */ = {
			isa = PBXFrameworksBuildPhase;
			buildActionMask = 2147483647;
			files = (
				BA7ABE862BB57F34009ED03E /* FirebaseDatabase in Frameworks */,
				BA7ABE8B2BB58088009ED03E /* Alamofire in Frameworks */,
				BA20453B2BFA53DB00C0B3BD /* FirebaseStorage in Frameworks */,
				BA52E09A2C05038400B7A0BC /* FSCalendar in Frameworks */,
				BA8F13222BB573D6001F5526 /* SnapKit in Frameworks */,
				BA52E0F62C0A940D00B7A0BC /* Moya in Frameworks */,
				BA8F13242BB573D6001F5526 /* SnapKit-Dynamic in Frameworks */,
				BA7ABE822BB57F34009ED03E /* FirebaseAnalytics in Frameworks */,
				BA7ABE8D2BB58088009ED03E /* AlamofireDynamic in Frameworks */,
				BA7ABE842BB57F34009ED03E /* FirebaseAuth in Frameworks */,
				BA7ABE882BB57F34009ED03E /* FirebaseFirestore in Frameworks */,
			);
			runOnlyForDeploymentPostprocessing = 0;
		};
/* End PBXFrameworksBuildPhase section */

/* Begin PBXGroup section */
		BA065ED12BD521650005EE39 /* TabBar */ = {
			isa = PBXGroup;
			children = (
				BA065ED42BD522300005EE39 /* Tabs */,
				BA065ED22BD521CC0005EE39 /* TabBarDelegate.swift */,
				BA065EF32BD52F5A0005EE39 /* TabBarFlowCoordinator.swift */,
				BA065EF52BD530B10005EE39 /* TabBarViewController.swift */,
			);
			path = TabBar;
			sourceTree = "<group>";
		};
		BA065ED42BD522300005EE39 /* Tabs */ = {
			isa = PBXGroup;
			children = (
				BA065ED52BD5225B0005EE39 /* Calendar */,
				BA065ED62BD522B80005EE39 /* Wishlist */,
				BA065ED72BD522E80005EE39 /* Main */,
				BA065ED82BD522FA0005EE39 /* Album */,
				BA065ED92BD523020005EE39 /* Profile */,
			);
			path = Tabs;
			sourceTree = "<group>";
		};
		BA065ED52BD5225B0005EE39 /* Calendar */ = {
			isa = PBXGroup;
			children = (
				BA52E0AC2C0631D900B7A0BC /* AddEvent */,
				BA52E0A12C060CEE00B7A0BC /* TableView */,
				BA065EDA2BD524B20005EE39 /* Screen */,
				BA065EDB2BD524CB0005EE39 /* CalendarFlowCoordinator.swift */,
			);
			path = Calendar;
			sourceTree = "<group>";
		};
		BA065ED62BD522B80005EE39 /* Wishlist */ = {
			isa = PBXGroup;
			children = (
				BADDEEFE2C02634000288585 /* AddWish */,
				BADDEEF72C02375A00288585 /* TableView */,
				BA065EDF2BD528A90005EE39 /* Screen */,
				BA065EEB2BD529C20005EE39 /* WishlistCoordinator.swift */,
			);
			path = Wishlist;
			sourceTree = "<group>";
		};
		BA065ED72BD522E80005EE39 /* Main */ = {
			isa = PBXGroup;
			children = (
				BA52E0E32C09C70300B7A0BC /* AddCounter */,
				BA065EE22BD528C40005EE39 /* Screen */,
				BA065EED2BD529D70005EE39 /* MainCoordinator.swift */,
			);
			path = Main;
			sourceTree = "<group>";
		};
		BA065ED82BD522FA0005EE39 /* Album */ = {
			isa = PBXGroup;
			children = (
				BA52E0C52C089B3800B7A0BC /* AddPhoto */,
				BA52E0C22C07B41000B7A0BC /* Detail */,
				BA52E0BD2C07A31900B7A0BC /* CollectionView */,
				BA065EE52BD528D60005EE39 /* Screen */,
				BA065EEF2BD529EA0005EE39 /* AlbumCoordinator.swift */,
			);
			path = Album;
			sourceTree = "<group>";
		};
		BA065ED92BD523020005EE39 /* Profile */ = {
			isa = PBXGroup;
			children = (
				BA52E0F92C0A9F6E00B7A0BC /* Activity */,
				BA065EE82BD528E60005EE39 /* Screen */,
				BA065EF12BD52A050005EE39 /* ProfileCoordinator.swift */,
			);
			path = Profile;
			sourceTree = "<group>";
		};
		BA065EDA2BD524B20005EE39 /* Screen */ = {
			isa = PBXGroup;
			children = (
				BA065EDD2BD528910005EE39 /* CalendarViewController.swift */,
				BA52E09B2C05040900B7A0BC /* CalendarView.swift */,
				BA52E09D2C05043100B7A0BC /* CalendarViewModel.swift */,
				BA52E09F2C0607F500B7A0BC /* CalendarDataSource.swift */,
			);
			path = Screen;
			sourceTree = "<group>";
		};
		BA065EDF2BD528A90005EE39 /* Screen */ = {
			isa = PBXGroup;
			children = (
				BA065EE02BD528BE0005EE39 /* WishlistViewController.swift */,
				BADDEEF32C02336A00288585 /* WishlistView.swift */,
				BADDEEF52C02337800288585 /* WishlistViewModel.swift */,
			);
			path = Screen;
			sourceTree = "<group>";
		};
		BA065EE22BD528C40005EE39 /* Screen */ = {
			isa = PBXGroup;
			children = (
				BA065EE32BD528D10005EE39 /* MainViewController.swift */,
				BA52E0D72C091BAD00B7A0BC /* MainView.swift */,
				BA52E0D92C091BC100B7A0BC /* MainViewModel.swift */,
				BA52E0EA2C09E01400B7A0BC /* StartView.swift */,
			);
			path = Screen;
			sourceTree = "<group>";
		};
		BA065EE52BD528D60005EE39 /* Screen */ = {
			isa = PBXGroup;
			children = (
				BA065EE62BD528E00005EE39 /* AlbumViewController.swift */,
				BA52E0B92C07A1B200B7A0BC /* AlbumView.swift */,
				BA52E0BB2C07A24600B7A0BC /* AlbumViewModel.swift */,
			);
			path = Screen;
			sourceTree = "<group>";
		};
		BA065EE82BD528E60005EE39 /* Screen */ = {
			isa = PBXGroup;
			children = (
				BA065EE92BD528F00005EE39 /* ProfileViewController.swift */,
				BA95BB442BD7140A00B458B4 /* ProfileViewModel.swift */,
				BA20452B2BF9347000C0B3BD /* ProfileView.swift */,
			);
			path = Screen;
			sourceTree = "<group>";
		};
		BA20452D2BFA2EDF00C0B3BD /* Protocols */ = {
			isa = PBXGroup;
			children = (
				BA20452E2BFA2EFB00C0B3BD /* FirestoreServiceProtocol.swift */,
				BA2045352BFA4FB100C0B3BD /* StorageServiceProtocol.swift */,
				BADDEEC82BFB8F5D00288585 /* CoreDataServiceProtocol.swift */,
				BA52E0EE2C0A906C00B7A0BC /* NetworkServiceProtocol.swift */,
			);
			path = Protocols;
			sourceTree = "<group>";
		};
		BA2045302BFA491800C0B3BD /* Models */ = {
			isa = PBXGroup;
			children = (
				BA52E0D22C08AA5E00B7A0BC /* Protocols */,
				BA2045312BFA493B00C0B3BD /* UserModel.swift */,
				BA52E0A62C060F4400B7A0BC /* EventModel.swift */,
				BA52E0CC2C08A0C200B7A0BC /* PhotoModel.swift */,
				BADDEED62BFD0F9700288585 /* SettingsModel.swift */,
				BA52E0DB2C09263B00B7A0BC /* CounterModel.swift */,
				BA52E0F02C0A91B300B7A0BC /* ActivityModel.swift */,
				BA52E0FC2C0AAFC300B7A0BC /* ActivityResponseModel.swift */,
				BADDEEFC2C0237C500288585 /* WishListModel.swift */,
			);
			path = Models;
			sourceTree = "<group>";
		};
		BA2045392BFA53DB00C0B3BD /* Frameworks */ = {
			isa = PBXGroup;
			children = (
			);
			name = Frameworks;
			sourceTree = "<group>";
		};
		BA21E4BC2BCE85AD00F9916F /* Assets */ = {
			isa = PBXGroup;
			children = (
				BA21E4C02BCE873A00F9916F /* SwiftGenGenerated */,
				BADB27022BB36E2600AC96BA /* Assets.xcassets */,
				BA21E4BD2BCE86F800F9916F /* Localizable.strings */,
				BA3B4C842BD7D89F0009E006 /* SystemImages.swift */,
			);
			path = Assets;
			sourceTree = "<group>";
		};
		BA21E4C02BCE873A00F9916F /* SwiftGenGenerated */ = {
			isa = PBXGroup;
			children = (
				BA21E4C12BCE87AE00F9916F /* GeneratedStrings.swift */,
			);
			path = SwiftGenGenerated;
			sourceTree = "<group>";
		};
		BA4FBE612BC567410066CFE7 /* Extensions */ = {
			isa = PBXGroup;
			children = (
				BA4FBE622BC568020066CFE7 /* UIViewControllerExtensions.swift */,
				BA0FDECB2BC9CB180010D0FA /* UIViewExtensions.swift */,
				BA52E0B72C0682EF00B7A0BC /* DateExtensions.swift */,
				BA52E0DD2C0939DC00B7A0BC /* StringExtensions.swift */,
				BA52E0EC2C0A693600B7A0BC /* IntExtensions.swift */,
			);
			path = Extensions;
			sourceTree = "<group>";
		};
		BA52E0A12C060CEE00B7A0BC /* TableView */ = {
			isa = PBXGroup;
			children = (
				BA52E0A22C060D1100B7A0BC /* CalendarTableViewDataSource.swift */,
				BA52E0A42C060D5700B7A0BC /* CalendarTableViewCell.swift */,
			);
			path = TableView;
			sourceTree = "<group>";
		};
		BA52E0AC2C0631D900B7A0BC /* AddEvent */ = {
			isa = PBXGroup;
			children = (
				BA52E0AD2C0631ED00B7A0BC /* AddEventView.swift */,
				BA52E0AF2C0631F900B7A0BC /* AddEventViewController.swift */,
				BA52E0B12C06322400B7A0BC /* AddEventViewModel.swift */,
			);
			path = AddEvent;
			sourceTree = "<group>";
		};
		BA52E0BD2C07A31900B7A0BC /* CollectionView */ = {
			isa = PBXGroup;
			children = (
				BA52E0BE2C07A6F400B7A0BC /* AlbumCollectionViewCell.swift */,
				BA52E0C02C07A70900B7A0BC /* AlbumCollectionViewDataSource.swift */,
				BA52E0D52C08ADBA00B7A0BC /* AlbumCollectionViewHeader.swift */,
			);
			path = CollectionView;
			sourceTree = "<group>";
		};
		BA52E0C22C07B41000B7A0BC /* Detail */ = {
			isa = PBXGroup;
			children = (
				BA52E0C32C07B42800B7A0BC /* PhotoDetailViewController.swift */,
			);
			path = Detail;
			sourceTree = "<group>";
		};
		BA52E0C52C089B3800B7A0BC /* AddPhoto */ = {
			isa = PBXGroup;
			children = (
				BA52E0C62C089B6F00B7A0BC /* AddPhotoView.swift */,
				BA52E0C82C089B9300B7A0BC /* AddPhotoViewController.swift */,
				BA52E0CA2C089BAB00B7A0BC /* AddPhotoViewModel.swift */,
			);
			path = AddPhoto;
			sourceTree = "<group>";
		};
		BA52E0D22C08AA5E00B7A0BC /* Protocols */ = {
			isa = PBXGroup;
			children = (
				BA52E0D32C08AA6800B7A0BC /* Displayable.swift */,
			);
			path = Protocols;
			sourceTree = "<group>";
		};
		BA52E0E32C09C70300B7A0BC /* AddCounter */ = {
			isa = PBXGroup;
			children = (
				BA52E0E42C09C73100B7A0BC /* AddCounterView.swift */,
				BA52E0E62C09C73E00B7A0BC /* AddCounterViewController.swift */,
				BA52E0E82C09C74900B7A0BC /* AddCounterViewModel.swift */,
			);
			path = AddCounter;
			sourceTree = "<group>";
		};
		BA52E0F92C0A9F6E00B7A0BC /* Activity */ = {
			isa = PBXGroup;
			children = (
				BA52E0FA2C0A9F7F00B7A0BC /* ActivityView.swift */,
			);
			path = Activity;
			sourceTree = "<group>";
		};
		BABB7A9B2BB85A8200BAC60C /* Registration */ = {
			isa = PBXGroup;
			children = (
				BABB7A9C2BB85AA000BAC60C /* Screen */,
				BABB7A9D2BB85AC600BAC60C /* RegistrationFlowCoordinator.swift */,
			);
			path = Registration;
			sourceTree = "<group>";
		};
		BABB7A9C2BB85AA000BAC60C /* Screen */ = {
			isa = PBXGroup;
			children = (
				BABB7A9F2BB85AE400BAC60C /* RegistrationViewController.swift */,
				BABB7AA12BB85AF300BAC60C /* RegistrationViewModel.swift */,
				BA0F4D312BCC2F7E00C02D07 /* RegistrationView.swift */,
			);
			path = Screen;
			sourceTree = "<group>";
		};
		BADB26ED2BB36E2500AC96BA = {
			isa = PBXGroup;
			children = (
				BADB26F82BB36E2500AC96BA /* LoveCalendar */,
				BADB26F72BB36E2500AC96BA /* Products */,
				BA2045392BFA53DB00C0B3BD /* Frameworks */,
			);
			sourceTree = "<group>";
		};
		BADB26F72BB36E2500AC96BA /* Products */ = {
			isa = PBXGroup;
			children = (
				BADB26F62BB36E2500AC96BA /* LoveCalendar.app */,
			);
			name = Products;
			sourceTree = "<group>";
		};
		BADB26F82BB36E2500AC96BA /* LoveCalendar */ = {
			isa = PBXGroup;
			children = (
				BADDEEC02BFB8E6F00288585 /* CoreData */,
				BA2045302BFA491800C0B3BD /* Models */,
				BA21E4BC2BCE85AD00F9916F /* Assets */,
				BA4FBE612BC567410066CFE7 /* Extensions */,
				BAE90FA12BB9649500526899 /* Services */,
				BAF7C0452BB746BA00581F33 /* Flows */,
				BAF7C0412BB7461800581F33 /* Factories */,
				BAF7C03C2BB7431D00581F33 /* Router */,
				BAF7C0322BB73FF900581F33 /* Coordinator */,
				BADB270D2BB36ED500AC96BA /* App */,
				BADB27042BB36E2600AC96BA /* LaunchScreen.storyboard */,
				BADB27072BB36E2600AC96BA /* Info.plist */,
				BA8F13272BB57A35001F5526 /* GoogleService-Info.plist */,
			);
			path = LoveCalendar;
			sourceTree = "<group>";
		};
		BADB270D2BB36ED500AC96BA /* App */ = {
			isa = PBXGroup;
			children = (
				BADB26F92BB36E2500AC96BA /* AppDelegate.swift */,
				BADB26FB2BB36E2500AC96BA /* SceneDelegate.swift */,
				BAF7C04C2BB7481200581F33 /* AppCoordinator.swift */,
			);
			path = App;
			sourceTree = "<group>";
		};
		BADDEEC02BFB8E6F00288585 /* CoreData */ = {
			isa = PBXGroup;
			children = (
				BA52E0DF2C093D7100B7A0BC /* CounterCoreData+CoreDataClass.swift */,
				BA52E0E02C093D7100B7A0BC /* CounterCoreData+CoreDataProperties.swift */,
				BA52E0CE2C08A1AA00B7A0BC /* PhotoCoreData+CoreDataClass.swift */,
				BA52E0CF2C08A1AA00B7A0BC /* PhotoCoreData+CoreDataProperties.swift */,
				BA52E0A82C06316D00B7A0BC /* EventCoreData+CoreDataClass.swift */,
				BA52E0A92C06316D00B7A0BC /* EventCoreData+CoreDataProperties.swift */,
				BADDEF052C0289C000288585 /* WishCoreData+CoreDataClass.swift */,
				BADDEF062C0289C000288585 /* WishCoreData+CoreDataProperties.swift */,
				BADDEEC42BFB8F0500288585 /* UserCoreData+CoreDataClass.swift */,
				BADDEEC52BFB8F0500288585 /* UserCoreData+CoreDataProperties.swift */,
				BADDEEC12BFB8EC100288585 /* CoreData.xcdatamodeld */,
			);
			path = CoreData;
			sourceTree = "<group>";
		};
		BADDEECC2BFCED6C00288585 /* Settings */ = {
			isa = PBXGroup;
			children = (
				BADDEEEE2C00B7CD00288585 /* Screen */,
				BADDEEE72C00AF9D00288585 /* EditProfile */,
				BADDEEE22BFFE26D00288585 /* Theme */,
				BADDEED32BFCF32B00288585 /* TableView */,
				BADDEEEF2C00B7F000288585 /* SettingsFlowCoordinator.swift */,
			);
			path = Settings;
			sourceTree = "<group>";
		};
		BADDEED32BFCF32B00288585 /* TableView */ = {
			isa = PBXGroup;
			children = (
				BADDEED42BFD08E100288585 /* SettingsSwitchTableViewCell.swift */,
				BADDEED82BFD12BB00288585 /* SettingsTableViewDataSource.swift */,
				BADDEEE02BFE778500288585 /* SettingsTableViewCell.swift */,
			);
			path = TableView;
			sourceTree = "<group>";
		};
		BADDEEE22BFFE26D00288585 /* Theme */ = {
			isa = PBXGroup;
			children = (
				BADDEEE32BFFE27A00288585 /* Theme.swift */,
			);
			path = Theme;
			sourceTree = "<group>";
		};
		BADDEEE72C00AF9D00288585 /* EditProfile */ = {
			isa = PBXGroup;
			children = (
				BADDEEE82C00B01200288585 /* EditProfileView.swift */,
				BADDEEEA2C00B02300288585 /* EditProfileViewModel.swift */,
				BADDEEEC2C00B03800288585 /* EditProfileViewController.swift */,
			);
			path = EditProfile;
			sourceTree = "<group>";
		};
		BADDEEEE2C00B7CD00288585 /* Screen */ = {
			isa = PBXGroup;
			children = (
				BADDEECD2BFCEDF500288585 /* SettingsViewController.swift */,
				BADDEED12BFCEE1000288585 /* SettingsViewModel.swift */,
				BADDEECF2BFCEE0400288585 /* SettingsView.swift */,
			);
			path = Screen;
			sourceTree = "<group>";
		};
		BADDEEF72C02375A00288585 /* TableView */ = {
			isa = PBXGroup;
			children = (
				BADDEEF82C02378D00288585 /* WishlistTableViewCell.swift */,
				BADDEEFA2C0237A900288585 /* WishlistTableViewDataSource.swift */,
			);
			path = TableView;
			sourceTree = "<group>";
		};
		BADDEEFE2C02634000288585 /* AddWish */ = {
			isa = PBXGroup;
			children = (
				BADDEEFF2C02636C00288585 /* AddWishView.swift */,
				BADDEF012C02637800288585 /* AddWishViewController.swift */,
				BADDEF032C02649E00288585 /* AddWishViewModel.swift */,
			);
			path = AddWish;
			sourceTree = "<group>";
		};
		BAE90FA12BB9649500526899 /* Services */ = {
			isa = PBXGroup;
			children = (
				BA20452D2BFA2EDF00C0B3BD /* Protocols */,
				BAE90FA22BB964B200526899 /* ValidationService.swift */,
				BAE90FA42BB9712600526899 /* AuthService.swift */,
				BA2045332BFA4AA100C0B3BD /* FirestoreService.swift */,
				BA2045372BFA503700C0B3BD /* StorageService.swift */,
				BADDEECA2BFB8FD400288585 /* CoreDataService.swift */,
				BADDEEE52BFFE3B900288585 /* ThemeService.swift */,
				BA52E0F22C0A921700B7A0BC /* NetworkService.swift */,
				BA52E0F72C0A967600B7A0BC /* ApiTarget.swift */,
			);
			path = Services;
			sourceTree = "<group>";
		};
		BAE90FA62BBA9AC200526899 /* SignIn */ = {
			isa = PBXGroup;
			children = (
				BAE90FA72BBA9ADF00526899 /* Screen */,
				BAE90FA82BBA9AF800526899 /* SignInFlowCoordinator.swift */,
			);
			path = SignIn;
			sourceTree = "<group>";
		};
		BAE90FA72BBA9ADF00526899 /* Screen */ = {
			isa = PBXGroup;
			children = (
				BAE90FAA2BBA9B0F00526899 /* SignInViewController.swift */,
				BAE90FAC2BBA9B2300526899 /* SignInViewModel.swift */,
				BA0F4D332BCC459E00C02D07 /* SignInView.swift */,
			);
			path = Screen;
			sourceTree = "<group>";
		};
		BAF7C0322BB73FF900581F33 /* Coordinator */ = {
			isa = PBXGroup;
			children = (
				BAF7C0332BB7400700581F33 /* Protocols */,
				BAF7C0362BB740BA00581F33 /* Coordinator.swift */,
			);
			path = Coordinator;
			sourceTree = "<group>";
		};
		BAF7C0332BB7400700581F33 /* Protocols */ = {
			isa = PBXGroup;
			children = (
				BAF7C0342BB7401C00581F33 /* CoordinatorProtocol.swift */,
				BAF7C0382BB7427200581F33 /* FlowController.swift */,
				BAF7C03A2BB742BF00581F33 /* FlowControllerWithValue.swift */,
			);
			path = Protocols;
			sourceTree = "<group>";
		};
		BAF7C03C2BB7431D00581F33 /* Router */ = {
			isa = PBXGroup;
			children = (
				BAF7C03D2BB7433000581F33 /* RouterProtocol.swift */,
				BAF7C03F2BB7437F00581F33 /* Router.swift */,
			);
			path = Router;
			sourceTree = "<group>";
		};
		BAF7C0412BB7461800581F33 /* Factories */ = {
			isa = PBXGroup;
			children = (
				BAF7C0422BB7464A00581F33 /* Protocols */,
				BAF7C04E2BB750F900581F33 /* ModuleFactory.swift */,
				BAF7C0502BB7514900581F33 /* CoordinatorFactory.swift */,
				BADDEEF12C01467400288585 /* AlertFactory.swift */,
			);
			path = Factories;
			sourceTree = "<group>";
		};
		BAF7C0422BB7464A00581F33 /* Protocols */ = {
			isa = PBXGroup;
			children = (
				BAF7C0432BB7466600581F33 /* ModuleFactoryProtocol.swift */,
				BAF7C04A2BB747AA00581F33 /* CoordinatorFactoryProtocol.swift */,
			);
			path = Protocols;
			sourceTree = "<group>";
		};
		BAF7C0452BB746BA00581F33 /* Flows */ = {
			isa = PBXGroup;
			children = (
				BADDEECC2BFCED6C00288585 /* Settings */,
				BA065ED12BD521650005EE39 /* TabBar */,
				BAE90FA62BBA9AC200526899 /* SignIn */,
				BABB7A9B2BB85A8200BAC60C /* Registration */,
				BAF7C0462BB746C400581F33 /* Auth */,
			);
			path = Flows;
			sourceTree = "<group>";
		};
		BAF7C0462BB746C400581F33 /* Auth */ = {
			isa = PBXGroup;
			children = (
				BAF7C0472BB7472C00581F33 /* Screen */,
				BAF7C0482BB7475900581F33 /* AuthFlowCoordinator.swift */,
			);
			path = Auth;
			sourceTree = "<group>";
		};
		BAF7C0472BB7472C00581F33 /* Screen */ = {
			isa = PBXGroup;
			children = (
				BADB26FD2BB36E2500AC96BA /* AuthViewController.swift */,
				BA0FDEC92BC9C82B0010D0FA /* AuthView.swift */,
				BA0FDECD2BC9D48F0010D0FA /* BackgroundView.swift */,
			);
			path = Screen;
			sourceTree = "<group>";
		};
/* End PBXGroup section */

/* Begin PBXNativeTarget section */
		BADB26F52BB36E2500AC96BA /* LoveCalendar */ = {
			isa = PBXNativeTarget;
			buildConfigurationList = BADB270A2BB36E2600AC96BA /* Build configuration list for PBXNativeTarget "LoveCalendar" */;
			buildPhases = (
				BA52EB1B2BB56AFC001D636E /* Swiftlint */,
				BADB26F22BB36E2500AC96BA /* Sources */,
				BADB26F32BB36E2500AC96BA /* Frameworks */,
				BADB26F42BB36E2500AC96BA /* Resources */,
			);
			buildRules = (
			);
			dependencies = (
			);
			name = LoveCalendar;
			packageProductDependencies = (
				BA8F13212BB573D6001F5526 /* SnapKit */,
				BA8F13232BB573D6001F5526 /* SnapKit-Dynamic */,
				BA7ABE812BB57F34009ED03E /* FirebaseAnalytics */,
				BA7ABE832BB57F34009ED03E /* FirebaseAuth */,
				BA7ABE852BB57F34009ED03E /* FirebaseDatabase */,
				BA7ABE872BB57F34009ED03E /* FirebaseFirestore */,
				BA7ABE8A2BB58088009ED03E /* Alamofire */,
				BA7ABE8C2BB58088009ED03E /* AlamofireDynamic */,
				BA20453A2BFA53DB00C0B3BD /* FirebaseStorage */,
				BA52E0992C05038400B7A0BC /* FSCalendar */,
				BA52E0F52C0A940D00B7A0BC /* Moya */,
			);
			productName = LoveCalendar;
			productReference = BADB26F62BB36E2500AC96BA /* LoveCalendar.app */;
			productType = "com.apple.product-type.application";
		};
/* End PBXNativeTarget section */

/* Begin PBXProject section */
		BADB26EE2BB36E2500AC96BA /* Project object */ = {
			isa = PBXProject;
			attributes = {
				BuildIndependentTargetsInParallel = 1;
				LastSwiftUpdateCheck = 1530;
				LastUpgradeCheck = 1530;
				TargetAttributes = {
					BADB26F52BB36E2500AC96BA = {
						CreatedOnToolsVersion = 15.3;
					};
				};
			};
			buildConfigurationList = BADB26F12BB36E2500AC96BA /* Build configuration list for PBXProject "LoveCalendar" */;
			compatibilityVersion = "Xcode 14.0";
			developmentRegion = en;
			hasScannedForEncodings = 0;
			knownRegions = (
				en,
				Base,
				ru,
			);
			mainGroup = BADB26ED2BB36E2500AC96BA;
			packageReferences = (
				BA8F13202BB573D6001F5526 /* XCRemoteSwiftPackageReference "SnapKit" */,
				BA7ABE802BB57F34009ED03E /* XCRemoteSwiftPackageReference "firebase-ios-sdk" */,
				BA7ABE892BB58088009ED03E /* XCRemoteSwiftPackageReference "Alamofire" */,
				BA52E0982C05038400B7A0BC /* XCRemoteSwiftPackageReference "FSCalendar" */,
				BA52E0F42C0A940D00B7A0BC /* XCRemoteSwiftPackageReference "Moya" */,
				BA52E0FE2C0ABBE100B7A0BC /* XCRemoteSwiftPackageReference "IQKeyboardManager" */,
			);
			productRefGroup = BADB26F72BB36E2500AC96BA /* Products */;
			projectDirPath = "";
			projectRoot = "";
			targets = (
				BADB26F52BB36E2500AC96BA /* LoveCalendar */,
			);
		};
/* End PBXProject section */

/* Begin PBXResourcesBuildPhase section */
		BADB26F42BB36E2500AC96BA /* Resources */ = {
			isa = PBXResourcesBuildPhase;
			buildActionMask = 2147483647;
			files = (
				BADB27032BB36E2600AC96BA /* Assets.xcassets in Resources */,
				BA21E4BF2BCE86F800F9916F /* Localizable.strings in Resources */,
				BADB27062BB36E2600AC96BA /* Base in Resources */,
				BA8F13282BB57A35001F5526 /* GoogleService-Info.plist in Resources */,
			);
			runOnlyForDeploymentPostprocessing = 0;
		};
/* End PBXResourcesBuildPhase section */

/* Begin PBXShellScriptBuildPhase section */
		BA52EB1B2BB56AFC001D636E /* Swiftlint */ = {
			isa = PBXShellScriptBuildPhase;
			alwaysOutOfDate = 1;
			buildActionMask = 2147483647;
			files = (
			);
			inputFileListPaths = (
			);
			inputPaths = (
			);
			name = Swiftlint;
			outputFileListPaths = (
			);
			outputPaths = (
			);
			runOnlyForDeploymentPostprocessing = 0;
			shellPath = /bin/sh;
			shellScript = "export PATH=\"$PATH:/opt/homebrew/bin\"\nif which swiftlint >/dev/null; then\n  swiftlint\nelse\n  echo \"error: SwiftLint does not exist, download it from https://github.com/realm/SwiftLint\"\n  exit 1\nfi\n";
			showEnvVarsInLog = 0;
		};
/* End PBXShellScriptBuildPhase section */

/* Begin PBXSourcesBuildPhase section */
		BADB26F22BB36E2500AC96BA /* Sources */ = {
			isa = PBXSourcesBuildPhase;
			buildActionMask = 2147483647;
			files = (
				BA065EF42BD52F5A0005EE39 /* TabBarFlowCoordinator.swift in Sources */,
				BADDEEC62BFB8F0500288585 /* UserCoreData+CoreDataClass.swift in Sources */,
				BA52E0EB2C09E01400B7A0BC /* StartView.swift in Sources */,
				BADDEEC72BFB8F0500288585 /* UserCoreData+CoreDataProperties.swift in Sources */,
				BADDEEFB2C0237A900288585 /* WishlistTableViewDataSource.swift in Sources */,
				BADDEED22BFCEE1000288585 /* SettingsViewModel.swift in Sources */,
				BA52E0DA2C091BC100B7A0BC /* MainViewModel.swift in Sources */,
				BA0FDECE2BC9D48F0010D0FA /* BackgroundView.swift in Sources */,
				BADDEEE62BFFE3BA00288585 /* ThemeService.swift in Sources */,
				BA52E0CB2C089BAB00B7A0BC /* AddPhotoViewModel.swift in Sources */,
				BAE90FAB2BBA9B0F00526899 /* SignInViewController.swift in Sources */,
				BADDEECE2BFCEDF500288585 /* SettingsViewController.swift in Sources */,
				BADB26FE2BB36E2500AC96BA /* AuthViewController.swift in Sources */,
				BADDEEF92C02378D00288585 /* WishlistTableViewCell.swift in Sources */,
				BADDEEF42C02336A00288585 /* WishlistView.swift in Sources */,
				BA52E0DC2C09263B00B7A0BC /* CounterModel.swift in Sources */,
				BA52E0BC2C07A24600B7A0BC /* AlbumViewModel.swift in Sources */,
				BA52E0C12C07A70900B7A0BC /* AlbumCollectionViewDataSource.swift in Sources */,
				BA3B4C852BD7D89F0009E006 /* SystemImages.swift in Sources */,
				BA065EF62BD530B10005EE39 /* TabBarViewController.swift in Sources */,
				BADDEF022C02637800288585 /* AddWishViewController.swift in Sources */,
				BADDEEF22C01467400288585 /* AlertFactory.swift in Sources */,
				BA065EDE2BD528910005EE39 /* CalendarViewController.swift in Sources */,
				BADDEF072C0289C000288585 /* WishCoreData+CoreDataClass.swift in Sources */,
				BA52E0D62C08ADBA00B7A0BC /* AlbumCollectionViewHeader.swift in Sources */,
				BADDEF082C0289C000288585 /* WishCoreData+CoreDataProperties.swift in Sources */,
				BADDEEE12BFE778500288585 /* SettingsTableViewCell.swift in Sources */,
				BADDEEEB2C00B02300288585 /* EditProfileViewModel.swift in Sources */,
				BA0F4D322BCC2F7E00C02D07 /* RegistrationView.swift in Sources */,
				BABB7AA22BB85AF300BAC60C /* RegistrationViewModel.swift in Sources */,
				BA52E0F12C0A91B300B7A0BC /* ActivityModel.swift in Sources */,
				BADB26FA2BB36E2500AC96BA /* AppDelegate.swift in Sources */,
				BA52E0E12C093D7100B7A0BC /* CounterCoreData+CoreDataClass.swift in Sources */,
				BA52E0E22C093D7100B7A0BC /* CounterCoreData+CoreDataProperties.swift in Sources */,
				BA52E0ED2C0A693600B7A0BC /* IntExtensions.swift in Sources */,
				BADDEED52BFD08E100288585 /* SettingsSwitchTableViewCell.swift in Sources */,
				BAE90FAD2BBA9B2300526899 /* SignInViewModel.swift in Sources */,
				BA065EF22BD52A050005EE39 /* ProfileCoordinator.swift in Sources */,
				BAF7C04D2BB7481200581F33 /* AppCoordinator.swift in Sources */,
				BA52E0A72C060F4400B7A0BC /* EventModel.swift in Sources */,
				BA0F4D342BCC459E00C02D07 /* SignInView.swift in Sources */,
				BA52E0FB2C0A9F7F00B7A0BC /* ActivityView.swift in Sources */,
				BA065EEE2BD529D70005EE39 /* MainCoordinator.swift in Sources */,
				BA52E0B82C0682EF00B7A0BC /* DateExtensions.swift in Sources */,
				BADDEEF02C00B7F000288585 /* SettingsFlowCoordinator.swift in Sources */,
				BAF7C0442BB7466600581F33 /* ModuleFactoryProtocol.swift in Sources */,
				BADDEEC32BFB8EC100288585 /* CoreData.xcdatamodeld in Sources */,
				BAE90FA92BBA9AF800526899 /* SignInFlowCoordinator.swift in Sources */,
				BA065EE72BD528E00005EE39 /* AlbumViewController.swift in Sources */,
				BADDEEE42BFFE27A00288585 /* Theme.swift in Sources */,
				BAF7C03E2BB7433000581F33 /* RouterProtocol.swift in Sources */,
				BA95BB452BD7140A00B458B4 /* ProfileViewModel.swift in Sources */,
				BA2045322BFA493B00C0B3BD /* UserModel.swift in Sources */,
				BAF7C0372BB740BA00581F33 /* Coordinator.swift in Sources */,
				BADDEEC92BFB8F5D00288585 /* CoreDataServiceProtocol.swift in Sources */,
				BA52E0C92C089B9300B7A0BC /* AddPhotoViewController.swift in Sources */,
				BADDEF042C02649E00288585 /* AddWishViewModel.swift in Sources */,
				BA065EE42BD528D10005EE39 /* MainViewController.swift in Sources */,
				BAE90FA52BB9712600526899 /* AuthService.swift in Sources */,
				BADDEECB2BFB8FD400288585 /* CoreDataService.swift in Sources */,
				BA065EDC2BD524CB0005EE39 /* CalendarFlowCoordinator.swift in Sources */,
				BA52E0DE2C0939DC00B7A0BC /* StringExtensions.swift in Sources */,
				BADDEEE92C00B01200288585 /* EditProfileView.swift in Sources */,
				BAF7C04F2BB750F900581F33 /* ModuleFactory.swift in Sources */,
				BA52E0A52C060D5700B7A0BC /* CalendarTableViewCell.swift in Sources */,
				BA52E0BA2C07A1B200B7A0BC /* AlbumView.swift in Sources */,
				BAE90FA32BB964B200526899 /* ValidationService.swift in Sources */,
				BA065ED32BD521CC0005EE39 /* TabBarDelegate.swift in Sources */,
				BAF7C0402BB7437F00581F33 /* Router.swift in Sources */,
				BA52E0E72C09C73E00B7A0BC /* AddCounterViewController.swift in Sources */,
				BA2045362BFA4FB100C0B3BD /* StorageServiceProtocol.swift in Sources */,
				BA52E0C42C07B42800B7A0BC /* PhotoDetailViewController.swift in Sources */,
				BA52E0AA2C06316D00B7A0BC /* EventCoreData+CoreDataClass.swift in Sources */,
				BA52E0B22C06322400B7A0BC /* AddEventViewModel.swift in Sources */,
				BA52E0AB2C06316D00B7A0BC /* EventCoreData+CoreDataProperties.swift in Sources */,
				BADDEEFD2C0237C500288585 /* WishListModel.swift in Sources */,
				BABB7AA02BB85AE400BAC60C /* RegistrationViewController.swift in Sources */,
				BA52E0FD2C0AAFC300B7A0BC /* ActivityResponseModel.swift in Sources */,
				BADDEEED2C00B03800288585 /* EditProfileViewController.swift in Sources */,
				BA065EE12BD528BE0005EE39 /* WishlistViewController.swift in Sources */,
				BA52E0BF2C07A6F400B7A0BC /* AlbumCollectionViewCell.swift in Sources */,
				BAF7C04B2BB747AA00581F33 /* CoordinatorFactoryProtocol.swift in Sources */,
				BA52E0D82C091BAD00B7A0BC /* MainView.swift in Sources */,
				BA52E0B02C0631F900B7A0BC /* AddEventViewController.swift in Sources */,
				BA0FDECC2BC9CB180010D0FA /* UIViewExtensions.swift in Sources */,
				BA52E0F82C0A967600B7A0BC /* ApiTarget.swift in Sources */,
				BA20452F2BFA2EFB00C0B3BD /* FirestoreServiceProtocol.swift in Sources */,
				BA0FDECA2BC9C82B0010D0FA /* AuthView.swift in Sources */,
				BA4FBE632BC568020066CFE7 /* UIViewControllerExtensions.swift in Sources */,
				BA52E0F32C0A921700B7A0BC /* NetworkService.swift in Sources */,
				BADDEEF62C02337800288585 /* WishlistViewModel.swift in Sources */,
				BABB7A9E2BB85AC600BAC60C /* RegistrationFlowCoordinator.swift in Sources */,
				BAF7C0512BB7514900581F33 /* CoordinatorFactory.swift in Sources */,
				BA52E0EF2C0A906C00B7A0BC /* NetworkServiceProtocol.swift in Sources */,
				BA52E0D02C08A1AA00B7A0BC /* PhotoCoreData+CoreDataClass.swift in Sources */,
				BA52E0E92C09C74900B7A0BC /* AddCounterViewModel.swift in Sources */,
				BA52E0D12C08A1AA00B7A0BC /* PhotoCoreData+CoreDataProperties.swift in Sources */,
				BADDEED72BFD0F9700288585 /* SettingsModel.swift in Sources */,
				BA21E4C22BCE87AE00F9916F /* GeneratedStrings.swift in Sources */,
				BAF7C0352BB7401C00581F33 /* CoordinatorProtocol.swift in Sources */,
				BA52E0A02C0607F500B7A0BC /* CalendarDataSource.swift in Sources */,
				BADDEED02BFCEE0400288585 /* SettingsView.swift in Sources */,
				BA52E09C2C05040900B7A0BC /* CalendarView.swift in Sources */,
				BADB26FC2BB36E2500AC96BA /* SceneDelegate.swift in Sources */,
				BA065EEC2BD529C20005EE39 /* WishlistCoordinator.swift in Sources */,
				BA2045342BFA4AA100C0B3BD /* FirestoreService.swift in Sources */,
				BA52E09E2C05043100B7A0BC /* CalendarViewModel.swift in Sources */,
				BADDEF002C02636C00288585 /* AddWishView.swift in Sources */,
				BA20452C2BF9347000C0B3BD /* ProfileView.swift in Sources */,
				BA52E0A32C060D1100B7A0BC /* CalendarTableViewDataSource.swift in Sources */,
				BA52E0C72C089B6F00B7A0BC /* AddPhotoView.swift in Sources */,
				BAF7C03B2BB742BF00581F33 /* FlowControllerWithValue.swift in Sources */,
				BA2045382BFA503700C0B3BD /* StorageService.swift in Sources */,
				BA065EEA2BD528F00005EE39 /* ProfileViewController.swift in Sources */,
				BAF7C0392BB7427200581F33 /* FlowController.swift in Sources */,
				BA065EF02BD529EA0005EE39 /* AlbumCoordinator.swift in Sources */,
				BA52E0CD2C08A0C200B7A0BC /* PhotoModel.swift in Sources */,
				BA52E0E52C09C73100B7A0BC /* AddCounterView.swift in Sources */,
				BAF7C0492BB7475900581F33 /* AuthFlowCoordinator.swift in Sources */,
				BA52E0D42C08AA6800B7A0BC /* Displayable.swift in Sources */,
				BA52E0AE2C0631ED00B7A0BC /* AddEventView.swift in Sources */,
				BADDEED92BFD12BB00288585 /* SettingsTableViewDataSource.swift in Sources */,
			);
			runOnlyForDeploymentPostprocessing = 0;
		};
/* End PBXSourcesBuildPhase section */

/* Begin PBXVariantGroup section */
		BA21E4BD2BCE86F800F9916F /* Localizable.strings */ = {
			isa = PBXVariantGroup;
			children = (
				BA21E4BE2BCE86F800F9916F /* en */,
				BA21E4C32BCE883F00F9916F /* ru */,
			);
			name = Localizable.strings;
			sourceTree = "<group>";
		};
		BADB27042BB36E2600AC96BA /* LaunchScreen.storyboard */ = {
			isa = PBXVariantGroup;
			children = (
				BADB27052BB36E2600AC96BA /* Base */,
			);
			name = LaunchScreen.storyboard;
			sourceTree = "<group>";
		};
/* End PBXVariantGroup section */

/* Begin XCBuildConfiguration section */
		BADB27082BB36E2600AC96BA /* Debug */ = {
			isa = XCBuildConfiguration;
			buildSettings = {
				ALWAYS_SEARCH_USER_PATHS = NO;
				ASSETCATALOG_COMPILER_GENERATE_SWIFT_ASSET_SYMBOL_EXTENSIONS = YES;
				CLANG_ANALYZER_LOCALIZABILITY_NONLOCALIZED = YES;
				CLANG_ANALYZER_NONNULL = YES;
				CLANG_ANALYZER_NUMBER_OBJECT_CONVERSION = YES_AGGRESSIVE;
				CLANG_CXX_LANGUAGE_STANDARD = "gnu++20";
				CLANG_ENABLE_MODULES = YES;
				CLANG_ENABLE_OBJC_ARC = YES;
				CLANG_ENABLE_OBJC_WEAK = YES;
				CLANG_WARN_BLOCK_CAPTURE_AUTORELEASING = YES;
				CLANG_WARN_BOOL_CONVERSION = YES;
				CLANG_WARN_COMMA = YES;
				CLANG_WARN_CONSTANT_CONVERSION = YES;
				CLANG_WARN_DEPRECATED_OBJC_IMPLEMENTATIONS = YES;
				CLANG_WARN_DIRECT_OBJC_ISA_USAGE = YES_ERROR;
				CLANG_WARN_DOCUMENTATION_COMMENTS = YES;
				CLANG_WARN_EMPTY_BODY = YES;
				CLANG_WARN_ENUM_CONVERSION = YES;
				CLANG_WARN_INFINITE_RECURSION = YES;
				CLANG_WARN_INT_CONVERSION = YES;
				CLANG_WARN_NON_LITERAL_NULL_CONVERSION = YES;
				CLANG_WARN_OBJC_IMPLICIT_RETAIN_SELF = YES;
				CLANG_WARN_OBJC_LITERAL_CONVERSION = YES;
				CLANG_WARN_OBJC_ROOT_CLASS = YES_ERROR;
				CLANG_WARN_QUOTED_INCLUDE_IN_FRAMEWORK_HEADER = YES;
				CLANG_WARN_RANGE_LOOP_ANALYSIS = YES;
				CLANG_WARN_STRICT_PROTOTYPES = YES;
				CLANG_WARN_SUSPICIOUS_MOVE = YES;
				CLANG_WARN_UNGUARDED_AVAILABILITY = YES_AGGRESSIVE;
				CLANG_WARN_UNREACHABLE_CODE = YES;
				CLANG_WARN__DUPLICATE_METHOD_MATCH = YES;
				COPY_PHASE_STRIP = NO;
				DEBUG_INFORMATION_FORMAT = dwarf;
				ENABLE_STRICT_OBJC_MSGSEND = YES;
				ENABLE_TESTABILITY = YES;
				ENABLE_USER_SCRIPT_SANDBOXING = YES;
				GCC_C_LANGUAGE_STANDARD = gnu17;
				GCC_DYNAMIC_NO_PIC = NO;
				GCC_NO_COMMON_BLOCKS = YES;
				GCC_OPTIMIZATION_LEVEL = 0;
				GCC_PREPROCESSOR_DEFINITIONS = (
					"DEBUG=1",
					"$(inherited)",
				);
				GCC_WARN_64_TO_32_BIT_CONVERSION = YES;
				GCC_WARN_ABOUT_RETURN_TYPE = YES_ERROR;
				GCC_WARN_UNDECLARED_SELECTOR = YES;
				GCC_WARN_UNINITIALIZED_AUTOS = YES_AGGRESSIVE;
				GCC_WARN_UNUSED_FUNCTION = YES;
				GCC_WARN_UNUSED_VARIABLE = YES;
				IPHONEOS_DEPLOYMENT_TARGET = 17.4;
				LOCALIZATION_PREFERS_STRING_CATALOGS = YES;
				MTL_ENABLE_DEBUG_INFO = INCLUDE_SOURCE;
				MTL_FAST_MATH = YES;
				ONLY_ACTIVE_ARCH = YES;
				SDKROOT = iphoneos;
				SWIFT_ACTIVE_COMPILATION_CONDITIONS = "DEBUG $(inherited)";
				SWIFT_OPTIMIZATION_LEVEL = "-Onone";
			};
			name = Debug;
		};
		BADB27092BB36E2600AC96BA /* Release */ = {
			isa = XCBuildConfiguration;
			buildSettings = {
				ALWAYS_SEARCH_USER_PATHS = NO;
				ASSETCATALOG_COMPILER_GENERATE_SWIFT_ASSET_SYMBOL_EXTENSIONS = YES;
				CLANG_ANALYZER_LOCALIZABILITY_NONLOCALIZED = YES;
				CLANG_ANALYZER_NONNULL = YES;
				CLANG_ANALYZER_NUMBER_OBJECT_CONVERSION = YES_AGGRESSIVE;
				CLANG_CXX_LANGUAGE_STANDARD = "gnu++20";
				CLANG_ENABLE_MODULES = YES;
				CLANG_ENABLE_OBJC_ARC = YES;
				CLANG_ENABLE_OBJC_WEAK = YES;
				CLANG_WARN_BLOCK_CAPTURE_AUTORELEASING = YES;
				CLANG_WARN_BOOL_CONVERSION = YES;
				CLANG_WARN_COMMA = YES;
				CLANG_WARN_CONSTANT_CONVERSION = YES;
				CLANG_WARN_DEPRECATED_OBJC_IMPLEMENTATIONS = YES;
				CLANG_WARN_DIRECT_OBJC_ISA_USAGE = YES_ERROR;
				CLANG_WARN_DOCUMENTATION_COMMENTS = YES;
				CLANG_WARN_EMPTY_BODY = YES;
				CLANG_WARN_ENUM_CONVERSION = YES;
				CLANG_WARN_INFINITE_RECURSION = YES;
				CLANG_WARN_INT_CONVERSION = YES;
				CLANG_WARN_NON_LITERAL_NULL_CONVERSION = YES;
				CLANG_WARN_OBJC_IMPLICIT_RETAIN_SELF = YES;
				CLANG_WARN_OBJC_LITERAL_CONVERSION = YES;
				CLANG_WARN_OBJC_ROOT_CLASS = YES_ERROR;
				CLANG_WARN_QUOTED_INCLUDE_IN_FRAMEWORK_HEADER = YES;
				CLANG_WARN_RANGE_LOOP_ANALYSIS = YES;
				CLANG_WARN_STRICT_PROTOTYPES = YES;
				CLANG_WARN_SUSPICIOUS_MOVE = YES;
				CLANG_WARN_UNGUARDED_AVAILABILITY = YES_AGGRESSIVE;
				CLANG_WARN_UNREACHABLE_CODE = YES;
				CLANG_WARN__DUPLICATE_METHOD_MATCH = YES;
				COPY_PHASE_STRIP = NO;
				DEBUG_INFORMATION_FORMAT = "dwarf-with-dsym";
				ENABLE_NS_ASSERTIONS = NO;
				ENABLE_STRICT_OBJC_MSGSEND = YES;
				ENABLE_USER_SCRIPT_SANDBOXING = YES;
				GCC_C_LANGUAGE_STANDARD = gnu17;
				GCC_NO_COMMON_BLOCKS = YES;
				GCC_WARN_64_TO_32_BIT_CONVERSION = YES;
				GCC_WARN_ABOUT_RETURN_TYPE = YES_ERROR;
				GCC_WARN_UNDECLARED_SELECTOR = YES;
				GCC_WARN_UNINITIALIZED_AUTOS = YES_AGGRESSIVE;
				GCC_WARN_UNUSED_FUNCTION = YES;
				GCC_WARN_UNUSED_VARIABLE = YES;
				IPHONEOS_DEPLOYMENT_TARGET = 17.4;
				LOCALIZATION_PREFERS_STRING_CATALOGS = YES;
				MTL_ENABLE_DEBUG_INFO = NO;
				MTL_FAST_MATH = YES;
				SDKROOT = iphoneos;
				SWIFT_COMPILATION_MODE = wholemodule;
				VALIDATE_PRODUCT = YES;
			};
			name = Release;
		};
		BADB270B2BB36E2600AC96BA /* Debug */ = {
			isa = XCBuildConfiguration;
			buildSettings = {
				ASSETCATALOG_COMPILER_APPICON_NAME = AppIcon;
				ASSETCATALOG_COMPILER_GLOBAL_ACCENT_COLOR_NAME = AccentColor;
				CODE_SIGN_STYLE = Automatic;
				CURRENT_PROJECT_VERSION = 1;
				DEVELOPMENT_TEAM = ALBWWMG47L;
				ENABLE_USER_SCRIPT_SANDBOXING = NO;
				GENERATE_INFOPLIST_FILE = YES;
				INFOPLIST_FILE = LoveCalendar/Info.plist;
				INFOPLIST_KEY_UIApplicationSupportsIndirectInputEvents = YES;
				INFOPLIST_KEY_UILaunchStoryboardName = LaunchScreen;
				INFOPLIST_KEY_UISupportedInterfaceOrientations_iPad = "UIInterfaceOrientationPortrait UIInterfaceOrientationPortraitUpsideDown UIInterfaceOrientationLandscapeLeft UIInterfaceOrientationLandscapeRight";
				INFOPLIST_KEY_UISupportedInterfaceOrientations_iPhone = "UIInterfaceOrientationPortrait UIInterfaceOrientationLandscapeLeft UIInterfaceOrientationLandscapeRight";
				IPHONEOS_DEPLOYMENT_TARGET = 14.0;
				LD_RUNPATH_SEARCH_PATHS = (
					"$(inherited)",
					"@executable_path/Frameworks",
				);
				MARKETING_VERSION = 1.0;
				PRODUCT_BUNDLE_IDENTIFIER = com.kerikg.LoveCalendar;
				PRODUCT_NAME = "$(TARGET_NAME)";
				SWIFT_EMIT_LOC_STRINGS = YES;
				SWIFT_VERSION = 5.0;
				TARGETED_DEVICE_FAMILY = "1,2";
			};
			name = Debug;
		};
		BADB270C2BB36E2600AC96BA /* Release */ = {
			isa = XCBuildConfiguration;
			buildSettings = {
				ASSETCATALOG_COMPILER_APPICON_NAME = AppIcon;
				ASSETCATALOG_COMPILER_GLOBAL_ACCENT_COLOR_NAME = AccentColor;
				CODE_SIGN_STYLE = Automatic;
				CURRENT_PROJECT_VERSION = 1;
				DEVELOPMENT_TEAM = ALBWWMG47L;
				ENABLE_USER_SCRIPT_SANDBOXING = NO;
				GENERATE_INFOPLIST_FILE = YES;
				INFOPLIST_FILE = LoveCalendar/Info.plist;
				INFOPLIST_KEY_UIApplicationSupportsIndirectInputEvents = YES;
				INFOPLIST_KEY_UILaunchStoryboardName = LaunchScreen;
				INFOPLIST_KEY_UISupportedInterfaceOrientations_iPad = "UIInterfaceOrientationPortrait UIInterfaceOrientationPortraitUpsideDown UIInterfaceOrientationLandscapeLeft UIInterfaceOrientationLandscapeRight";
				INFOPLIST_KEY_UISupportedInterfaceOrientations_iPhone = "UIInterfaceOrientationPortrait UIInterfaceOrientationLandscapeLeft UIInterfaceOrientationLandscapeRight";
				IPHONEOS_DEPLOYMENT_TARGET = 14.0;
				LD_RUNPATH_SEARCH_PATHS = (
					"$(inherited)",
					"@executable_path/Frameworks",
				);
				MARKETING_VERSION = 1.0;
				PRODUCT_BUNDLE_IDENTIFIER = com.kerikg.LoveCalendar;
				PRODUCT_NAME = "$(TARGET_NAME)";
				SWIFT_EMIT_LOC_STRINGS = YES;
				SWIFT_VERSION = 5.0;
				TARGETED_DEVICE_FAMILY = "1,2";
			};
			name = Release;
		};
/* End XCBuildConfiguration section */

/* Begin XCConfigurationList section */
		BADB26F12BB36E2500AC96BA /* Build configuration list for PBXProject "LoveCalendar" */ = {
			isa = XCConfigurationList;
			buildConfigurations = (
				BADB27082BB36E2600AC96BA /* Debug */,
				BADB27092BB36E2600AC96BA /* Release */,
			);
			defaultConfigurationIsVisible = 0;
			defaultConfigurationName = Release;
		};
		BADB270A2BB36E2600AC96BA /* Build configuration list for PBXNativeTarget "LoveCalendar" */ = {
			isa = XCConfigurationList;
			buildConfigurations = (
				BADB270B2BB36E2600AC96BA /* Debug */,
				BADB270C2BB36E2600AC96BA /* Release */,
			);
			defaultConfigurationIsVisible = 0;
			defaultConfigurationName = Release;
		};
/* End XCConfigurationList section */

/* Begin XCRemoteSwiftPackageReference section */
		BA52E0982C05038400B7A0BC /* XCRemoteSwiftPackageReference "FSCalendar" */ = {
			isa = XCRemoteSwiftPackageReference;
			repositoryURL = "https://github.com/WenchaoD/FSCalendar.git";
			requirement = {
				kind = upToNextMajorVersion;
				minimumVersion = 2.8.4;
			};
		};
		BA52E0F42C0A940D00B7A0BC /* XCRemoteSwiftPackageReference "Moya" */ = {
			isa = XCRemoteSwiftPackageReference;
			repositoryURL = "https://github.com/Moya/Moya";
			requirement = {
				kind = upToNextMajorVersion;
				minimumVersion = 15.0.3;
			};
		};
		BA52E0FE2C0ABBE100B7A0BC /* XCRemoteSwiftPackageReference "IQKeyboardManager" */ = {
			isa = XCRemoteSwiftPackageReference;
			repositoryURL = "https://github.com/hackiftekhar/IQKeyboardManager";
			requirement = {
				kind = upToNextMajorVersion;
				minimumVersion = 7.0.3;
			};
		};
		BA7ABE802BB57F34009ED03E /* XCRemoteSwiftPackageReference "firebase-ios-sdk" */ = {
			isa = XCRemoteSwiftPackageReference;
			repositoryURL = "https://github.com/firebase/firebase-ios-sdk.git";
			requirement = {
				kind = upToNextMajorVersion;
				minimumVersion = 10.23.0;
			};
		};
		BA7ABE892BB58088009ED03E /* XCRemoteSwiftPackageReference "Alamofire" */ = {
			isa = XCRemoteSwiftPackageReference;
			repositoryURL = "https://github.com/Alamofire/Alamofire.git";
			requirement = {
				kind = upToNextMajorVersion;
				minimumVersion = 5.9.0;
			};
		};
		BA8F13202BB573D6001F5526 /* XCRemoteSwiftPackageReference "SnapKit" */ = {
			isa = XCRemoteSwiftPackageReference;
			repositoryURL = "https://github.com/SnapKit/SnapKit";
			requirement = {
				kind = upToNextMajorVersion;
				minimumVersion = 5.7.1;
			};
		};
/* End XCRemoteSwiftPackageReference section */

/* Begin XCSwiftPackageProductDependency section */
		BA20453A2BFA53DB00C0B3BD /* FirebaseStorage */ = {
			isa = XCSwiftPackageProductDependency;
			package = BA7ABE802BB57F34009ED03E /* XCRemoteSwiftPackageReference "firebase-ios-sdk" */;
			productName = FirebaseStorage;
		};
		BA52E0992C05038400B7A0BC /* FSCalendar */ = {
			isa = XCSwiftPackageProductDependency;
			package = BA52E0982C05038400B7A0BC /* XCRemoteSwiftPackageReference "FSCalendar" */;
			productName = FSCalendar;
		};
		BA52E0F52C0A940D00B7A0BC /* Moya */ = {
			isa = XCSwiftPackageProductDependency;
			package = BA52E0F42C0A940D00B7A0BC /* XCRemoteSwiftPackageReference "Moya" */;
			productName = Moya;
		};
		BA7ABE812BB57F34009ED03E /* FirebaseAnalytics */ = {
			isa = XCSwiftPackageProductDependency;
			package = BA7ABE802BB57F34009ED03E /* XCRemoteSwiftPackageReference "firebase-ios-sdk" */;
			productName = FirebaseAnalytics;
		};
		BA7ABE832BB57F34009ED03E /* FirebaseAuth */ = {
			isa = XCSwiftPackageProductDependency;
			package = BA7ABE802BB57F34009ED03E /* XCRemoteSwiftPackageReference "firebase-ios-sdk" */;
			productName = FirebaseAuth;
		};
		BA7ABE852BB57F34009ED03E /* FirebaseDatabase */ = {
			isa = XCSwiftPackageProductDependency;
			package = BA7ABE802BB57F34009ED03E /* XCRemoteSwiftPackageReference "firebase-ios-sdk" */;
			productName = FirebaseDatabase;
		};
		BA7ABE872BB57F34009ED03E /* FirebaseFirestore */ = {
			isa = XCSwiftPackageProductDependency;
			package = BA7ABE802BB57F34009ED03E /* XCRemoteSwiftPackageReference "firebase-ios-sdk" */;
			productName = FirebaseFirestore;
		};
		BA7ABE8A2BB58088009ED03E /* Alamofire */ = {
			isa = XCSwiftPackageProductDependency;
			package = BA7ABE892BB58088009ED03E /* XCRemoteSwiftPackageReference "Alamofire" */;
			productName = Alamofire;
		};
		BA7ABE8C2BB58088009ED03E /* AlamofireDynamic */ = {
			isa = XCSwiftPackageProductDependency;
			package = BA7ABE892BB58088009ED03E /* XCRemoteSwiftPackageReference "Alamofire" */;
			productName = AlamofireDynamic;
		};
		BA8F13212BB573D6001F5526 /* SnapKit */ = {
			isa = XCSwiftPackageProductDependency;
			package = BA8F13202BB573D6001F5526 /* XCRemoteSwiftPackageReference "SnapKit" */;
			productName = SnapKit;
		};
		BA8F13232BB573D6001F5526 /* SnapKit-Dynamic */ = {
			isa = XCSwiftPackageProductDependency;
			package = BA8F13202BB573D6001F5526 /* XCRemoteSwiftPackageReference "SnapKit" */;
			productName = "SnapKit-Dynamic";
		};
/* End XCSwiftPackageProductDependency section */

/* Begin XCVersionGroup section */
		BADDEEC12BFB8EC100288585 /* CoreData.xcdatamodeld */ = {
			isa = XCVersionGroup;
			children = (
				BADDEEC22BFB8EC100288585 /* CoreData.xcdatamodel */,
			);
			currentVersion = BADDEEC22BFB8EC100288585 /* CoreData.xcdatamodel */;
			name = CoreData.xcdatamodeld;
			path = /Users/kerik/Documents/GitHub/TinkoffPractice_LoveCalendar/LoveCalendar/LoveCalendar/CoreData/CoreData.xcdatamodeld;
			sourceTree = "<group>";
			versionGroupType = wrapper.xcdatamodel;
		};
/* End XCVersionGroup section */
	};
	rootObject = BADB26EE2BB36E2500AC96BA /* Project object */;
}
