// !$*UTF8*$!
{
	archiveVersion = 1;
	classes = {
	};
	objectVersion = 56;
	objects = {

/* Begin PBXBuildFile section */
		BA065ED32BD521CC0005EE39 /* TabBarDelegate.swift in Sources */ = {isa = PBXBuildFile; fileRef = BA065ED22BD521CC0005EE39 /* TabBarDelegate.swift */; };
		BA065EDC2BD524CB0005EE39 /* CalendarFlowCoordinator.swift in Sources */ = {isa = PBXBuildFile; fileRef = BA065EDB2BD524CB0005EE39 /* CalendarFlowCoordinator.swift */; };
		BA065EDE2BD528910005EE39 /* CalendarViewController.swift in Sources */ = {isa = PBXBuildFile; fileRef = BA065EDD2BD528910005EE39 /* CalendarViewController.swift */; };
		BA065EE12BD528BE0005EE39 /* WishlistViewController.swift in Sources */ = {isa = PBXBuildFile; fileRef = BA065EE02BD528BE0005EE39 /* WishlistViewController.swift */; };
		BA065EE42BD528D10005EE39 /* MainViewController.swift in Sources */ = {isa = PBXBuildFile; fileRef = BA065EE32BD528D10005EE39 /* MainViewController.swift */; };
		BA065EE72BD528E00005EE39 /* AlbumViewController.swift in Sources */ = {isa = PBXBuildFile; fileRef = BA065EE62BD528E00005EE39 /* AlbumViewController.swift */; };
		BA065EEA2BD528F00005EE39 /* ProfileViewController.swift in Sources */ = {isa = PBXBuildFile; fileRef = BA065EE92BD528F00005EE39 /* ProfileViewController.swift */; };
		BA065EEC2BD529C20005EE39 /* WishlistCoordinator.swift in Sources */ = {isa = PBXBuildFile; fileRef = BA065EEB2BD529C20005EE39 /* WishlistCoordinator.swift */; };
		BA065EEE2BD529D70005EE39 /* MainCoordinator.swift in Sources */ = {isa = PBXBuildFile; fileRef = BA065EED2BD529D70005EE39 /* MainCoordinator.swift */; };
		BA065EF02BD529EA0005EE39 /* AlbumCoordinator.swift in Sources */ = {isa = PBXBuildFile; fileRef = BA065EEF2BD529EA0005EE39 /* AlbumCoordinator.swift */; };
		BA065EF22BD52A050005EE39 /* ProfileCoordinator.swift in Sources */ = {isa = PBXBuildFile; fileRef = BA065EF12BD52A050005EE39 /* ProfileCoordinator.swift */; };
		BA065EF42BD52F5A0005EE39 /* TabBarFlowCoordinator.swift in Sources */ = {isa = PBXBuildFile; fileRef = BA065EF32BD52F5A0005EE39 /* TabBarFlowCoordinator.swift */; };
		BA065EF62BD530B10005EE39 /* TabBarViewController.swift in Sources */ = {isa = PBXBuildFile; fileRef = BA065EF52BD530B10005EE39 /* TabBarViewController.swift */; };
		BA0F4D322BCC2F7E00C02D07 /* RegistrationView.swift in Sources */ = {isa = PBXBuildFile; fileRef = BA0F4D312BCC2F7E00C02D07 /* RegistrationView.swift */; };
		BA0F4D342BCC459E00C02D07 /* SignInView.swift in Sources */ = {isa = PBXBuildFile; fileRef = BA0F4D332BCC459E00C02D07 /* SignInView.swift */; };
		BA0FDECA2BC9C82B0010D0FA /* AuthView.swift in Sources */ = {isa = PBXBuildFile; fileRef = BA0FDEC92BC9C82B0010D0FA /* AuthView.swift */; };
		BA0FDECC2BC9CB180010D0FA /* UIViewExtensions.swift in Sources */ = {isa = PBXBuildFile; fileRef = BA0FDECB2BC9CB180010D0FA /* UIViewExtensions.swift */; };
		BA0FDECE2BC9D48F0010D0FA /* BackgroundView.swift in Sources */ = {isa = PBXBuildFile; fileRef = BA0FDECD2BC9D48F0010D0FA /* BackgroundView.swift */; };
		BA20452C2BF9347000C0B3BD /* ProfileView.swift in Sources */ = {isa = PBXBuildFile; fileRef = BA20452B2BF9347000C0B3BD /* ProfileView.swift */; };
		BA20452F2BFA2EFB00C0B3BD /* FirestoreServiceProtocol.swift in Sources */ = {isa = PBXBuildFile; fileRef = BA20452E2BFA2EFB00C0B3BD /* FirestoreServiceProtocol.swift */; };
		BA2045322BFA493B00C0B3BD /* UserModel.swift in Sources */ = {isa = PBXBuildFile; fileRef = BA2045312BFA493B00C0B3BD /* UserModel.swift */; };
		BA2045342BFA4AA100C0B3BD /* FirestoreService.swift in Sources */ = {isa = PBXBuildFile; fileRef = BA2045332BFA4AA100C0B3BD /* FirestoreService.swift */; };
		BA2045362BFA4FB100C0B3BD /* StorageServiceProtocol.swift in Sources */ = {isa = PBXBuildFile; fileRef = BA2045352BFA4FB100C0B3BD /* StorageServiceProtocol.swift */; };
		BA2045382BFA503700C0B3BD /* StorageService.swift in Sources */ = {isa = PBXBuildFile; fileRef = BA2045372BFA503700C0B3BD /* StorageService.swift */; };
		BA20453B2BFA53DB00C0B3BD /* FirebaseStorage in Frameworks */ = {isa = PBXBuildFile; productRef = BA20453A2BFA53DB00C0B3BD /* FirebaseStorage */; };
		BA21E4BF2BCE86F800F9916F /* Localizable.strings in Resources */ = {isa = PBXBuildFile; fileRef = BA21E4BD2BCE86F800F9916F /* Localizable.strings */; };
		BA21E4C22BCE87AE00F9916F /* GeneratedStrings.swift in Sources */ = {isa = PBXBuildFile; fileRef = BA21E4C12BCE87AE00F9916F /* GeneratedStrings.swift */; };
		BA3B4C852BD7D89F0009E006 /* SystemImages.swift in Sources */ = {isa = PBXBuildFile; fileRef = BA3B4C842BD7D89F0009E006 /* SystemImages.swift */; };
		BA4FBE632BC568020066CFE7 /* UIViewControllerExtensions.swift in Sources */ = {isa = PBXBuildFile; fileRef = BA4FBE622BC568020066CFE7 /* UIViewControllerExtensions.swift */; };
		BA7ABE822BB57F34009ED03E /* FirebaseAnalytics in Frameworks */ = {isa = PBXBuildFile; productRef = BA7ABE812BB57F34009ED03E /* FirebaseAnalytics */; };
		BA7ABE842BB57F34009ED03E /* FirebaseAuth in Frameworks */ = {isa = PBXBuildFile; productRef = BA7ABE832BB57F34009ED03E /* FirebaseAuth */; };
		BA7ABE862BB57F34009ED03E /* FirebaseDatabase in Frameworks */ = {isa = PBXBuildFile; productRef = BA7ABE852BB57F34009ED03E /* FirebaseDatabase */; };
		BA7ABE882BB57F34009ED03E /* FirebaseFirestore in Frameworks */ = {isa = PBXBuildFile; productRef = BA7ABE872BB57F34009ED03E /* FirebaseFirestore */; };
		BA7ABE8B2BB58088009ED03E /* Alamofire in Frameworks */ = {isa = PBXBuildFile; productRef = BA7ABE8A2BB58088009ED03E /* Alamofire */; };
		BA7ABE8D2BB58088009ED03E /* AlamofireDynamic in Frameworks */ = {isa = PBXBuildFile; productRef = BA7ABE8C2BB58088009ED03E /* AlamofireDynamic */; };
		BA8F13222BB573D6001F5526 /* SnapKit in Frameworks */ = {isa = PBXBuildFile; productRef = BA8F13212BB573D6001F5526 /* SnapKit */; };
		BA8F13242BB573D6001F5526 /* SnapKit-Dynamic in Frameworks */ = {isa = PBXBuildFile; productRef = BA8F13232BB573D6001F5526 /* SnapKit-Dynamic */; };
		BA8F13282BB57A35001F5526 /* GoogleService-Info.plist in Resources */ = {isa = PBXBuildFile; fileRef = BA8F13272BB57A35001F5526 /* GoogleService-Info.plist */; };
		BA95BB452BD7140A00B458B4 /* ProfileViewModel.swift in Sources */ = {isa = PBXBuildFile; fileRef = BA95BB442BD7140A00B458B4 /* ProfileViewModel.swift */; };
		BABB7A9E2BB85AC600BAC60C /* RegistrationFlowCoordinator.swift in Sources */ = {isa = PBXBuildFile; fileRef = BABB7A9D2BB85AC600BAC60C /* RegistrationFlowCoordinator.swift */; };
		BABB7AA02BB85AE400BAC60C /* RegistrationViewController.swift in Sources */ = {isa = PBXBuildFile; fileRef = BABB7A9F2BB85AE400BAC60C /* RegistrationViewController.swift */; };
		BABB7AA22BB85AF300BAC60C /* RegistrationViewModel.swift in Sources */ = {isa = PBXBuildFile; fileRef = BABB7AA12BB85AF300BAC60C /* RegistrationViewModel.swift */; };
		BADB26FA2BB36E2500AC96BA /* AppDelegate.swift in Sources */ = {isa = PBXBuildFile; fileRef = BADB26F92BB36E2500AC96BA /* AppDelegate.swift */; };
		BADB26FC2BB36E2500AC96BA /* SceneDelegate.swift in Sources */ = {isa = PBXBuildFile; fileRef = BADB26FB2BB36E2500AC96BA /* SceneDelegate.swift */; };
		BADB26FE2BB36E2500AC96BA /* AuthViewController.swift in Sources */ = {isa = PBXBuildFile; fileRef = BADB26FD2BB36E2500AC96BA /* AuthViewController.swift */; };
		BADB27032BB36E2600AC96BA /* Assets.xcassets in Resources */ = {isa = PBXBuildFile; fileRef = BADB27022BB36E2600AC96BA /* Assets.xcassets */; };
		BADB27062BB36E2600AC96BA /* Base in Resources */ = {isa = PBXBuildFile; fileRef = BADB27052BB36E2600AC96BA /* Base */; };
		BAE90FA32BB964B200526899 /* ValidationService.swift in Sources */ = {isa = PBXBuildFile; fileRef = BAE90FA22BB964B200526899 /* ValidationService.swift */; };
		BAE90FA52BB9712600526899 /* AuthService.swift in Sources */ = {isa = PBXBuildFile; fileRef = BAE90FA42BB9712600526899 /* AuthService.swift */; };
		BAE90FA92BBA9AF800526899 /* SignInFlowCoordinator.swift in Sources */ = {isa = PBXBuildFile; fileRef = BAE90FA82BBA9AF800526899 /* SignInFlowCoordinator.swift */; };
		BAE90FAB2BBA9B0F00526899 /* SignInViewController.swift in Sources */ = {isa = PBXBuildFile; fileRef = BAE90FAA2BBA9B0F00526899 /* SignInViewController.swift */; };
		BAE90FAD2BBA9B2300526899 /* SignInViewModel.swift in Sources */ = {isa = PBXBuildFile; fileRef = BAE90FAC2BBA9B2300526899 /* SignInViewModel.swift */; };
		BAF7C0352BB7401C00581F33 /* CoordinatorProtocol.swift in Sources */ = {isa = PBXBuildFile; fileRef = BAF7C0342BB7401C00581F33 /* CoordinatorProtocol.swift */; };
		BAF7C0372BB740BA00581F33 /* Coordinator.swift in Sources */ = {isa = PBXBuildFile; fileRef = BAF7C0362BB740BA00581F33 /* Coordinator.swift */; };
		BAF7C0392BB7427200581F33 /* FlowController.swift in Sources */ = {isa = PBXBuildFile; fileRef = BAF7C0382BB7427200581F33 /* FlowController.swift */; };
		BAF7C03B2BB742BF00581F33 /* FlowControllerWithValue.swift in Sources */ = {isa = PBXBuildFile; fileRef = BAF7C03A2BB742BF00581F33 /* FlowControllerWithValue.swift */; };
		BAF7C03E2BB7433000581F33 /* RouterProtocol.swift in Sources */ = {isa = PBXBuildFile; fileRef = BAF7C03D2BB7433000581F33 /* RouterProtocol.swift */; };
		BAF7C0402BB7437F00581F33 /* Router.swift in Sources */ = {isa = PBXBuildFile; fileRef = BAF7C03F2BB7437F00581F33 /* Router.swift */; };
		BAF7C0442BB7466600581F33 /* ModuleFactoryProtocol.swift in Sources */ = {isa = PBXBuildFile; fileRef = BAF7C0432BB7466600581F33 /* ModuleFactoryProtocol.swift */; };
		BAF7C0492BB7475900581F33 /* AuthFlowCoordinator.swift in Sources */ = {isa = PBXBuildFile; fileRef = BAF7C0482BB7475900581F33 /* AuthFlowCoordinator.swift */; };
		BAF7C04B2BB747AA00581F33 /* CoordinatorFactoryProtocol.swift in Sources */ = {isa = PBXBuildFile; fileRef = BAF7C04A2BB747AA00581F33 /* CoordinatorFactoryProtocol.swift */; };
		BAF7C04D2BB7481200581F33 /* AppCoordinator.swift in Sources */ = {isa = PBXBuildFile; fileRef = BAF7C04C2BB7481200581F33 /* AppCoordinator.swift */; };
		BAF7C04F2BB750F900581F33 /* ModuleFactory.swift in Sources */ = {isa = PBXBuildFile; fileRef = BAF7C04E2BB750F900581F33 /* ModuleFactory.swift */; };
		BAF7C0512BB7514900581F33 /* CoordinatorFactory.swift in Sources */ = {isa = PBXBuildFile; fileRef = BAF7C0502BB7514900581F33 /* CoordinatorFactory.swift */; };
/* End PBXBuildFile section */

/* Begin PBXFileReference section */
		BA065ED22BD521CC0005EE39 /* TabBarDelegate.swift */ = {isa = PBXFileReference; lastKnownFileType = sourcecode.swift; path = TabBarDelegate.swift; sourceTree = "<group>"; };
		BA065EDB2BD524CB0005EE39 /* CalendarFlowCoordinator.swift */ = {isa = PBXFileReference; lastKnownFileType = sourcecode.swift; path = CalendarFlowCoordinator.swift; sourceTree = "<group>"; };
		BA065EDD2BD528910005EE39 /* CalendarViewController.swift */ = {isa = PBXFileReference; lastKnownFileType = sourcecode.swift; path = CalendarViewController.swift; sourceTree = "<group>"; };
		BA065EE02BD528BE0005EE39 /* WishlistViewController.swift */ = {isa = PBXFileReference; lastKnownFileType = sourcecode.swift; path = WishlistViewController.swift; sourceTree = "<group>"; };
		BA065EE32BD528D10005EE39 /* MainViewController.swift */ = {isa = PBXFileReference; lastKnownFileType = sourcecode.swift; path = MainViewController.swift; sourceTree = "<group>"; };
		BA065EE62BD528E00005EE39 /* AlbumViewController.swift */ = {isa = PBXFileReference; lastKnownFileType = sourcecode.swift; path = AlbumViewController.swift; sourceTree = "<group>"; };
		BA065EE92BD528F00005EE39 /* ProfileViewController.swift */ = {isa = PBXFileReference; lastKnownFileType = sourcecode.swift; path = ProfileViewController.swift; sourceTree = "<group>"; };
		BA065EEB2BD529C20005EE39 /* WishlistCoordinator.swift */ = {isa = PBXFileReference; lastKnownFileType = sourcecode.swift; path = WishlistCoordinator.swift; sourceTree = "<group>"; };
		BA065EED2BD529D70005EE39 /* MainCoordinator.swift */ = {isa = PBXFileReference; lastKnownFileType = sourcecode.swift; path = MainCoordinator.swift; sourceTree = "<group>"; };
		BA065EEF2BD529EA0005EE39 /* AlbumCoordinator.swift */ = {isa = PBXFileReference; lastKnownFileType = sourcecode.swift; path = AlbumCoordinator.swift; sourceTree = "<group>"; };
		BA065EF12BD52A050005EE39 /* ProfileCoordinator.swift */ = {isa = PBXFileReference; lastKnownFileType = sourcecode.swift; path = ProfileCoordinator.swift; sourceTree = "<group>"; };
		BA065EF32BD52F5A0005EE39 /* TabBarFlowCoordinator.swift */ = {isa = PBXFileReference; lastKnownFileType = sourcecode.swift; path = TabBarFlowCoordinator.swift; sourceTree = "<group>"; };
		BA065EF52BD530B10005EE39 /* TabBarViewController.swift */ = {isa = PBXFileReference; lastKnownFileType = sourcecode.swift; path = TabBarViewController.swift; sourceTree = "<group>"; };
		BA0F4D312BCC2F7E00C02D07 /* RegistrationView.swift */ = {isa = PBXFileReference; lastKnownFileType = sourcecode.swift; path = RegistrationView.swift; sourceTree = "<group>"; };
		BA0F4D332BCC459E00C02D07 /* SignInView.swift */ = {isa = PBXFileReference; lastKnownFileType = sourcecode.swift; path = SignInView.swift; sourceTree = "<group>"; };
		BA0FDEC92BC9C82B0010D0FA /* AuthView.swift */ = {isa = PBXFileReference; lastKnownFileType = sourcecode.swift; path = AuthView.swift; sourceTree = "<group>"; };
		BA0FDECB2BC9CB180010D0FA /* UIViewExtensions.swift */ = {isa = PBXFileReference; lastKnownFileType = sourcecode.swift; path = UIViewExtensions.swift; sourceTree = "<group>"; };
		BA0FDECD2BC9D48F0010D0FA /* BackgroundView.swift */ = {isa = PBXFileReference; lastKnownFileType = sourcecode.swift; path = BackgroundView.swift; sourceTree = "<group>"; };
		BA20452B2BF9347000C0B3BD /* ProfileView.swift */ = {isa = PBXFileReference; lastKnownFileType = sourcecode.swift; path = ProfileView.swift; sourceTree = "<group>"; };
		BA20452E2BFA2EFB00C0B3BD /* FirestoreServiceProtocol.swift */ = {isa = PBXFileReference; lastKnownFileType = sourcecode.swift; path = FirestoreServiceProtocol.swift; sourceTree = "<group>"; };
		BA2045312BFA493B00C0B3BD /* UserModel.swift */ = {isa = PBXFileReference; lastKnownFileType = sourcecode.swift; path = UserModel.swift; sourceTree = "<group>"; };
		BA2045332BFA4AA100C0B3BD /* FirestoreService.swift */ = {isa = PBXFileReference; lastKnownFileType = sourcecode.swift; path = FirestoreService.swift; sourceTree = "<group>"; };
		BA2045352BFA4FB100C0B3BD /* StorageServiceProtocol.swift */ = {isa = PBXFileReference; lastKnownFileType = sourcecode.swift; path = StorageServiceProtocol.swift; sourceTree = "<group>"; };
		BA2045372BFA503700C0B3BD /* StorageService.swift */ = {isa = PBXFileReference; lastKnownFileType = sourcecode.swift; path = StorageService.swift; sourceTree = "<group>"; };
		BA21E4BE2BCE86F800F9916F /* en */ = {isa = PBXFileReference; lastKnownFileType = text.plist.strings; name = en; path = en.lproj/Localizable.strings; sourceTree = "<group>"; };
		BA21E4C12BCE87AE00F9916F /* GeneratedStrings.swift */ = {isa = PBXFileReference; fileEncoding = 4; lastKnownFileType = sourcecode.swift; path = GeneratedStrings.swift; sourceTree = "<group>"; };
		BA21E4C32BCE883F00F9916F /* ru */ = {isa = PBXFileReference; lastKnownFileType = text.plist.strings; name = ru; path = ru.lproj/Localizable.strings; sourceTree = "<group>"; };
		BA3B4C842BD7D89F0009E006 /* SystemImages.swift */ = {isa = PBXFileReference; lastKnownFileType = sourcecode.swift; path = SystemImages.swift; sourceTree = "<group>"; };
		BA4FBE622BC568020066CFE7 /* UIViewControllerExtensions.swift */ = {isa = PBXFileReference; lastKnownFileType = sourcecode.swift; path = UIViewControllerExtensions.swift; sourceTree = "<group>"; };
		BA8F13272BB57A35001F5526 /* GoogleService-Info.plist */ = {isa = PBXFileReference; fileEncoding = 4; lastKnownFileType = text.plist.xml; path = "GoogleService-Info.plist"; sourceTree = "<group>"; };
		BA95BB442BD7140A00B458B4 /* ProfileViewModel.swift */ = {isa = PBXFileReference; lastKnownFileType = sourcecode.swift; path = ProfileViewModel.swift; sourceTree = "<group>"; };
		BABB7A9D2BB85AC600BAC60C /* RegistrationFlowCoordinator.swift */ = {isa = PBXFileReference; lastKnownFileType = sourcecode.swift; path = RegistrationFlowCoordinator.swift; sourceTree = "<group>"; };
		BABB7A9F2BB85AE400BAC60C /* RegistrationViewController.swift */ = {isa = PBXFileReference; lastKnownFileType = sourcecode.swift; path = RegistrationViewController.swift; sourceTree = "<group>"; };
		BABB7AA12BB85AF300BAC60C /* RegistrationViewModel.swift */ = {isa = PBXFileReference; lastKnownFileType = sourcecode.swift; path = RegistrationViewModel.swift; sourceTree = "<group>"; };
		BADB26F62BB36E2500AC96BA /* LoveCalendar.app */ = {isa = PBXFileReference; explicitFileType = wrapper.application; includeInIndex = 0; path = LoveCalendar.app; sourceTree = BUILT_PRODUCTS_DIR; };
		BADB26F92BB36E2500AC96BA /* AppDelegate.swift */ = {isa = PBXFileReference; lastKnownFileType = sourcecode.swift; path = AppDelegate.swift; sourceTree = "<group>"; };
		BADB26FB2BB36E2500AC96BA /* SceneDelegate.swift */ = {isa = PBXFileReference; lastKnownFileType = sourcecode.swift; path = SceneDelegate.swift; sourceTree = "<group>"; };
		BADB26FD2BB36E2500AC96BA /* AuthViewController.swift */ = {isa = PBXFileReference; lastKnownFileType = sourcecode.swift; path = AuthViewController.swift; sourceTree = "<group>"; };
		BADB27022BB36E2600AC96BA /* Assets.xcassets */ = {isa = PBXFileReference; lastKnownFileType = folder.assetcatalog; path = Assets.xcassets; sourceTree = "<group>"; };
		BADB27052BB36E2600AC96BA /* Base */ = {isa = PBXFileReference; lastKnownFileType = file.storyboard; name = Base; path = Base.lproj/LaunchScreen.storyboard; sourceTree = "<group>"; };
		BADB27072BB36E2600AC96BA /* Info.plist */ = {isa = PBXFileReference; lastKnownFileType = text.plist.xml; path = Info.plist; sourceTree = "<group>"; };
		BAE90FA22BB964B200526899 /* ValidationService.swift */ = {isa = PBXFileReference; lastKnownFileType = sourcecode.swift; path = ValidationService.swift; sourceTree = "<group>"; };
		BAE90FA42BB9712600526899 /* AuthService.swift */ = {isa = PBXFileReference; lastKnownFileType = sourcecode.swift; path = AuthService.swift; sourceTree = "<group>"; };
		BAE90FA82BBA9AF800526899 /* SignInFlowCoordinator.swift */ = {isa = PBXFileReference; lastKnownFileType = sourcecode.swift; path = SignInFlowCoordinator.swift; sourceTree = "<group>"; };
		BAE90FAA2BBA9B0F00526899 /* SignInViewController.swift */ = {isa = PBXFileReference; lastKnownFileType = sourcecode.swift; path = SignInViewController.swift; sourceTree = "<group>"; };
		BAE90FAC2BBA9B2300526899 /* SignInViewModel.swift */ = {isa = PBXFileReference; lastKnownFileType = sourcecode.swift; path = SignInViewModel.swift; sourceTree = "<group>"; };
		BAF7C0342BB7401C00581F33 /* CoordinatorProtocol.swift */ = {isa = PBXFileReference; lastKnownFileType = sourcecode.swift; path = CoordinatorProtocol.swift; sourceTree = "<group>"; };
		BAF7C0362BB740BA00581F33 /* Coordinator.swift */ = {isa = PBXFileReference; lastKnownFileType = sourcecode.swift; path = Coordinator.swift; sourceTree = "<group>"; };
		BAF7C0382BB7427200581F33 /* FlowController.swift */ = {isa = PBXFileReference; lastKnownFileType = sourcecode.swift; path = FlowController.swift; sourceTree = "<group>"; };
		BAF7C03A2BB742BF00581F33 /* FlowControllerWithValue.swift */ = {isa = PBXFileReference; lastKnownFileType = sourcecode.swift; path = FlowControllerWithValue.swift; sourceTree = "<group>"; };
		BAF7C03D2BB7433000581F33 /* RouterProtocol.swift */ = {isa = PBXFileReference; lastKnownFileType = sourcecode.swift; path = RouterProtocol.swift; sourceTree = "<group>"; };
		BAF7C03F2BB7437F00581F33 /* Router.swift */ = {isa = PBXFileReference; lastKnownFileType = sourcecode.swift; path = Router.swift; sourceTree = "<group>"; };
		BAF7C0432BB7466600581F33 /* ModuleFactoryProtocol.swift */ = {isa = PBXFileReference; lastKnownFileType = sourcecode.swift; path = ModuleFactoryProtocol.swift; sourceTree = "<group>"; };
		BAF7C0482BB7475900581F33 /* AuthFlowCoordinator.swift */ = {isa = PBXFileReference; lastKnownFileType = sourcecode.swift; path = AuthFlowCoordinator.swift; sourceTree = "<group>"; };
		BAF7C04A2BB747AA00581F33 /* CoordinatorFactoryProtocol.swift */ = {isa = PBXFileReference; lastKnownFileType = sourcecode.swift; path = CoordinatorFactoryProtocol.swift; sourceTree = "<group>"; };
		BAF7C04C2BB7481200581F33 /* AppCoordinator.swift */ = {isa = PBXFileReference; lastKnownFileType = sourcecode.swift; path = AppCoordinator.swift; sourceTree = "<group>"; };
		BAF7C04E2BB750F900581F33 /* ModuleFactory.swift */ = {isa = PBXFileReference; lastKnownFileType = sourcecode.swift; path = ModuleFactory.swift; sourceTree = "<group>"; };
		BAF7C0502BB7514900581F33 /* CoordinatorFactory.swift */ = {isa = PBXFileReference; lastKnownFileType = sourcecode.swift; path = CoordinatorFactory.swift; sourceTree = "<group>"; };
/* End PBXFileReference section */

/* Begin PBXFrameworksBuildPhase section */
		BADB26F32BB36E2500AC96BA /* Frameworks */ = {
			isa = PBXFrameworksBuildPhase;
			buildActionMask = 2147483647;
			files = (
				BA7ABE862BB57F34009ED03E /* FirebaseDatabase in Frameworks */,
				BA7ABE8B2BB58088009ED03E /* Alamofire in Frameworks */,
				BA20453B2BFA53DB00C0B3BD /* FirebaseStorage in Frameworks */,
				BA8F13222BB573D6001F5526 /* SnapKit in Frameworks */,
				BA8F13242BB573D6001F5526 /* SnapKit-Dynamic in Frameworks */,
				BA7ABE822BB57F34009ED03E /* FirebaseAnalytics in Frameworks */,
				BA7ABE8D2BB58088009ED03E /* AlamofireDynamic in Frameworks */,
				BA7ABE842BB57F34009ED03E /* FirebaseAuth in Frameworks */,
				BA7ABE882BB57F34009ED03E /* FirebaseFirestore in Frameworks */,
			);
			runOnlyForDeploymentPostprocessing = 0;
		};
/* End PBXFrameworksBuildPhase section */

/* Begin PBXGroup section */
		BA065ED12BD521650005EE39 /* TabBar */ = {
			isa = PBXGroup;
			children = (
				BA065ED42BD522300005EE39 /* Tabs */,
				BA065ED22BD521CC0005EE39 /* TabBarDelegate.swift */,
				BA065EF32BD52F5A0005EE39 /* TabBarFlowCoordinator.swift */,
				BA065EF52BD530B10005EE39 /* TabBarViewController.swift */,
			);
			path = TabBar;
			sourceTree = "<group>";
		};
		BA065ED42BD522300005EE39 /* Tabs */ = {
			isa = PBXGroup;
			children = (
				BA065ED52BD5225B0005EE39 /* Calendar */,
				BA065ED62BD522B80005EE39 /* Wishlist */,
				BA065ED72BD522E80005EE39 /* Main */,
				BA065ED82BD522FA0005EE39 /* Album */,
				BA065ED92BD523020005EE39 /* Profile */,
			);
			path = Tabs;
			sourceTree = "<group>";
		};
		BA065ED52BD5225B0005EE39 /* Calendar */ = {
			isa = PBXGroup;
			children = (
				BA065EDA2BD524B20005EE39 /* Screen */,
				BA065EDB2BD524CB0005EE39 /* CalendarFlowCoordinator.swift */,
			);
			path = Calendar;
			sourceTree = "<group>";
		};
		BA065ED62BD522B80005EE39 /* Wishlist */ = {
			isa = PBXGroup;
			children = (
				BA065EDF2BD528A90005EE39 /* Screen */,
				BA065EEB2BD529C20005EE39 /* WishlistCoordinator.swift */,
			);
			path = Wishlist;
			sourceTree = "<group>";
		};
		BA065ED72BD522E80005EE39 /* Main */ = {
			isa = PBXGroup;
			children = (
				BA065EE22BD528C40005EE39 /* Screen */,
				BA065EED2BD529D70005EE39 /* MainCoordinator.swift */,
			);
			path = Main;
			sourceTree = "<group>";
		};
		BA065ED82BD522FA0005EE39 /* Album */ = {
			isa = PBXGroup;
			children = (
				BA065EE52BD528D60005EE39 /* Screen */,
				BA065EEF2BD529EA0005EE39 /* AlbumCoordinator.swift */,
			);
			path = Album;
			sourceTree = "<group>";
		};
		BA065ED92BD523020005EE39 /* Profile */ = {
			isa = PBXGroup;
			children = (
				BA065EE82BD528E60005EE39 /* Screen */,
				BA065EF12BD52A050005EE39 /* ProfileCoordinator.swift */,
			);
			path = Profile;
			sourceTree = "<group>";
		};
		BA065EDA2BD524B20005EE39 /* Screen */ = {
			isa = PBXGroup;
			children = (
				BA065EDD2BD528910005EE39 /* CalendarViewController.swift */,
			);
			path = Screen;
			sourceTree = "<group>";
		};
		BA065EDF2BD528A90005EE39 /* Screen */ = {
			isa = PBXGroup;
			children = (
				BA065EE02BD528BE0005EE39 /* WishlistViewController.swift */,
			);
			path = Screen;
			sourceTree = "<group>";
		};
		BA065EE22BD528C40005EE39 /* Screen */ = {
			isa = PBXGroup;
			children = (
				BA065EE32BD528D10005EE39 /* MainViewController.swift */,
			);
			path = Screen;
			sourceTree = "<group>";
		};
		BA065EE52BD528D60005EE39 /* Screen */ = {
			isa = PBXGroup;
			children = (
				BA065EE62BD528E00005EE39 /* AlbumViewController.swift */,
			);
			path = Screen;
			sourceTree = "<group>";
		};
		BA065EE82BD528E60005EE39 /* Screen */ = {
			isa = PBXGroup;
			children = (
				BA065EE92BD528F00005EE39 /* ProfileViewController.swift */,
				BA95BB442BD7140A00B458B4 /* ProfileViewModel.swift */,
				BA20452B2BF9347000C0B3BD /* ProfileView.swift */,
			);
			path = Screen;
			sourceTree = "<group>";
		};
		BA20452D2BFA2EDF00C0B3BD /* Protocols */ = {
			isa = PBXGroup;
			children = (
				BA20452E2BFA2EFB00C0B3BD /* FirestoreServiceProtocol.swift */,
				BA2045352BFA4FB100C0B3BD /* StorageServiceProtocol.swift */,
			);
			path = Protocols;
			sourceTree = "<group>";
		};
		BA2045302BFA491800C0B3BD /* Models */ = {
			isa = PBXGroup;
			children = (
				BA2045312BFA493B00C0B3BD /* UserModel.swift */,
			);
			path = Models;
			sourceTree = "<group>";
		};
		BA2045392BFA53DB00C0B3BD /* Frameworks */ = {
			isa = PBXGroup;
			children = (
			);
			name = Frameworks;
			sourceTree = "<group>";
		};
		BA21E4BC2BCE85AD00F9916F /* Assets */ = {
			isa = PBXGroup;
			children = (
				BA21E4C02BCE873A00F9916F /* SwiftGenGenerated */,
				BADB27022BB36E2600AC96BA /* Assets.xcassets */,
				BA21E4BD2BCE86F800F9916F /* Localizable.strings */,
				BA3B4C842BD7D89F0009E006 /* SystemImages.swift */,
			);
			path = Assets;
			sourceTree = "<group>";
		};
		BA21E4C02BCE873A00F9916F /* SwiftGenGenerated */ = {
			isa = PBXGroup;
			children = (
				BA21E4C12BCE87AE00F9916F /* GeneratedStrings.swift */,
			);
			path = SwiftGenGenerated;
			sourceTree = "<group>";
		};
		BA4FBE612BC567410066CFE7 /* Extensions */ = {
			isa = PBXGroup;
			children = (
				BA4FBE622BC568020066CFE7 /* UIViewControllerExtensions.swift */,
				BA0FDECB2BC9CB180010D0FA /* UIViewExtensions.swift */,
			);
			path = Extensions;
			sourceTree = "<group>";
		};
		BABB7A9B2BB85A8200BAC60C /* Registration */ = {
			isa = PBXGroup;
			children = (
				BABB7A9C2BB85AA000BAC60C /* Screen */,
				BABB7A9D2BB85AC600BAC60C /* RegistrationFlowCoordinator.swift */,
			);
			path = Registration;
			sourceTree = "<group>";
		};
		BABB7A9C2BB85AA000BAC60C /* Screen */ = {
			isa = PBXGroup;
			children = (
				BABB7A9F2BB85AE400BAC60C /* RegistrationViewController.swift */,
				BABB7AA12BB85AF300BAC60C /* RegistrationViewModel.swift */,
				BA0F4D312BCC2F7E00C02D07 /* RegistrationView.swift */,
			);
			path = Screen;
			sourceTree = "<group>";
		};
		BADB26ED2BB36E2500AC96BA = {
			isa = PBXGroup;
			children = (
				BADB26F82BB36E2500AC96BA /* LoveCalendar */,
				BADB26F72BB36E2500AC96BA /* Products */,
				BA2045392BFA53DB00C0B3BD /* Frameworks */,
			);
			sourceTree = "<group>";
		};
		BADB26F72BB36E2500AC96BA /* Products */ = {
			isa = PBXGroup;
			children = (
				BADB26F62BB36E2500AC96BA /* LoveCalendar.app */,
			);
			name = Products;
			sourceTree = "<group>";
		};
		BADB26F82BB36E2500AC96BA /* LoveCalendar */ = {
			isa = PBXGroup;
			children = (
				BA2045302BFA491800C0B3BD /* Models */,
				BA21E4BC2BCE85AD00F9916F /* Assets */,
				BA4FBE612BC567410066CFE7 /* Extensions */,
				BAE90FA12BB9649500526899 /* Services */,
				BAF7C0452BB746BA00581F33 /* Flows */,
				BAF7C0412BB7461800581F33 /* Factories */,
				BAF7C03C2BB7431D00581F33 /* Router */,
				BAF7C0322BB73FF900581F33 /* Coordinator */,
				BADB270D2BB36ED500AC96BA /* App */,
				BADB27042BB36E2600AC96BA /* LaunchScreen.storyboard */,
				BADB27072BB36E2600AC96BA /* Info.plist */,
				BA8F13272BB57A35001F5526 /* GoogleService-Info.plist */,
			);
			path = LoveCalendar;
			sourceTree = "<group>";
		};
		BADB270D2BB36ED500AC96BA /* App */ = {
			isa = PBXGroup;
			children = (
				BADB26F92BB36E2500AC96BA /* AppDelegate.swift */,
				BADB26FB2BB36E2500AC96BA /* SceneDelegate.swift */,
				BAF7C04C2BB7481200581F33 /* AppCoordinator.swift */,
			);
			path = App;
			sourceTree = "<group>";
		};
		BAE90FA12BB9649500526899 /* Services */ = {
			isa = PBXGroup;
			children = (
				BA20452D2BFA2EDF00C0B3BD /* Protocols */,
				BAE90FA22BB964B200526899 /* ValidationService.swift */,
				BAE90FA42BB9712600526899 /* AuthService.swift */,
				BA2045332BFA4AA100C0B3BD /* FirestoreService.swift */,
				BA2045372BFA503700C0B3BD /* StorageService.swift */,
			);
			path = Services;
			sourceTree = "<group>";
		};
		BAE90FA62BBA9AC200526899 /* SignIn */ = {
			isa = PBXGroup;
			children = (
				BAE90FA72BBA9ADF00526899 /* Screen */,
				BAE90FA82BBA9AF800526899 /* SignInFlowCoordinator.swift */,
			);
			path = SignIn;
			sourceTree = "<group>";
		};
		BAE90FA72BBA9ADF00526899 /* Screen */ = {
			isa = PBXGroup;
			children = (
				BAE90FAA2BBA9B0F00526899 /* SignInViewController.swift */,
				BAE90FAC2BBA9B2300526899 /* SignInViewModel.swift */,
				BA0F4D332BCC459E00C02D07 /* SignInView.swift */,
			);
			path = Screen;
			sourceTree = "<group>";
		};
		BAF7C0322BB73FF900581F33 /* Coordinator */ = {
			isa = PBXGroup;
			children = (
				BAF7C0332BB7400700581F33 /* Protocols */,
				BAF7C0362BB740BA00581F33 /* Coordinator.swift */,
			);
			path = Coordinator;
			sourceTree = "<group>";
		};
		BAF7C0332BB7400700581F33 /* Protocols */ = {
			isa = PBXGroup;
			children = (
				BAF7C0342BB7401C00581F33 /* CoordinatorProtocol.swift */,
				BAF7C0382BB7427200581F33 /* FlowController.swift */,
				BAF7C03A2BB742BF00581F33 /* FlowControllerWithValue.swift */,
			);
			path = Protocols;
			sourceTree = "<group>";
		};
		BAF7C03C2BB7431D00581F33 /* Router */ = {
			isa = PBXGroup;
			children = (
				BAF7C03D2BB7433000581F33 /* RouterProtocol.swift */,
				BAF7C03F2BB7437F00581F33 /* Router.swift */,
			);
			path = Router;
			sourceTree = "<group>";
		};
		BAF7C0412BB7461800581F33 /* Factories */ = {
			isa = PBXGroup;
			children = (
				BAF7C0422BB7464A00581F33 /* Protocols */,
				BAF7C04E2BB750F900581F33 /* ModuleFactory.swift */,
				BAF7C0502BB7514900581F33 /* CoordinatorFactory.swift */,
			);
			path = Factories;
			sourceTree = "<group>";
		};
		BAF7C0422BB7464A00581F33 /* Protocols */ = {
			isa = PBXGroup;
			children = (
				BAF7C0432BB7466600581F33 /* ModuleFactoryProtocol.swift */,
				BAF7C04A2BB747AA00581F33 /* CoordinatorFactoryProtocol.swift */,
			);
			path = Protocols;
			sourceTree = "<group>";
		};
		BAF7C0452BB746BA00581F33 /* Flows */ = {
			isa = PBXGroup;
			children = (
				BA065ED12BD521650005EE39 /* TabBar */,
				BAE90FA62BBA9AC200526899 /* SignIn */,
				BABB7A9B2BB85A8200BAC60C /* Registration */,
				BAF7C0462BB746C400581F33 /* Auth */,
			);
			path = Flows;
			sourceTree = "<group>";
		};
		BAF7C0462BB746C400581F33 /* Auth */ = {
			isa = PBXGroup;
			children = (
				BAF7C0472BB7472C00581F33 /* Screen */,
				BAF7C0482BB7475900581F33 /* AuthFlowCoordinator.swift */,
			);
			path = Auth;
			sourceTree = "<group>";
		};
		BAF7C0472BB7472C00581F33 /* Screen */ = {
			isa = PBXGroup;
			children = (
				BADB26FD2BB36E2500AC96BA /* AuthViewController.swift */,
				BA0FDEC92BC9C82B0010D0FA /* AuthView.swift */,
				BA0FDECD2BC9D48F0010D0FA /* BackgroundView.swift */,
			);
			path = Screen;
			sourceTree = "<group>";
		};
/* End PBXGroup section */

/* Begin PBXNativeTarget section */
		BADB26F52BB36E2500AC96BA /* LoveCalendar */ = {
			isa = PBXNativeTarget;
			buildConfigurationList = BADB270A2BB36E2600AC96BA /* Build configuration list for PBXNativeTarget "LoveCalendar" */;
			buildPhases = (
				BA52EB1B2BB56AFC001D636E /* Swiftlint */,
				BADB26F22BB36E2500AC96BA /* Sources */,
				BADB26F32BB36E2500AC96BA /* Frameworks */,
				BADB26F42BB36E2500AC96BA /* Resources */,
			);
			buildRules = (
			);
			dependencies = (
			);
			name = LoveCalendar;
			packageProductDependencies = (
				BA8F13212BB573D6001F5526 /* SnapKit */,
				BA8F13232BB573D6001F5526 /* SnapKit-Dynamic */,
				BA7ABE812BB57F34009ED03E /* FirebaseAnalytics */,
				BA7ABE832BB57F34009ED03E /* FirebaseAuth */,
				BA7ABE852BB57F34009ED03E /* FirebaseDatabase */,
				BA7ABE872BB57F34009ED03E /* FirebaseFirestore */,
				BA7ABE8A2BB58088009ED03E /* Alamofire */,
				BA7ABE8C2BB58088009ED03E /* AlamofireDynamic */,
				BA20453A2BFA53DB00C0B3BD /* FirebaseStorage */,
			);
			productName = LoveCalendar;
			productReference = BADB26F62BB36E2500AC96BA /* LoveCalendar.app */;
			productType = "com.apple.product-type.application";
		};
/* End PBXNativeTarget section */

/* Begin PBXProject section */
		BADB26EE2BB36E2500AC96BA /* Project object */ = {
			isa = PBXProject;
			attributes = {
				BuildIndependentTargetsInParallel = 1;
				LastSwiftUpdateCheck = 1530;
				LastUpgradeCheck = 1530;
				TargetAttributes = {
					BADB26F52BB36E2500AC96BA = {
						CreatedOnToolsVersion = 15.3;
					};
				};
			};
			buildConfigurationList = BADB26F12BB36E2500AC96BA /* Build configuration list for PBXProject "LoveCalendar" */;
			compatibilityVersion = "Xcode 14.0";
			developmentRegion = en;
			hasScannedForEncodings = 0;
			knownRegions = (
				en,
				Base,
				ru,
			);
			mainGroup = BADB26ED2BB36E2500AC96BA;
			packageReferences = (
				BA8F13202BB573D6001F5526 /* XCRemoteSwiftPackageReference "SnapKit" */,
				BA7ABE802BB57F34009ED03E /* XCRemoteSwiftPackageReference "firebase-ios-sdk" */,
				BA7ABE892BB58088009ED03E /* XCRemoteSwiftPackageReference "Alamofire" */,
			);
			productRefGroup = BADB26F72BB36E2500AC96BA /* Products */;
			projectDirPath = "";
			projectRoot = "";
			targets = (
				BADB26F52BB36E2500AC96BA /* LoveCalendar */,
			);
		};
/* End PBXProject section */

/* Begin PBXResourcesBuildPhase section */
		BADB26F42BB36E2500AC96BA /* Resources */ = {
			isa = PBXResourcesBuildPhase;
			buildActionMask = 2147483647;
			files = (
				BADB27032BB36E2600AC96BA /* Assets.xcassets in Resources */,
				BA21E4BF2BCE86F800F9916F /* Localizable.strings in Resources */,
				BADB27062BB36E2600AC96BA /* Base in Resources */,
				BA8F13282BB57A35001F5526 /* GoogleService-Info.plist in Resources */,
			);
			runOnlyForDeploymentPostprocessing = 0;
		};
/* End PBXResourcesBuildPhase section */

/* Begin PBXShellScriptBuildPhase section */
		BA52EB1B2BB56AFC001D636E /* Swiftlint */ = {
			isa = PBXShellScriptBuildPhase;
			alwaysOutOfDate = 1;
			buildActionMask = 2147483647;
			files = (
			);
			inputFileListPaths = (
			);
			inputPaths = (
			);
			name = Swiftlint;
			outputFileListPaths = (
			);
			outputPaths = (
			);
			runOnlyForDeploymentPostprocessing = 0;
			shellPath = /bin/sh;
			shellScript = "export PATH=\"$PATH:/opt/homebrew/bin\"\nif which swiftlint >/dev/null; then\n  swiftlint\nelse\n  echo \"error: SwiftLint does not exist, download it from https://github.com/realm/SwiftLint\"\n  exit 1\nfi\n";
			showEnvVarsInLog = 0;
		};
/* End PBXShellScriptBuildPhase section */

/* Begin PBXSourcesBuildPhase section */
		BADB26F22BB36E2500AC96BA /* Sources */ = {
			isa = PBXSourcesBuildPhase;
			buildActionMask = 2147483647;
			files = (
				BA065EF42BD52F5A0005EE39 /* TabBarFlowCoordinator.swift in Sources */,
				BA0FDECE2BC9D48F0010D0FA /* BackgroundView.swift in Sources */,
				BAE90FAB2BBA9B0F00526899 /* SignInViewController.swift in Sources */,
				BADB26FE2BB36E2500AC96BA /* AuthViewController.swift in Sources */,
				BA3B4C852BD7D89F0009E006 /* SystemImages.swift in Sources */,
				BA065EF62BD530B10005EE39 /* TabBarViewController.swift in Sources */,
				BA065EDE2BD528910005EE39 /* CalendarViewController.swift in Sources */,
				BA0F4D322BCC2F7E00C02D07 /* RegistrationView.swift in Sources */,
				BABB7AA22BB85AF300BAC60C /* RegistrationViewModel.swift in Sources */,
				BADB26FA2BB36E2500AC96BA /* AppDelegate.swift in Sources */,
				BAE90FAD2BBA9B2300526899 /* SignInViewModel.swift in Sources */,
				BA065EF22BD52A050005EE39 /* ProfileCoordinator.swift in Sources */,
				BAF7C04D2BB7481200581F33 /* AppCoordinator.swift in Sources */,
				BA0F4D342BCC459E00C02D07 /* SignInView.swift in Sources */,
				BA065EEE2BD529D70005EE39 /* MainCoordinator.swift in Sources */,
				BAF7C0442BB7466600581F33 /* ModuleFactoryProtocol.swift in Sources */,
				BAE90FA92BBA9AF800526899 /* SignInFlowCoordinator.swift in Sources */,
				BA065EE72BD528E00005EE39 /* AlbumViewController.swift in Sources */,
				BAF7C03E2BB7433000581F33 /* RouterProtocol.swift in Sources */,
				BA95BB452BD7140A00B458B4 /* ProfileViewModel.swift in Sources */,
				BA2045322BFA493B00C0B3BD /* UserModel.swift in Sources */,
				BAF7C0372BB740BA00581F33 /* Coordinator.swift in Sources */,
				BA065EE42BD528D10005EE39 /* MainViewController.swift in Sources */,
				BAE90FA52BB9712600526899 /* AuthService.swift in Sources */,
				BA065EDC2BD524CB0005EE39 /* CalendarFlowCoordinator.swift in Sources */,
				BAF7C04F2BB750F900581F33 /* ModuleFactory.swift in Sources */,
				BAE90FA32BB964B200526899 /* ValidationService.swift in Sources */,
				BA065ED32BD521CC0005EE39 /* TabBarDelegate.swift in Sources */,
				BAF7C0402BB7437F00581F33 /* Router.swift in Sources */,
				BA2045362BFA4FB100C0B3BD /* StorageServiceProtocol.swift in Sources */,
				BABB7AA02BB85AE400BAC60C /* RegistrationViewController.swift in Sources */,
				BA065EE12BD528BE0005EE39 /* WishlistViewController.swift in Sources */,
				BAF7C04B2BB747AA00581F33 /* CoordinatorFactoryProtocol.swift in Sources */,
				BA0FDECC2BC9CB180010D0FA /* UIViewExtensions.swift in Sources */,
				BA20452F2BFA2EFB00C0B3BD /* FirestoreServiceProtocol.swift in Sources */,
				BA0FDECA2BC9C82B0010D0FA /* AuthView.swift in Sources */,
				BA4FBE632BC568020066CFE7 /* UIViewControllerExtensions.swift in Sources */,
				BABB7A9E2BB85AC600BAC60C /* RegistrationFlowCoordinator.swift in Sources */,
				BAF7C0512BB7514900581F33 /* CoordinatorFactory.swift in Sources */,
				BA21E4C22BCE87AE00F9916F /* GeneratedStrings.swift in Sources */,
				BAF7C0352BB7401C00581F33 /* CoordinatorProtocol.swift in Sources */,
				BADB26FC2BB36E2500AC96BA /* SceneDelegate.swift in Sources */,
				BA065EEC2BD529C20005EE39 /* WishlistCoordinator.swift in Sources */,
				BA2045342BFA4AA100C0B3BD /* FirestoreService.swift in Sources */,
				BA20452C2BF9347000C0B3BD /* ProfileView.swift in Sources */,
				BAF7C03B2BB742BF00581F33 /* FlowControllerWithValue.swift in Sources */,
				BA2045382BFA503700C0B3BD /* StorageService.swift in Sources */,
				BA065EEA2BD528F00005EE39 /* ProfileViewController.swift in Sources */,
				BAF7C0392BB7427200581F33 /* FlowController.swift in Sources */,
				BA065EF02BD529EA0005EE39 /* AlbumCoordinator.swift in Sources */,
				BAF7C0492BB7475900581F33 /* AuthFlowCoordinator.swift in Sources */,
			);
			runOnlyForDeploymentPostprocessing = 0;
		};
/* End PBXSourcesBuildPhase section */

/* Begin PBXVariantGroup section */
		BA21E4BD2BCE86F800F9916F /* Localizable.strings */ = {
			isa = PBXVariantGroup;
			children = (
				BA21E4BE2BCE86F800F9916F /* en */,
				BA21E4C32BCE883F00F9916F /* ru */,
			);
			name = Localizable.strings;
			sourceTree = "<group>";
		};
		BADB27042BB36E2600AC96BA /* LaunchScreen.storyboard */ = {
			isa = PBXVariantGroup;
			children = (
				BADB27052BB36E2600AC96BA /* Base */,
			);
			name = LaunchScreen.storyboard;
			sourceTree = "<group>";
		};
/* End PBXVariantGroup section */

/* Begin XCBuildConfiguration section */
		BADB27082BB36E2600AC96BA /* Debug */ = {
			isa = XCBuildConfiguration;
			buildSettings = {
				ALWAYS_SEARCH_USER_PATHS = NO;
				ASSETCATALOG_COMPILER_GENERATE_SWIFT_ASSET_SYMBOL_EXTENSIONS = YES;
				CLANG_ANALYZER_LOCALIZABILITY_NONLOCALIZED = YES;
				CLANG_ANALYZER_NONNULL = YES;
				CLANG_ANALYZER_NUMBER_OBJECT_CONVERSION = YES_AGGRESSIVE;
				CLANG_CXX_LANGUAGE_STANDARD = "gnu++20";
				CLANG_ENABLE_MODULES = YES;
				CLANG_ENABLE_OBJC_ARC = YES;
				CLANG_ENABLE_OBJC_WEAK = YES;
				CLANG_WARN_BLOCK_CAPTURE_AUTORELEASING = YES;
				CLANG_WARN_BOOL_CONVERSION = YES;
				CLANG_WARN_COMMA = YES;
				CLANG_WARN_CONSTANT_CONVERSION = YES;
				CLANG_WARN_DEPRECATED_OBJC_IMPLEMENTATIONS = YES;
				CLANG_WARN_DIRECT_OBJC_ISA_USAGE = YES_ERROR;
				CLANG_WARN_DOCUMENTATION_COMMENTS = YES;
				CLANG_WARN_EMPTY_BODY = YES;
				CLANG_WARN_ENUM_CONVERSION = YES;
				CLANG_WARN_INFINITE_RECURSION = YES;
				CLANG_WARN_INT_CONVERSION = YES;
				CLANG_WARN_NON_LITERAL_NULL_CONVERSION = YES;
				CLANG_WARN_OBJC_IMPLICIT_RETAIN_SELF = YES;
				CLANG_WARN_OBJC_LITERAL_CONVERSION = YES;
				CLANG_WARN_OBJC_ROOT_CLASS = YES_ERROR;
				CLANG_WARN_QUOTED_INCLUDE_IN_FRAMEWORK_HEADER = YES;
				CLANG_WARN_RANGE_LOOP_ANALYSIS = YES;
				CLANG_WARN_STRICT_PROTOTYPES = YES;
				CLANG_WARN_SUSPICIOUS_MOVE = YES;
				CLANG_WARN_UNGUARDED_AVAILABILITY = YES_AGGRESSIVE;
				CLANG_WARN_UNREACHABLE_CODE = YES;
				CLANG_WARN__DUPLICATE_METHOD_MATCH = YES;
				COPY_PHASE_STRIP = NO;
				DEBUG_INFORMATION_FORMAT = dwarf;
				ENABLE_STRICT_OBJC_MSGSEND = YES;
				ENABLE_TESTABILITY = YES;
				ENABLE_USER_SCRIPT_SANDBOXING = YES;
				GCC_C_LANGUAGE_STANDARD = gnu17;
				GCC_DYNAMIC_NO_PIC = NO;
				GCC_NO_COMMON_BLOCKS = YES;
				GCC_OPTIMIZATION_LEVEL = 0;
				GCC_PREPROCESSOR_DEFINITIONS = (
					"DEBUG=1",
					"$(inherited)",
				);
				GCC_WARN_64_TO_32_BIT_CONVERSION = YES;
				GCC_WARN_ABOUT_RETURN_TYPE = YES_ERROR;
				GCC_WARN_UNDECLARED_SELECTOR = YES;
				GCC_WARN_UNINITIALIZED_AUTOS = YES_AGGRESSIVE;
				GCC_WARN_UNUSED_FUNCTION = YES;
				GCC_WARN_UNUSED_VARIABLE = YES;
				IPHONEOS_DEPLOYMENT_TARGET = 17.4;
				LOCALIZATION_PREFERS_STRING_CATALOGS = YES;
				MTL_ENABLE_DEBUG_INFO = INCLUDE_SOURCE;
				MTL_FAST_MATH = YES;
				ONLY_ACTIVE_ARCH = YES;
				SDKROOT = iphoneos;
				SWIFT_ACTIVE_COMPILATION_CONDITIONS = "DEBUG $(inherited)";
				SWIFT_OPTIMIZATION_LEVEL = "-Onone";
			};
			name = Debug;
		};
		BADB27092BB36E2600AC96BA /* Release */ = {
			isa = XCBuildConfiguration;
			buildSettings = {
				ALWAYS_SEARCH_USER_PATHS = NO;
				ASSETCATALOG_COMPILER_GENERATE_SWIFT_ASSET_SYMBOL_EXTENSIONS = YES;
				CLANG_ANALYZER_LOCALIZABILITY_NONLOCALIZED = YES;
				CLANG_ANALYZER_NONNULL = YES;
				CLANG_ANALYZER_NUMBER_OBJECT_CONVERSION = YES_AGGRESSIVE;
				CLANG_CXX_LANGUAGE_STANDARD = "gnu++20";
				CLANG_ENABLE_MODULES = YES;
				CLANG_ENABLE_OBJC_ARC = YES;
				CLANG_ENABLE_OBJC_WEAK = YES;
				CLANG_WARN_BLOCK_CAPTURE_AUTORELEASING = YES;
				CLANG_WARN_BOOL_CONVERSION = YES;
				CLANG_WARN_COMMA = YES;
				CLANG_WARN_CONSTANT_CONVERSION = YES;
				CLANG_WARN_DEPRECATED_OBJC_IMPLEMENTATIONS = YES;
				CLANG_WARN_DIRECT_OBJC_ISA_USAGE = YES_ERROR;
				CLANG_WARN_DOCUMENTATION_COMMENTS = YES;
				CLANG_WARN_EMPTY_BODY = YES;
				CLANG_WARN_ENUM_CONVERSION = YES;
				CLANG_WARN_INFINITE_RECURSION = YES;
				CLANG_WARN_INT_CONVERSION = YES;
				CLANG_WARN_NON_LITERAL_NULL_CONVERSION = YES;
				CLANG_WARN_OBJC_IMPLICIT_RETAIN_SELF = YES;
				CLANG_WARN_OBJC_LITERAL_CONVERSION = YES;
				CLANG_WARN_OBJC_ROOT_CLASS = YES_ERROR;
				CLANG_WARN_QUOTED_INCLUDE_IN_FRAMEWORK_HEADER = YES;
				CLANG_WARN_RANGE_LOOP_ANALYSIS = YES;
				CLANG_WARN_STRICT_PROTOTYPES = YES;
				CLANG_WARN_SUSPICIOUS_MOVE = YES;
				CLANG_WARN_UNGUARDED_AVAILABILITY = YES_AGGRESSIVE;
				CLANG_WARN_UNREACHABLE_CODE = YES;
				CLANG_WARN__DUPLICATE_METHOD_MATCH = YES;
				COPY_PHASE_STRIP = NO;
				DEBUG_INFORMATION_FORMAT = "dwarf-with-dsym";
				ENABLE_NS_ASSERTIONS = NO;
				ENABLE_STRICT_OBJC_MSGSEND = YES;
				ENABLE_USER_SCRIPT_SANDBOXING = YES;
				GCC_C_LANGUAGE_STANDARD = gnu17;
				GCC_NO_COMMON_BLOCKS = YES;
				GCC_WARN_64_TO_32_BIT_CONVERSION = YES;
				GCC_WARN_ABOUT_RETURN_TYPE = YES_ERROR;
				GCC_WARN_UNDECLARED_SELECTOR = YES;
				GCC_WARN_UNINITIALIZED_AUTOS = YES_AGGRESSIVE;
				GCC_WARN_UNUSED_FUNCTION = YES;
				GCC_WARN_UNUSED_VARIABLE = YES;
				IPHONEOS_DEPLOYMENT_TARGET = 17.4;
				LOCALIZATION_PREFERS_STRING_CATALOGS = YES;
				MTL_ENABLE_DEBUG_INFO = NO;
				MTL_FAST_MATH = YES;
				SDKROOT = iphoneos;
				SWIFT_COMPILATION_MODE = wholemodule;
				VALIDATE_PRODUCT = YES;
			};
			name = Release;
		};
		BADB270B2BB36E2600AC96BA /* Debug */ = {
			isa = XCBuildConfiguration;
			buildSettings = {
				ASSETCATALOG_COMPILER_APPICON_NAME = AppIcon;
				ASSETCATALOG_COMPILER_GLOBAL_ACCENT_COLOR_NAME = AccentColor;
				CODE_SIGN_STYLE = Automatic;
				CURRENT_PROJECT_VERSION = 1;
				DEVELOPMENT_TEAM = ALBWWMG47L;
				ENABLE_USER_SCRIPT_SANDBOXING = NO;
				GENERATE_INFOPLIST_FILE = YES;
				INFOPLIST_FILE = LoveCalendar/Info.plist;
				INFOPLIST_KEY_UIApplicationSupportsIndirectInputEvents = YES;
				INFOPLIST_KEY_UILaunchStoryboardName = LaunchScreen;
				INFOPLIST_KEY_UISupportedInterfaceOrientations_iPad = "UIInterfaceOrientationPortrait UIInterfaceOrientationPortraitUpsideDown UIInterfaceOrientationLandscapeLeft UIInterfaceOrientationLandscapeRight";
				INFOPLIST_KEY_UISupportedInterfaceOrientations_iPhone = "UIInterfaceOrientationPortrait UIInterfaceOrientationLandscapeLeft UIInterfaceOrientationLandscapeRight";
				IPHONEOS_DEPLOYMENT_TARGET = 14.0;
				LD_RUNPATH_SEARCH_PATHS = (
					"$(inherited)",
					"@executable_path/Frameworks",
				);
				MARKETING_VERSION = 1.0;
				PRODUCT_BUNDLE_IDENTIFIER = com.kerikg.LoveCalendar;
				PRODUCT_NAME = "$(TARGET_NAME)";
				SWIFT_EMIT_LOC_STRINGS = YES;
				SWIFT_VERSION = 5.0;
				TARGETED_DEVICE_FAMILY = "1,2";
			};
			name = Debug;
		};
		BADB270C2BB36E2600AC96BA /* Release */ = {
			isa = XCBuildConfiguration;
			buildSettings = {
				ASSETCATALOG_COMPILER_APPICON_NAME = AppIcon;
				ASSETCATALOG_COMPILER_GLOBAL_ACCENT_COLOR_NAME = AccentColor;
				CODE_SIGN_STYLE = Automatic;
				CURRENT_PROJECT_VERSION = 1;
				DEVELOPMENT_TEAM = ALBWWMG47L;
				ENABLE_USER_SCRIPT_SANDBOXING = NO;
				GENERATE_INFOPLIST_FILE = YES;
				INFOPLIST_FILE = LoveCalendar/Info.plist;
				INFOPLIST_KEY_UIApplicationSupportsIndirectInputEvents = YES;
				INFOPLIST_KEY_UILaunchStoryboardName = LaunchScreen;
				INFOPLIST_KEY_UISupportedInterfaceOrientations_iPad = "UIInterfaceOrientationPortrait UIInterfaceOrientationPortraitUpsideDown UIInterfaceOrientationLandscapeLeft UIInterfaceOrientationLandscapeRight";
				INFOPLIST_KEY_UISupportedInterfaceOrientations_iPhone = "UIInterfaceOrientationPortrait UIInterfaceOrientationLandscapeLeft UIInterfaceOrientationLandscapeRight";
				IPHONEOS_DEPLOYMENT_TARGET = 14.0;
				LD_RUNPATH_SEARCH_PATHS = (
					"$(inherited)",
					"@executable_path/Frameworks",
				);
				MARKETING_VERSION = 1.0;
				PRODUCT_BUNDLE_IDENTIFIER = com.kerikg.LoveCalendar;
				PRODUCT_NAME = "$(TARGET_NAME)";
				SWIFT_EMIT_LOC_STRINGS = YES;
				SWIFT_VERSION = 5.0;
				TARGETED_DEVICE_FAMILY = "1,2";
			};
			name = Release;
		};
/* End XCBuildConfiguration section */

/* Begin XCConfigurationList section */
		BADB26F12BB36E2500AC96BA /* Build configuration list for PBXProject "LoveCalendar" */ = {
			isa = XCConfigurationList;
			buildConfigurations = (
				BADB27082BB36E2600AC96BA /* Debug */,
				BADB27092BB36E2600AC96BA /* Release */,
			);
			defaultConfigurationIsVisible = 0;
			defaultConfigurationName = Release;
		};
		BADB270A2BB36E2600AC96BA /* Build configuration list for PBXNativeTarget "LoveCalendar" */ = {
			isa = XCConfigurationList;
			buildConfigurations = (
				BADB270B2BB36E2600AC96BA /* Debug */,
				BADB270C2BB36E2600AC96BA /* Release */,
			);
			defaultConfigurationIsVisible = 0;
			defaultConfigurationName = Release;
		};
/* End XCConfigurationList section */

/* Begin XCRemoteSwiftPackageReference section */
		BA7ABE802BB57F34009ED03E /* XCRemoteSwiftPackageReference "firebase-ios-sdk" */ = {
			isa = XCRemoteSwiftPackageReference;
			repositoryURL = "https://github.com/firebase/firebase-ios-sdk.git";
			requirement = {
				kind = upToNextMajorVersion;
				minimumVersion = 10.23.0;
			};
		};
		BA7ABE892BB58088009ED03E /* XCRemoteSwiftPackageReference "Alamofire" */ = {
			isa = XCRemoteSwiftPackageReference;
			repositoryURL = "https://github.com/Alamofire/Alamofire.git";
			requirement = {
				kind = upToNextMajorVersion;
				minimumVersion = 5.9.0;
			};
		};
		BA8F13202BB573D6001F5526 /* XCRemoteSwiftPackageReference "SnapKit" */ = {
			isa = XCRemoteSwiftPackageReference;
			repositoryURL = "https://github.com/SnapKit/SnapKit";
			requirement = {
				kind = upToNextMajorVersion;
				minimumVersion = 5.7.1;
			};
		};
/* End XCRemoteSwiftPackageReference section */

/* Begin XCSwiftPackageProductDependency section */
		BA20453A2BFA53DB00C0B3BD /* FirebaseStorage */ = {
			isa = XCSwiftPackageProductDependency;
			package = BA7ABE802BB57F34009ED03E /* XCRemoteSwiftPackageReference "firebase-ios-sdk" */;
			productName = FirebaseStorage;
		};
		BA7ABE812BB57F34009ED03E /* FirebaseAnalytics */ = {
			isa = XCSwiftPackageProductDependency;
			package = BA7ABE802BB57F34009ED03E /* XCRemoteSwiftPackageReference "firebase-ios-sdk" */;
			productName = FirebaseAnalytics;
		};
		BA7ABE832BB57F34009ED03E /* FirebaseAuth */ = {
			isa = XCSwiftPackageProductDependency;
			package = BA7ABE802BB57F34009ED03E /* XCRemoteSwiftPackageReference "firebase-ios-sdk" */;
			productName = FirebaseAuth;
		};
		BA7ABE852BB57F34009ED03E /* FirebaseDatabase */ = {
			isa = XCSwiftPackageProductDependency;
			package = BA7ABE802BB57F34009ED03E /* XCRemoteSwiftPackageReference "firebase-ios-sdk" */;
			productName = FirebaseDatabase;
		};
		BA7ABE872BB57F34009ED03E /* FirebaseFirestore */ = {
			isa = XCSwiftPackageProductDependency;
			package = BA7ABE802BB57F34009ED03E /* XCRemoteSwiftPackageReference "firebase-ios-sdk" */;
			productName = FirebaseFirestore;
		};
		BA7ABE8A2BB58088009ED03E /* Alamofire */ = {
			isa = XCSwiftPackageProductDependency;
			package = BA7ABE892BB58088009ED03E /* XCRemoteSwiftPackageReference "Alamofire" */;
			productName = Alamofire;
		};
		BA7ABE8C2BB58088009ED03E /* AlamofireDynamic */ = {
			isa = XCSwiftPackageProductDependency;
			package = BA7ABE892BB58088009ED03E /* XCRemoteSwiftPackageReference "Alamofire" */;
			productName = AlamofireDynamic;
		};
		BA8F13212BB573D6001F5526 /* SnapKit */ = {
			isa = XCSwiftPackageProductDependency;
			package = BA8F13202BB573D6001F5526 /* XCRemoteSwiftPackageReference "SnapKit" */;
			productName = SnapKit;
		};
		BA8F13232BB573D6001F5526 /* SnapKit-Dynamic */ = {
			isa = XCSwiftPackageProductDependency;
			package = BA8F13202BB573D6001F5526 /* XCRemoteSwiftPackageReference "SnapKit" */;
			productName = "SnapKit-Dynamic";
		};
/* End XCSwiftPackageProductDependency section */
	};
	rootObject = BADB26EE2BB36E2500AC96BA /* Project object */;
}
