// !$*UTF8*$!
{
	archiveVersion = 1;
	classes = {
	};
	objectVersion = 56;
	objects = {

/* Begin PBXBuildFile section */
		BA7ABE822BB57F34009ED03E /* FirebaseAnalytics in Frameworks */ = {isa = PBXBuildFile; productRef = BA7ABE812BB57F34009ED03E /* FirebaseAnalytics */; };
		BA7ABE842BB57F34009ED03E /* FirebaseAuth in Frameworks */ = {isa = PBXBuildFile; productRef = BA7ABE832BB57F34009ED03E /* FirebaseAuth */; };
		BA7ABE862BB57F34009ED03E /* FirebaseDatabase in Frameworks */ = {isa = PBXBuildFile; productRef = BA7ABE852BB57F34009ED03E /* FirebaseDatabase */; };
		BA7ABE882BB57F34009ED03E /* FirebaseFirestore in Frameworks */ = {isa = PBXBuildFile; productRef = BA7ABE872BB57F34009ED03E /* FirebaseFirestore */; };
		BA7ABE8B2BB58088009ED03E /* Alamofire in Frameworks */ = {isa = PBXBuildFile; productRef = BA7ABE8A2BB58088009ED03E /* Alamofire */; };
		BA7ABE8D2BB58088009ED03E /* AlamofireDynamic in Frameworks */ = {isa = PBXBuildFile; productRef = BA7ABE8C2BB58088009ED03E /* AlamofireDynamic */; };
		BA8F13222BB573D6001F5526 /* SnapKit in Frameworks */ = {isa = PBXBuildFile; productRef = BA8F13212BB573D6001F5526 /* SnapKit */; };
		BA8F13242BB573D6001F5526 /* SnapKit-Dynamic in Frameworks */ = {isa = PBXBuildFile; productRef = BA8F13232BB573D6001F5526 /* SnapKit-Dynamic */; };
		BA8F13282BB57A35001F5526 /* GoogleService-Info.plist in Resources */ = {isa = PBXBuildFile; fileRef = BA8F13272BB57A35001F5526 /* GoogleService-Info.plist */; };
		BADB26FA2BB36E2500AC96BA /* AppDelegate.swift in Sources */ = {isa = PBXBuildFile; fileRef = BADB26F92BB36E2500AC96BA /* AppDelegate.swift */; };
		BADB26FC2BB36E2500AC96BA /* SceneDelegate.swift in Sources */ = {isa = PBXBuildFile; fileRef = BADB26FB2BB36E2500AC96BA /* SceneDelegate.swift */; };
		BADB26FE2BB36E2500AC96BA /* ViewController.swift in Sources */ = {isa = PBXBuildFile; fileRef = BADB26FD2BB36E2500AC96BA /* ViewController.swift */; };
		BADB27032BB36E2600AC96BA /* Assets.xcassets in Resources */ = {isa = PBXBuildFile; fileRef = BADB27022BB36E2600AC96BA /* Assets.xcassets */; };
		BADB27062BB36E2600AC96BA /* Base in Resources */ = {isa = PBXBuildFile; fileRef = BADB27052BB36E2600AC96BA /* Base */; };
/* End PBXBuildFile section */

/* Begin PBXFileReference section */
		BA8F13272BB57A35001F5526 /* GoogleService-Info.plist */ = {isa = PBXFileReference; fileEncoding = 4; lastKnownFileType = text.plist.xml; path = "GoogleService-Info.plist"; sourceTree = "<group>"; };
		BADB26F62BB36E2500AC96BA /* LoveCalendar.app */ = {isa = PBXFileReference; explicitFileType = wrapper.application; includeInIndex = 0; path = LoveCalendar.app; sourceTree = BUILT_PRODUCTS_DIR; };
		BADB26F92BB36E2500AC96BA /* AppDelegate.swift */ = {isa = PBXFileReference; lastKnownFileType = sourcecode.swift; path = AppDelegate.swift; sourceTree = "<group>"; };
		BADB26FB2BB36E2500AC96BA /* SceneDelegate.swift */ = {isa = PBXFileReference; lastKnownFileType = sourcecode.swift; path = SceneDelegate.swift; sourceTree = "<group>"; };
		BADB26FD2BB36E2500AC96BA /* ViewController.swift */ = {isa = PBXFileReference; lastKnownFileType = sourcecode.swift; path = ViewController.swift; sourceTree = "<group>"; };
		BADB27022BB36E2600AC96BA /* Assets.xcassets */ = {isa = PBXFileReference; lastKnownFileType = folder.assetcatalog; path = Assets.xcassets; sourceTree = "<group>"; };
		BADB27052BB36E2600AC96BA /* Base */ = {isa = PBXFileReference; lastKnownFileType = file.storyboard; name = Base; path = Base.lproj/LaunchScreen.storyboard; sourceTree = "<group>"; };
		BADB27072BB36E2600AC96BA /* Info.plist */ = {isa = PBXFileReference; lastKnownFileType = text.plist.xml; path = Info.plist; sourceTree = "<group>"; };
/* End PBXFileReference section */

/* Begin PBXFrameworksBuildPhase section */
		BADB26F32BB36E2500AC96BA /* Frameworks */ = {
			isa = PBXFrameworksBuildPhase;
			buildActionMask = 2147483647;
			files = (
				BA7ABE862BB57F34009ED03E /* FirebaseDatabase in Frameworks */,
				BA7ABE8B2BB58088009ED03E /* Alamofire in Frameworks */,
				BA8F13222BB573D6001F5526 /* SnapKit in Frameworks */,
				BA8F13242BB573D6001F5526 /* SnapKit-Dynamic in Frameworks */,
				BA7ABE822BB57F34009ED03E /* FirebaseAnalytics in Frameworks */,
				BA7ABE8D2BB58088009ED03E /* AlamofireDynamic in Frameworks */,
				BA7ABE842BB57F34009ED03E /* FirebaseAuth in Frameworks */,
				BA7ABE882BB57F34009ED03E /* FirebaseFirestore in Frameworks */,
			);
			runOnlyForDeploymentPostprocessing = 0;
		};
/* End PBXFrameworksBuildPhase section */

/* Begin PBXGroup section */
		BADB26ED2BB36E2500AC96BA = {
			isa = PBXGroup;
			children = (
				BADB26F82BB36E2500AC96BA /* LoveCalendar */,
				BADB26F72BB36E2500AC96BA /* Products */,
			);
			sourceTree = "<group>";
		};
		BADB26F72BB36E2500AC96BA /* Products */ = {
			isa = PBXGroup;
			children = (
				BADB26F62BB36E2500AC96BA /* LoveCalendar.app */,
			);
			name = Products;
			sourceTree = "<group>";
		};
		BADB26F82BB36E2500AC96BA /* LoveCalendar */ = {
			isa = PBXGroup;
			children = (
				BADB270D2BB36ED500AC96BA /* App */,
				BADB26FD2BB36E2500AC96BA /* ViewController.swift */,
				BADB27022BB36E2600AC96BA /* Assets.xcassets */,
				BADB27042BB36E2600AC96BA /* LaunchScreen.storyboard */,
				BADB27072BB36E2600AC96BA /* Info.plist */,
				BA8F13272BB57A35001F5526 /* GoogleService-Info.plist */,
			);
			path = LoveCalendar;
			sourceTree = "<group>";
		};
		BADB270D2BB36ED500AC96BA /* App */ = {
			isa = PBXGroup;
			children = (
				BADB26F92BB36E2500AC96BA /* AppDelegate.swift */,
				BADB26FB2BB36E2500AC96BA /* SceneDelegate.swift */,
			);
			path = App;
			sourceTree = "<group>";
		};
/* End PBXGroup section */

/* Begin PBXNativeTarget section */
		BADB26F52BB36E2500AC96BA /* LoveCalendar */ = {
			isa = PBXNativeTarget;
			buildConfigurationList = BADB270A2BB36E2600AC96BA /* Build configuration list for PBXNativeTarget "LoveCalendar" */;
			buildPhases = (
				BA52EB1B2BB56AFC001D636E /* Swiftlint */,
				BADB26F22BB36E2500AC96BA /* Sources */,
				BADB26F32BB36E2500AC96BA /* Frameworks */,
				BADB26F42BB36E2500AC96BA /* Resources */,
			);
			buildRules = (
			);
			dependencies = (
			);
			name = LoveCalendar;
			packageProductDependencies = (
				BA8F13212BB573D6001F5526 /* SnapKit */,
				BA8F13232BB573D6001F5526 /* SnapKit-Dynamic */,
				BA7ABE812BB57F34009ED03E /* FirebaseAnalytics */,
				BA7ABE832BB57F34009ED03E /* FirebaseAuth */,
				BA7ABE852BB57F34009ED03E /* FirebaseDatabase */,
				BA7ABE872BB57F34009ED03E /* FirebaseFirestore */,
				BA7ABE8A2BB58088009ED03E /* Alamofire */,
				BA7ABE8C2BB58088009ED03E /* AlamofireDynamic */,
			);
			productName = LoveCalendar;
			productReference = BADB26F62BB36E2500AC96BA /* LoveCalendar.app */;
			productType = "com.apple.product-type.application";
		};
/* End PBXNativeTarget section */

/* Begin PBXProject section */
		BADB26EE2BB36E2500AC96BA /* Project object */ = {
			isa = PBXProject;
			attributes = {
				BuildIndependentTargetsInParallel = 1;
				LastSwiftUpdateCheck = 1530;
				LastUpgradeCheck = 1530;
				TargetAttributes = {
					BADB26F52BB36E2500AC96BA = {
						CreatedOnToolsVersion = 15.3;
					};
				};
			};
			buildConfigurationList = BADB26F12BB36E2500AC96BA /* Build configuration list for PBXProject "LoveCalendar" */;
			compatibilityVersion = "Xcode 14.0";
			developmentRegion = en;
			hasScannedForEncodings = 0;
			knownRegions = (
				en,
				Base,
			);
			mainGroup = BADB26ED2BB36E2500AC96BA;
			packageReferences = (
				BA8F13202BB573D6001F5526 /* XCRemoteSwiftPackageReference "SnapKit" */,
				BA7ABE802BB57F34009ED03E /* XCRemoteSwiftPackageReference "firebase-ios-sdk" */,
				BA7ABE892BB58088009ED03E /* XCRemoteSwiftPackageReference "Alamofire" */,
			);
			productRefGroup = BADB26F72BB36E2500AC96BA /* Products */;
			projectDirPath = "";
			projectRoot = "";
			targets = (
				BADB26F52BB36E2500AC96BA /* LoveCalendar */,
			);
		};
/* End PBXProject section */

/* Begin PBXResourcesBuildPhase section */
		BADB26F42BB36E2500AC96BA /* Resources */ = {
			isa = PBXResourcesBuildPhase;
			buildActionMask = 2147483647;
			files = (
				BADB27032BB36E2600AC96BA /* Assets.xcassets in Resources */,
				BADB27062BB36E2600AC96BA /* Base in Resources */,
				BA8F13282BB57A35001F5526 /* GoogleService-Info.plist in Resources */,
			);
			runOnlyForDeploymentPostprocessing = 0;
		};
/* End PBXResourcesBuildPhase section */

/* Begin PBXShellScriptBuildPhase section */
		BA52EB1B2BB56AFC001D636E /* Swiftlint */ = {
			isa = PBXShellScriptBuildPhase;
			alwaysOutOfDate = 1;
			buildActionMask = 2147483647;
			files = (
			);
			inputFileListPaths = (
			);
			inputPaths = (
			);
			name = Swiftlint;
			outputFileListPaths = (
			);
			outputPaths = (
			);
			runOnlyForDeploymentPostprocessing = 0;
			shellPath = /bin/sh;
			shellScript = "export PATH=\"$PATH:/opt/homebrew/bin\"\nif which swiftlint >/dev/null; then\n  swiftlint\nelse\n  echo \"error: SwiftLint does not exist, download it from https://github.com/realm/SwiftLint\"\n  exit 1\nfi\n";
			showEnvVarsInLog = 0;
		};
/* End PBXShellScriptBuildPhase section */

/* Begin PBXSourcesBuildPhase section */
		BADB26F22BB36E2500AC96BA /* Sources */ = {
			isa = PBXSourcesBuildPhase;
			buildActionMask = 2147483647;
			files = (
				BADB26FE2BB36E2500AC96BA /* ViewController.swift in Sources */,
				BADB26FA2BB36E2500AC96BA /* AppDelegate.swift in Sources */,
				BADB26FC2BB36E2500AC96BA /* SceneDelegate.swift in Sources */,
			);
			runOnlyForDeploymentPostprocessing = 0;
		};
/* End PBXSourcesBuildPhase section */

/* Begin PBXVariantGroup section */
		BADB27042BB36E2600AC96BA /* LaunchScreen.storyboard */ = {
			isa = PBXVariantGroup;
			children = (
				BADB27052BB36E2600AC96BA /* Base */,
			);
			name = LaunchScreen.storyboard;
			sourceTree = "<group>";
		};
/* End PBXVariantGroup section */

/* Begin XCBuildConfiguration section */
		BADB27082BB36E2600AC96BA /* Debug */ = {
			isa = XCBuildConfiguration;
			buildSettings = {
				ALWAYS_SEARCH_USER_PATHS = NO;
				ASSETCATALOG_COMPILER_GENERATE_SWIFT_ASSET_SYMBOL_EXTENSIONS = YES;
				CLANG_ANALYZER_NONNULL = YES;
				CLANG_ANALYZER_NUMBER_OBJECT_CONVERSION = YES_AGGRESSIVE;
				CLANG_CXX_LANGUAGE_STANDARD = "gnu++20";
				CLANG_ENABLE_MODULES = YES;
				CLANG_ENABLE_OBJC_ARC = YES;
				CLANG_ENABLE_OBJC_WEAK = YES;
				CLANG_WARN_BLOCK_CAPTURE_AUTORELEASING = YES;
				CLANG_WARN_BOOL_CONVERSION = YES;
				CLANG_WARN_COMMA = YES;
				CLANG_WARN_CONSTANT_CONVERSION = YES;
				CLANG_WARN_DEPRECATED_OBJC_IMPLEMENTATIONS = YES;
				CLANG_WARN_DIRECT_OBJC_ISA_USAGE = YES_ERROR;
				CLANG_WARN_DOCUMENTATION_COMMENTS = YES;
				CLANG_WARN_EMPTY_BODY = YES;
				CLANG_WARN_ENUM_CONVERSION = YES;
				CLANG_WARN_INFINITE_RECURSION = YES;
				CLANG_WARN_INT_CONVERSION = YES;
				CLANG_WARN_NON_LITERAL_NULL_CONVERSION = YES;
				CLANG_WARN_OBJC_IMPLICIT_RETAIN_SELF = YES;
				CLANG_WARN_OBJC_LITERAL_CONVERSION = YES;
				CLANG_WARN_OBJC_ROOT_CLASS = YES_ERROR;
				CLANG_WARN_QUOTED_INCLUDE_IN_FRAMEWORK_HEADER = YES;
				CLANG_WARN_RANGE_LOOP_ANALYSIS = YES;
				CLANG_WARN_STRICT_PROTOTYPES = YES;
				CLANG_WARN_SUSPICIOUS_MOVE = YES;
				CLANG_WARN_UNGUARDED_AVAILABILITY = YES_AGGRESSIVE;
				CLANG_WARN_UNREACHABLE_CODE = YES;
				CLANG_WARN__DUPLICATE_METHOD_MATCH = YES;
				COPY_PHASE_STRIP = NO;
				DEBUG_INFORMATION_FORMAT = dwarf;
				ENABLE_STRICT_OBJC_MSGSEND = YES;
				ENABLE_TESTABILITY = YES;
				ENABLE_USER_SCRIPT_SANDBOXING = YES;
				GCC_C_LANGUAGE_STANDARD = gnu17;
				GCC_DYNAMIC_NO_PIC = NO;
				GCC_NO_COMMON_BLOCKS = YES;
				GCC_OPTIMIZATION_LEVEL = 0;
				GCC_PREPROCESSOR_DEFINITIONS = (
					"DEBUG=1",
					"$(inherited)",
				);
				GCC_WARN_64_TO_32_BIT_CONVERSION = YES;
				GCC_WARN_ABOUT_RETURN_TYPE = YES_ERROR;
				GCC_WARN_UNDECLARED_SELECTOR = YES;
				GCC_WARN_UNINITIALIZED_AUTOS = YES_AGGRESSIVE;
				GCC_WARN_UNUSED_FUNCTION = YES;
				GCC_WARN_UNUSED_VARIABLE = YES;
				IPHONEOS_DEPLOYMENT_TARGET = 17.4;
				LOCALIZATION_PREFERS_STRING_CATALOGS = YES;
				MTL_ENABLE_DEBUG_INFO = INCLUDE_SOURCE;
				MTL_FAST_MATH = YES;
				ONLY_ACTIVE_ARCH = YES;
				SDKROOT = iphoneos;
				SWIFT_ACTIVE_COMPILATION_CONDITIONS = "DEBUG $(inherited)";
				SWIFT_OPTIMIZATION_LEVEL = "-Onone";
			};
			name = Debug;
		};
		BADB27092BB36E2600AC96BA /* Release */ = {
			isa = XCBuildConfiguration;
			buildSettings = {
				ALWAYS_SEARCH_USER_PATHS = NO;
				ASSETCATALOG_COMPILER_GENERATE_SWIFT_ASSET_SYMBOL_EXTENSIONS = YES;
				CLANG_ANALYZER_NONNULL = YES;
				CLANG_ANALYZER_NUMBER_OBJECT_CONVERSION = YES_AGGRESSIVE;
				CLANG_CXX_LANGUAGE_STANDARD = "gnu++20";
				CLANG_ENABLE_MODULES = YES;
				CLANG_ENABLE_OBJC_ARC = YES;
				CLANG_ENABLE_OBJC_WEAK = YES;
				CLANG_WARN_BLOCK_CAPTURE_AUTORELEASING = YES;
				CLANG_WARN_BOOL_CONVERSION = YES;
				CLANG_WARN_COMMA = YES;
				CLANG_WARN_CONSTANT_CONVERSION = YES;
				CLANG_WARN_DEPRECATED_OBJC_IMPLEMENTATIONS = YES;
				CLANG_WARN_DIRECT_OBJC_ISA_USAGE = YES_ERROR;
				CLANG_WARN_DOCUMENTATION_COMMENTS = YES;
				CLANG_WARN_EMPTY_BODY = YES;
				CLANG_WARN_ENUM_CONVERSION = YES;
				CLANG_WARN_INFINITE_RECURSION = YES;
				CLANG_WARN_INT_CONVERSION = YES;
				CLANG_WARN_NON_LITERAL_NULL_CONVERSION = YES;
				CLANG_WARN_OBJC_IMPLICIT_RETAIN_SELF = YES;
				CLANG_WARN_OBJC_LITERAL_CONVERSION = YES;
				CLANG_WARN_OBJC_ROOT_CLASS = YES_ERROR;
				CLANG_WARN_QUOTED_INCLUDE_IN_FRAMEWORK_HEADER = YES;
				CLANG_WARN_RANGE_LOOP_ANALYSIS = YES;
				CLANG_WARN_STRICT_PROTOTYPES = YES;
				CLANG_WARN_SUSPICIOUS_MOVE = YES;
				CLANG_WARN_UNGUARDED_AVAILABILITY = YES_AGGRESSIVE;
				CLANG_WARN_UNREACHABLE_CODE = YES;
				CLANG_WARN__DUPLICATE_METHOD_MATCH = YES;
				COPY_PHASE_STRIP = NO;
				DEBUG_INFORMATION_FORMAT = "dwarf-with-dsym";
				ENABLE_NS_ASSERTIONS = NO;
				ENABLE_STRICT_OBJC_MSGSEND = YES;
				ENABLE_USER_SCRIPT_SANDBOXING = YES;
				GCC_C_LANGUAGE_STANDARD = gnu17;
				GCC_NO_COMMON_BLOCKS = YES;
				GCC_WARN_64_TO_32_BIT_CONVERSION = YES;
				GCC_WARN_ABOUT_RETURN_TYPE = YES_ERROR;
				GCC_WARN_UNDECLARED_SELECTOR = YES;
				GCC_WARN_UNINITIALIZED_AUTOS = YES_AGGRESSIVE;
				GCC_WARN_UNUSED_FUNCTION = YES;
				GCC_WARN_UNUSED_VARIABLE = YES;
				IPHONEOS_DEPLOYMENT_TARGET = 17.4;
				LOCALIZATION_PREFERS_STRING_CATALOGS = YES;
				MTL_ENABLE_DEBUG_INFO = NO;
				MTL_FAST_MATH = YES;
				SDKROOT = iphoneos;
				SWIFT_COMPILATION_MODE = wholemodule;
				VALIDATE_PRODUCT = YES;
			};
			name = Release;
		};
		BADB270B2BB36E2600AC96BA /* Debug */ = {
			isa = XCBuildConfiguration;
			buildSettings = {
				ASSETCATALOG_COMPILER_APPICON_NAME = AppIcon;
				ASSETCATALOG_COMPILER_GLOBAL_ACCENT_COLOR_NAME = AccentColor;
				CODE_SIGN_STYLE = Automatic;
				CURRENT_PROJECT_VERSION = 1;
				DEVELOPMENT_TEAM = ALBWWMG47L;
				ENABLE_USER_SCRIPT_SANDBOXING = NO;
				GENERATE_INFOPLIST_FILE = YES;
				INFOPLIST_FILE = LoveCalendar/Info.plist;
				INFOPLIST_KEY_UIApplicationSupportsIndirectInputEvents = YES;
				INFOPLIST_KEY_UILaunchStoryboardName = LaunchScreen;
				INFOPLIST_KEY_UISupportedInterfaceOrientations_iPad = "UIInterfaceOrientationPortrait UIInterfaceOrientationPortraitUpsideDown UIInterfaceOrientationLandscapeLeft UIInterfaceOrientationLandscapeRight";
				INFOPLIST_KEY_UISupportedInterfaceOrientations_iPhone = "UIInterfaceOrientationPortrait UIInterfaceOrientationLandscapeLeft UIInterfaceOrientationLandscapeRight";
				IPHONEOS_DEPLOYMENT_TARGET = 14.0;
				LD_RUNPATH_SEARCH_PATHS = (
					"$(inherited)",
					"@executable_path/Frameworks",
				);
				MARKETING_VERSION = 1.0;
				PRODUCT_BUNDLE_IDENTIFIER = com.kerikg.LoveCalendar;
				PRODUCT_NAME = "$(TARGET_NAME)";
				SWIFT_EMIT_LOC_STRINGS = YES;
				SWIFT_VERSION = 5.0;
				TARGETED_DEVICE_FAMILY = "1,2";
			};
			name = Debug;
		};
		BADB270C2BB36E2600AC96BA /* Release */ = {
			isa = XCBuildConfiguration;
			buildSettings = {
				ASSETCATALOG_COMPILER_APPICON_NAME = AppIcon;
				ASSETCATALOG_COMPILER_GLOBAL_ACCENT_COLOR_NAME = AccentColor;
				CODE_SIGN_STYLE = Automatic;
				CURRENT_PROJECT_VERSION = 1;
				DEVELOPMENT_TEAM = ALBWWMG47L;
				ENABLE_USER_SCRIPT_SANDBOXING = NO;
				GENERATE_INFOPLIST_FILE = YES;
				INFOPLIST_FILE = LoveCalendar/Info.plist;
				INFOPLIST_KEY_UIApplicationSupportsIndirectInputEvents = YES;
				INFOPLIST_KEY_UILaunchStoryboardName = LaunchScreen;
				INFOPLIST_KEY_UISupportedInterfaceOrientations_iPad = "UIInterfaceOrientationPortrait UIInterfaceOrientationPortraitUpsideDown UIInterfaceOrientationLandscapeLeft UIInterfaceOrientationLandscapeRight";
				INFOPLIST_KEY_UISupportedInterfaceOrientations_iPhone = "UIInterfaceOrientationPortrait UIInterfaceOrientationLandscapeLeft UIInterfaceOrientationLandscapeRight";
				IPHONEOS_DEPLOYMENT_TARGET = 14.0;
				LD_RUNPATH_SEARCH_PATHS = (
					"$(inherited)",
					"@executable_path/Frameworks",
				);
				MARKETING_VERSION = 1.0;
				PRODUCT_BUNDLE_IDENTIFIER = com.kerikg.LoveCalendar;
				PRODUCT_NAME = "$(TARGET_NAME)";
				SWIFT_EMIT_LOC_STRINGS = YES;
				SWIFT_VERSION = 5.0;
				TARGETED_DEVICE_FAMILY = "1,2";
			};
			name = Release;
		};
/* End XCBuildConfiguration section */

/* Begin XCConfigurationList section */
		BADB26F12BB36E2500AC96BA /* Build configuration list for PBXProject "LoveCalendar" */ = {
			isa = XCConfigurationList;
			buildConfigurations = (
				BADB27082BB36E2600AC96BA /* Debug */,
				BADB27092BB36E2600AC96BA /* Release */,
			);
			defaultConfigurationIsVisible = 0;
			defaultConfigurationName = Release;
		};
		BADB270A2BB36E2600AC96BA /* Build configuration list for PBXNativeTarget "LoveCalendar" */ = {
			isa = XCConfigurationList;
			buildConfigurations = (
				BADB270B2BB36E2600AC96BA /* Debug */,
				BADB270C2BB36E2600AC96BA /* Release */,
			);
			defaultConfigurationIsVisible = 0;
			defaultConfigurationName = Release;
		};
/* End XCConfigurationList section */

/* Begin XCRemoteSwiftPackageReference section */
		BA7ABE802BB57F34009ED03E /* XCRemoteSwiftPackageReference "firebase-ios-sdk" */ = {
			isa = XCRemoteSwiftPackageReference;
			repositoryURL = "https://github.com/firebase/firebase-ios-sdk.git";
			requirement = {
				kind = upToNextMajorVersion;
				minimumVersion = 10.23.0;
			};
		};
		BA7ABE892BB58088009ED03E /* XCRemoteSwiftPackageReference "Alamofire" */ = {
			isa = XCRemoteSwiftPackageReference;
			repositoryURL = "https://github.com/Alamofire/Alamofire.git";
			requirement = {
				kind = upToNextMajorVersion;
				minimumVersion = 5.9.0;
			};
		};
		BA8F13202BB573D6001F5526 /* XCRemoteSwiftPackageReference "SnapKit" */ = {
			isa = XCRemoteSwiftPackageReference;
			repositoryURL = "https://github.com/SnapKit/SnapKit";
			requirement = {
				kind = upToNextMajorVersion;
				minimumVersion = 5.7.1;
			};
		};
/* End XCRemoteSwiftPackageReference section */

/* Begin XCSwiftPackageProductDependency section */
		BA7ABE812BB57F34009ED03E /* FirebaseAnalytics */ = {
			isa = XCSwiftPackageProductDependency;
			package = BA7ABE802BB57F34009ED03E /* XCRemoteSwiftPackageReference "firebase-ios-sdk" */;
			productName = FirebaseAnalytics;
		};
		BA7ABE832BB57F34009ED03E /* FirebaseAuth */ = {
			isa = XCSwiftPackageProductDependency;
			package = BA7ABE802BB57F34009ED03E /* XCRemoteSwiftPackageReference "firebase-ios-sdk" */;
			productName = FirebaseAuth;
		};
		BA7ABE852BB57F34009ED03E /* FirebaseDatabase */ = {
			isa = XCSwiftPackageProductDependency;
			package = BA7ABE802BB57F34009ED03E /* XCRemoteSwiftPackageReference "firebase-ios-sdk" */;
			productName = FirebaseDatabase;
		};
		BA7ABE872BB57F34009ED03E /* FirebaseFirestore */ = {
			isa = XCSwiftPackageProductDependency;
			package = BA7ABE802BB57F34009ED03E /* XCRemoteSwiftPackageReference "firebase-ios-sdk" */;
			productName = FirebaseFirestore;
		};
		BA7ABE8A2BB58088009ED03E /* Alamofire */ = {
			isa = XCSwiftPackageProductDependency;
			package = BA7ABE892BB58088009ED03E /* XCRemoteSwiftPackageReference "Alamofire" */;
			productName = Alamofire;
		};
		BA7ABE8C2BB58088009ED03E /* AlamofireDynamic */ = {
			isa = XCSwiftPackageProductDependency;
			package = BA7ABE892BB58088009ED03E /* XCRemoteSwiftPackageReference "Alamofire" */;
			productName = AlamofireDynamic;
		};
		BA8F13212BB573D6001F5526 /* SnapKit */ = {
			isa = XCSwiftPackageProductDependency;
			package = BA8F13202BB573D6001F5526 /* XCRemoteSwiftPackageReference "SnapKit" */;
			productName = SnapKit;
		};
		BA8F13232BB573D6001F5526 /* SnapKit-Dynamic */ = {
			isa = XCSwiftPackageProductDependency;
			package = BA8F13202BB573D6001F5526 /* XCRemoteSwiftPackageReference "SnapKit" */;
			productName = "SnapKit-Dynamic";
		};
/* End XCSwiftPackageProductDependency section */
	};
	rootObject = BADB26EE2BB36E2500AC96BA /* Project object */;
}
